// !$*UTF8*$!
{
	archiveVersion = 1;
	classes = {
	};
	objectVersion = 56;
	objects = {

/* Begin PBXBuildFile section */
		610134BF2C718E760071677C /* GitSwitchDetach.swift in Sources */ = {isa = PBXBuildFile; fileRef = 610134BE2C718E760071677C /* GitSwitchDetach.swift */; };
		610134C12C71D5860071677C /* GitFetch.swift in Sources */ = {isa = PBXBuildFile; fileRef = 610134C02C71D5860071677C /* GitFetch.swift */; };
		6103A59E28EE46E30083A2F5 /* GitCheckoutB.swift in Sources */ = {isa = PBXBuildFile; fileRef = 6103A59D28EE46E30083A2F5 /* GitCheckoutB.swift */; };
		6103A5A028EE47790083A2F5 /* GitMerge.swift in Sources */ = {isa = PBXBuildFile; fileRef = 6103A59F28EE47790083A2F5 /* GitMerge.swift */; };
		612208A92C032A0D0047B454 /* NotStagedView.swift in Sources */ = {isa = PBXBuildFile; fileRef = 612208A82C032A0D0047B454 /* NotStagedView.swift */; };
		612659BE2DA8911900F01F2C /* CommitsGraph.swift in Sources */ = {isa = PBXBuildFile; fileRef = 612659BD2DA8910800F01F2C /* CommitsGraph.swift */; };
		612919F72CCD16090079FD0B /* URL+.swift in Sources */ = {isa = PBXBuildFile; fileRef = 612919F62CCD16050079FD0B /* URL+.swift */; };
		6130BDE62C957A450050E70F /* StashChangedView.swift in Sources */ = {isa = PBXBuildFile; fileRef = 6130BDE52C957A450050E70F /* StashChangedView.swift */; };
		6130BDE82C95821C0050E70F /* Stash.swift in Sources */ = {isa = PBXBuildFile; fileRef = 6130BDE72C95821C0050E70F /* Stash.swift */; };
		6130BDEA2C958B710050E70F /* GitStashList.swift in Sources */ = {isa = PBXBuildFile; fileRef = 6130BDE92C958B710050E70F /* GitStashList.swift */; };
		61326BBC2BC27A3300472D64 /* Diff.swift in Sources */ = {isa = PBXBuildFile; fileRef = 61326BBB2BC27A3300472D64 /* Diff.swift */; };
		61347EEE28D5D16C00625FC4 /* GitClientApp.swift in Sources */ = {isa = PBXBuildFile; fileRef = 61347EED28D5D16C00625FC4 /* GitClientApp.swift */; };
		61347EF028D5D16C00625FC4 /* ContentView.swift in Sources */ = {isa = PBXBuildFile; fileRef = 61347EEF28D5D16C00625FC4 /* ContentView.swift */; };
		61347EF228D5D16D00625FC4 /* Assets.xcassets in Resources */ = {isa = PBXBuildFile; fileRef = 61347EF128D5D16D00625FC4 /* Assets.xcassets */; };
		61347EF528D5D16D00625FC4 /* Preview Assets.xcassets in Resources */ = {isa = PBXBuildFile; fileRef = 61347EF428D5D16D00625FC4 /* Preview Assets.xcassets */; };
		61347F0028D5D16D00625FC4 /* DiffTests.swift in Sources */ = {isa = PBXBuildFile; fileRef = 61347EFF28D5D16D00625FC4 /* DiffTests.swift */; };
		613D14082DA782FC008D561E /* SyncState.swift in Sources */ = {isa = PBXBuildFile; fileRef = 613D14072DA782E9008D561E /* SyncState.swift */; };
		613D140A2DA79FCF008D561E /* GitShowref.swift in Sources */ = {isa = PBXBuildFile; fileRef = 613D14092DA79FCA008D561E /* GitShowref.swift */; };
		613D140C2DA7AB3F008D561E /* SyncStateTests.swift in Sources */ = {isa = PBXBuildFile; fileRef = 613D140B2DA7AB3F008D561E /* SyncStateTests.swift */; };
		614DE8142DA0BFC100FC582E /* GitShowShortstat.swift in Sources */ = {isa = PBXBuildFile; fileRef = 614DE8132DA0BF9200FC582E /* GitShowShortstat.swift */; };
		614DE8162DA0C2E700FC582E /* GitShowShortstatTests.swift in Sources */ = {isa = PBXBuildFile; fileRef = 614DE8152DA0C2E700FC582E /* GitShowShortstatTests.swift */; };
		614DE8182DA21CFF00FC582E /* FileDiffHeader.swift in Sources */ = {isa = PBXBuildFile; fileRef = 614DE8172DA21CFF00FC582E /* FileDiffHeader.swift */; };
		614DE81A2DA2238A00FC582E /* FileNameView.swift in Sources */ = {isa = PBXBuildFile; fileRef = 614DE8192DA2238A00FC582E /* FileNameView.swift */; };
		614DE81C2DA345E700FC582E /* GitBranchDelete.swift in Sources */ = {isa = PBXBuildFile; fileRef = 614DE81B2DA345DB00FC582E /* GitBranchDelete.swift */; };
		6154D69C2C6739C700448AB4 /* CommitMessageSuggestionView.swift in Sources */ = {isa = PBXBuildFile; fileRef = 6154D69B2C6739C700448AB4 /* CommitMessageSuggestionView.swift */; };
		6156E4EC2C9CE1AF00929F2F /* GitBranchPointsAt.swift in Sources */ = {isa = PBXBuildFile; fileRef = 6156E4EB2C9CE1AF00929F2F /* GitBranchPointsAt.swift */; };
		616156252D615C750034B1F1 /* FileDiffTheme.swift in Sources */ = {isa = PBXBuildFile; fileRef = 616156242D615C740034B1F1 /* FileDiffTheme.swift */; };
		616156272D637E6A0034B1F1 /* Language.swift in Sources */ = {isa = PBXBuildFile; fileRef = 616156262D637E630034B1F1 /* Language.swift */; };
		616C4C1C28E88828000E7154 /* GitCommit.swift in Sources */ = {isa = PBXBuildFile; fileRef = 616C4C1B28E88828000E7154 /* GitCommit.swift */; };
		616C4C1E28E8894D000E7154 /* GitAdd.swift in Sources */ = {isa = PBXBuildFile; fileRef = 616C4C1D28E8894D000E7154 /* GitAdd.swift */; };
		616C4C2028E896FA000E7154 /* Log.swift in Sources */ = {isa = PBXBuildFile; fileRef = 616C4C1F28E896FA000E7154 /* Log.swift */; };
		616C6FBE2C96BA1500A419DE /* GitStashShowDiff.swift in Sources */ = {isa = PBXBuildFile; fileRef = 616C6FBD2C96BA1500A419DE /* GitStashShowDiff.swift */; };
		616C6FC02C96BF9F00A419DE /* GitStash.swift in Sources */ = {isa = PBXBuildFile; fileRef = 616C6FBF2C96BF9F00A419DE /* GitStash.swift */; };
		616C6FC22C96C3B500A419DE /* GitStashDrop.swift in Sources */ = {isa = PBXBuildFile; fileRef = 616C6FC12C96C3B500A419DE /* GitStashDrop.swift */; };
		616C6FC62C96E3D100A419DE /* StashChangedDetailContentView.swift in Sources */ = {isa = PBXBuildFile; fileRef = 616C6FC52C96E3D100A419DE /* StashChangedDetailContentView.swift */; };
		616C6FC92C97BC8200A419DE /* StashChangedContentView.swift in Sources */ = {isa = PBXBuildFile; fileRef = 616C6FC82C97BC8200A419DE /* StashChangedContentView.swift */; };
		616C6FCC2C97C3CC00A419DE /* GitStashApply.swift in Sources */ = {isa = PBXBuildFile; fileRef = 616C6FCB2C97C3CC00A419DE /* GitStashApply.swift */; };
		61702D092C9E7FA100FE7E35 /* GitRevert.swift in Sources */ = {isa = PBXBuildFile; fileRef = 61702D082C9E7FA100FE7E35 /* GitRevert.swift */; };
		61702D0B2C9E8A1B00FE7E35 /* GitTag.swift in Sources */ = {isa = PBXBuildFile; fileRef = 61702D0A2C9E8A1600FE7E35 /* GitTag.swift */; };
		61702D0D2C9E8BFF00FE7E35 /* GitTagCreate.swift in Sources */ = {isa = PBXBuildFile; fileRef = 61702D0C2C9E8BF900FE7E35 /* GitTagCreate.swift */; };
		61702D0F2C9E8CAF00FE7E35 /* GitTagDelete.swift in Sources */ = {isa = PBXBuildFile; fileRef = 61702D0E2C9E8CAF00FE7E35 /* GitTagDelete.swift */; };
		61702D112C9E8D5F00FE7E35 /* TagsView.swift in Sources */ = {isa = PBXBuildFile; fileRef = 61702D102C9E8D5F00FE7E35 /* TagsView.swift */; };
		61702D132C9E8DCE00FE7E35 /* TagsContentView.swift in Sources */ = {isa = PBXBuildFile; fileRef = 61702D122C9E8DCE00FE7E35 /* TagsContentView.swift */; };
		61702D162C9EE94600FE7E35 /* CreateNewTagSheet.swift in Sources */ = {isa = PBXBuildFile; fileRef = 61702D152C9EE94600FE7E35 /* CreateNewTagSheet.swift */; };
		6172E4C428D70B3C0015C958 /* Folder.swift in Sources */ = {isa = PBXBuildFile; fileRef = 6172E4C328D70B3C0015C958 /* Folder.swift */; };
		6172E4C628D70EE30015C958 /* Commit.swift in Sources */ = {isa = PBXBuildFile; fileRef = 6172E4C528D70EE30015C958 /* Commit.swift */; };
		6175B89E2BEF686B00554227 /* Collection+.swift in Sources */ = {isa = PBXBuildFile; fileRef = 6175B89D2BEF686B00554227 /* Collection+.swift */; };
		61760DAA2D9378B60038EE57 /* CommitDetailContentView.swift in Sources */ = {isa = PBXBuildFile; fileRef = 61760DA92D9378B60038EE57 /* CommitDetailContentView.swift */; };
		6180C0A828E916B900B3AEAD /* BranchesView.swift in Sources */ = {isa = PBXBuildFile; fileRef = 6180C0A728E916B900B3AEAD /* BranchesView.swift */; };
		61839DBD2B9221D10015215B /* GitPull.swift in Sources */ = {isa = PBXBuildFile; fileRef = 61839DBC2B9221D10015215B /* GitPull.swift */; };
		61839DC32B929EAB0015215B /* GitAddPatch.swift in Sources */ = {isa = PBXBuildFile; fileRef = 61839DC22B929EAB0015215B /* GitAddPatch.swift */; };
		6185846B2DA49D5F0038EBBE /* GitBranchRename.swift in Sources */ = {isa = PBXBuildFile; fileRef = 6185846A2DA49D590038EBBE /* GitBranchRename.swift */; };
		6185846D2DA562C00038EBBE /* RenameBranchSheet.swift in Sources */ = {isa = PBXBuildFile; fileRef = 6185846C2DA562B10038EBBE /* RenameBranchSheet.swift */; };
		6186EBF92DA5ED4800DCC20E /* AmendCommitSheet.swift in Sources */ = {isa = PBXBuildFile; fileRef = 6186EBF82DA5ED4800DCC20E /* AmendCommitSheet.swift */; };
		619759462C89F1EC00E9CA4F /* GitRestorePatch.swift in Sources */ = {isa = PBXBuildFile; fileRef = 619759452C89F1EC00E9CA4F /* GitRestorePatch.swift */; };
		619759482C8A756F00E9CA4F /* GitStatusShort.swift in Sources */ = {isa = PBXBuildFile; fileRef = 619759472C8A756F00E9CA4F /* GitStatusShort.swift */; };
		6197594A2C8A76DA00E9CA4F /* Status.swift in Sources */ = {isa = PBXBuildFile; fileRef = 619759492C8A76DA00E9CA4F /* Status.swift */; };
		6197594C2C8BE95900E9CA4F /* StagedView.swift in Sources */ = {isa = PBXBuildFile; fileRef = 6197594B2C8BE95900E9CA4F /* StagedView.swift */; };
		6197594E2C8C25EA00E9CA4F /* GitAddPathspec.swift in Sources */ = {isa = PBXBuildFile; fileRef = 6197594D2C8C25EA00E9CA4F /* GitAddPathspec.swift */; };
		619759502C8C721200E9CA4F /* GitDiffShortStat.swift in Sources */ = {isa = PBXBuildFile; fileRef = 6197594F2C8C721200E9CA4F /* GitDiffShortStat.swift */; };
		619759522C8C956300E9CA4F /* GitDiffNumStat.swift in Sources */ = {isa = PBXBuildFile; fileRef = 619759512C8C956300E9CA4F /* GitDiffNumStat.swift */; };
		619759542C8C95F700E9CA4F /* DiffStat.swift in Sources */ = {isa = PBXBuildFile; fileRef = 619759532C8C95F700E9CA4F /* DiffStat.swift */; };
		619759562C8C9A9300E9CA4F /* GitDiffNumStatTests.swift in Sources */ = {isa = PBXBuildFile; fileRef = 619759552C8C9A9300E9CA4F /* GitDiffNumStatTests.swift */; };
		6199ED392DA73E8800D916EE /* CommitRowView.swift in Sources */ = {isa = PBXBuildFile; fileRef = 6199ED382DA73E8800D916EE /* CommitRowView.swift */; };
		619D876128F154AB00DD1D4E /* CreateNewBranchSheet.swift in Sources */ = {isa = PBXBuildFile; fileRef = 619D876028F154AB00DD1D4E /* CreateNewBranchSheet.swift */; };
		619DA6932CA62A1000E58DF9 /* SettingsView.swift in Sources */ = {isa = PBXBuildFile; fileRef = 619DA6922CA62A1000E58DF9 /* SettingsView.swift */; };
		61A0D0F82D8502CC005AF36C /* StageFileDiffsView.swift in Sources */ = {isa = PBXBuildFile; fileRef = 61A0D0F72D8502CC005AF36C /* StageFileDiffsView.swift */; };
		61A2D35728DE9CCC009A3EEC /* GenericError.swift in Sources */ = {isa = PBXBuildFile; fileRef = 61A2D35628DE9CCC009A3EEC /* GenericError.swift */; };
		61A2D35D28DF5ACB009A3EEC /* View+.swift in Sources */ = {isa = PBXBuildFile; fileRef = 61A2D35C28DF5ACB009A3EEC /* View+.swift */; };
		61A5DF4E2D9D5A0E00FAF078 /* SearchKind.swift in Sources */ = {isa = PBXBuildFile; fileRef = 61A5DF4D2D9D5A0E00FAF078 /* SearchKind.swift */; };
		61A5DF502D9D5A3800FAF078 /* SearchToken.swift in Sources */ = {isa = PBXBuildFile; fileRef = 61A5DF4F2D9D5A3800FAF078 /* SearchToken.swift */; };
		61A5DF522D9DFB2100FAF078 /* SearchTokensHandler.swift in Sources */ = {isa = PBXBuildFile; fileRef = 61A5DF512D9DFB0A00FAF078 /* SearchTokensHandler.swift */; };
		61A5DF542D9DFD1B00FAF078 /* SearchTokensHandlerTests.swift in Sources */ = {isa = PBXBuildFile; fileRef = 61A5DF532D9DFD1B00FAF078 /* SearchTokensHandlerTests.swift */; };
		61AC65812DA9F83700D80470 /* LogStoreTests.swift in Sources */ = {isa = PBXBuildFile; fileRef = 61AC65802DA9F82E00D80470 /* LogStoreTests.swift */; };
		61B3C55E2CB4A74C00021B36 /* GitShow.swift in Sources */ = {isa = PBXBuildFile; fileRef = 61B3C55D2CB4A74700021B36 /* GitShow.swift */; };
		61B3C5602CB4A9CE00021B36 /* CommitDetail.swift in Sources */ = {isa = PBXBuildFile; fileRef = 61B3C55F2CB4A9C500021B36 /* CommitDetail.swift */; };
		61B3C5622CB557D100021B36 /* CommitDetailView.swift in Sources */ = {isa = PBXBuildFile; fileRef = 61B3C5612CB557CA00021B36 /* CommitDetailView.swift */; };
		61B3C5642CB93CE500021B36 /* CommitDetailStackView.swift in Sources */ = {isa = PBXBuildFile; fileRef = 61B3C5632CB93CE500021B36 /* CommitDetailStackView.swift */; };
		61B5BBB72C9B97310087A9F6 /* BranchTests.swift in Sources */ = {isa = PBXBuildFile; fileRef = 61B5BBB62C9B97310087A9F6 /* BranchTests.swift */; };
		61B5BBB92C9B9B250087A9F6 /* GitTagPointsAt.swift in Sources */ = {isa = PBXBuildFile; fileRef = 61B5BBB82C9B9B250087A9F6 /* GitTagPointsAt.swift */; };
		61B7F0492C5F3EBF00BFAA34 /* FileDiffsView.swift in Sources */ = {isa = PBXBuildFile; fileRef = 61B7F0482C5F3EBF00BFAA34 /* FileDiffsView.swift */; };
		61C03CE02D86F022008186F8 /* StageFileDiffView.swift in Sources */ = {isa = PBXBuildFile; fileRef = 61C03CDF2D86F022008186F8 /* StageFileDiffView.swift */; };
		61C03CE22D86F268008186F8 /* FileDiffView.swift in Sources */ = {isa = PBXBuildFile; fileRef = 61C03CE12D86F268008186F8 /* FileDiffView.swift */; };
		61C03CE42D86F3C7008186F8 /* ExpandingButton.swift in Sources */ = {isa = PBXBuildFile; fileRef = 61C03CE32D86F3C7008186F8 /* ExpandingButton.swift */; };
		61C9A16E2C835167001A8903 /* GitRestore.swift in Sources */ = {isa = PBXBuildFile; fileRef = 61C9A16D2C835167001A8903 /* GitRestore.swift */; };
		61CA2AC92D69B7D0007B8E56 /* StageFileDiffHeaderView.swift in Sources */ = {isa = PBXBuildFile; fileRef = 61CA2AC82D69B7D0007B8E56 /* StageFileDiffHeaderView.swift */; };
		61CAE56A2D899E7E003541ED /* ExpandableModel.swift in Sources */ = {isa = PBXBuildFile; fileRef = 61CAE5692D899E7E003541ED /* ExpandableModel.swift */; };
		61D140D72D640122007BD12D /* ChunkView.swift in Sources */ = {isa = PBXBuildFile; fileRef = 61D140D62D640122007BD12D /* ChunkView.swift */; };
		61D2BC3D2C8D8BB10059317E /* SectionHeader.swift in Sources */ = {isa = PBXBuildFile; fileRef = 61D2BC3C2C8D8BB10059317E /* SectionHeader.swift */; };
		61D34C7D2CA7A4080032A22A /* KeychainStorage.swift in Sources */ = {isa = PBXBuildFile; fileRef = 61D34C7C2CA7A3FC0032A22A /* KeychainStorage.swift */; };
		61D34C802CA8548F0032A22A /* KeychainAccess in Frameworks */ = {isa = PBXBuildFile; productRef = 61D34C7F2CA8548F0032A22A /* KeychainAccess */; };
		61D34C822CA85DC70032A22A /* EnviromentValues+.swift in Sources */ = {isa = PBXBuildFile; fileRef = 61D34C812CA85DBF0032A22A /* EnviromentValues+.swift */; };
		61D34C842CA8D0E30032A22A /* AIService.swift in Sources */ = {isa = PBXBuildFile; fileRef = 61D34C832CA8D0DD0032A22A /* AIService.swift */; };
		61D34C872CA91F620032A22A /* CommitMessageProperties.swift in Sources */ = {isa = PBXBuildFile; fileRef = 61D34C862CA91F5F0032A22A /* CommitMessageProperties.swift */; };
		61D34C8B2CA943540032A22A /* StagingChangesProperties.swift in Sources */ = {isa = PBXBuildFile; fileRef = 61D34C8A2CA943380032A22A /* StagingChangesProperties.swift */; };
		61D34C8D2CAC394A0032A22A /* GitLogTests.swift in Sources */ = {isa = PBXBuildFile; fileRef = 61D34C8C2CAC394A0032A22A /* GitLogTests.swift */; };
		61D34C8F2CAEBDC40032A22A /* LogStore.swift in Sources */ = {isa = PBXBuildFile; fileRef = 61D34C8E2CAEBDB90032A22A /* LogStore.swift */; };
		61D58EAE2C69A29000873860 /* GitCheckout.swift in Sources */ = {isa = PBXBuildFile; fileRef = 61D58EAD2C69A29000873860 /* GitCheckout.swift */; };
		61DE74122CCFCEA70085E8A4 /* Sourceful in Frameworks */ = {isa = PBXBuildFile; productRef = 61DE74112CCFCEA70085E8A4 /* Sourceful */; };
		61E290C328DFE29500BCEB04 /* FolderView.swift in Sources */ = {isa = PBXBuildFile; fileRef = 61E290C228DFE29500BCEB04 /* FolderView.swift */; };
		61E290C528E095AE00BCEB04 /* Process+Run.swift in Sources */ = {isa = PBXBuildFile; fileRef = 61E290C428E095AE00BCEB04 /* Process+Run.swift */; };
		61E290C928E098DB00BCEB04 /* GitLog.swift in Sources */ = {isa = PBXBuildFile; fileRef = 61E290C828E098DB00BCEB04 /* GitLog.swift */; };
		61E290CD28E09FDD00BCEB04 /* Git.swift in Sources */ = {isa = PBXBuildFile; fileRef = 61E290CC28E09FDD00BCEB04 /* Git.swift */; };
		61E290D128E1DA2E00BCEB04 /* String+.swift in Sources */ = {isa = PBXBuildFile; fileRef = 61E290D028E1DA2E00BCEB04 /* String+.swift */; };
		61E290D328E1EFC600BCEB04 /* GitDiff.swift in Sources */ = {isa = PBXBuildFile; fileRef = 61E290D228E1EFC600BCEB04 /* GitDiff.swift */; };
		61E290D528E1F05000BCEB04 /* GitDiffCached.swift in Sources */ = {isa = PBXBuildFile; fileRef = 61E290D428E1F05000BCEB04 /* GitDiffCached.swift */; };
		61E290D728E5D84100BCEB04 /* GitPush.swift in Sources */ = {isa = PBXBuildFile; fileRef = 61E290D628E5D84100BCEB04 /* GitPush.swift */; };
		61E290DB28E7C66300BCEB04 /* CommitCreateView.swift in Sources */ = {isa = PBXBuildFile; fileRef = 61E290DA28E7C66200BCEB04 /* CommitCreateView.swift */; };
		61EBD7CF28E922510009ED92 /* GitBranch.swift in Sources */ = {isa = PBXBuildFile; fileRef = 61EBD7CE28E922510009ED92 /* GitBranch.swift */; };
		61EBD7D128E940C30009ED92 /* Branch.swift in Sources */ = {isa = PBXBuildFile; fileRef = 61EBD7D028E940C30009ED92 /* Branch.swift */; };
		61EBD7D328E966190009ED92 /* GitSwitch.swift in Sources */ = {isa = PBXBuildFile; fileRef = 61EBD7D228E966190009ED92 /* GitSwitch.swift */; };
		61F5B7AF2CBBB066005C736E /* MergeCommitContentView.swift in Sources */ = {isa = PBXBuildFile; fileRef = 61F5B7AE2CBBB066005C736E /* MergeCommitContentView.swift */; };
		61FAF4942C6835EC000B7ACB /* CommitMessageSnippetView.swift in Sources */ = {isa = PBXBuildFile; fileRef = 61FAF4932C6835EC000B7ACB /* CommitMessageSnippetView.swift */; };
		61FAF4962C684569000B7ACB /* Notification+.swift in Sources */ = {isa = PBXBuildFile; fileRef = 61FAF4952C684569000B7ACB /* Notification+.swift */; };
		61FAF4982C688111000B7ACB /* AppStorageKey.swift in Sources */ = {isa = PBXBuildFile; fileRef = 61FAF4972C688111000B7ACB /* AppStorageKey.swift */; };
		61FAF49A2C68812F000B7ACB /* AppStorageDefaults.swift in Sources */ = {isa = PBXBuildFile; fileRef = 61FAF4992C68812F000B7ACB /* AppStorageDefaults.swift */; };
		61FAF49C2C688181000B7ACB /* WindowID.swift in Sources */ = {isa = PBXBuildFile; fileRef = 61FAF49B2C688181000B7ACB /* WindowID.swift */; };
		61FAF49E2C68DBFB000B7ACB /* GitCommitAmend.swift in Sources */ = {isa = PBXBuildFile; fileRef = 61FAF49D2C68DBFB000B7ACB /* GitCommitAmend.swift */; };
/* End PBXBuildFile section */

/* Begin PBXContainerItemProxy section */
		61347EFC28D5D16D00625FC4 /* PBXContainerItemProxy */ = {
			isa = PBXContainerItemProxy;
			containerPortal = 61347EE228D5D16C00625FC4 /* Project object */;
			proxyType = 1;
			remoteGlobalIDString = 61347EE928D5D16C00625FC4;
			remoteInfo = GitClient;
		};
/* End PBXContainerItemProxy section */

/* Begin PBXFileReference section */
		610134BE2C718E760071677C /* GitSwitchDetach.swift */ = {isa = PBXFileReference; lastKnownFileType = sourcecode.swift; path = GitSwitchDetach.swift; sourceTree = "<group>"; };
		610134C02C71D5860071677C /* GitFetch.swift */ = {isa = PBXFileReference; lastKnownFileType = sourcecode.swift; path = GitFetch.swift; sourceTree = "<group>"; };
		6103A59D28EE46E30083A2F5 /* GitCheckoutB.swift */ = {isa = PBXFileReference; lastKnownFileType = sourcecode.swift; path = GitCheckoutB.swift; sourceTree = "<group>"; };
		6103A59F28EE47790083A2F5 /* GitMerge.swift */ = {isa = PBXFileReference; lastKnownFileType = sourcecode.swift; path = GitMerge.swift; sourceTree = "<group>"; };
		612208A82C032A0D0047B454 /* NotStagedView.swift */ = {isa = PBXFileReference; lastKnownFileType = sourcecode.swift; path = NotStagedView.swift; sourceTree = "<group>"; };
		612659BD2DA8910800F01F2C /* CommitsGraph.swift */ = {isa = PBXFileReference; lastKnownFileType = sourcecode.swift; path = CommitsGraph.swift; sourceTree = "<group>"; };
		612919F62CCD16050079FD0B /* URL+.swift */ = {isa = PBXFileReference; lastKnownFileType = sourcecode.swift; path = "URL+.swift"; sourceTree = "<group>"; };
		6130BDE52C957A450050E70F /* StashChangedView.swift */ = {isa = PBXFileReference; lastKnownFileType = sourcecode.swift; path = StashChangedView.swift; sourceTree = "<group>"; };
		6130BDE72C95821C0050E70F /* Stash.swift */ = {isa = PBXFileReference; lastKnownFileType = sourcecode.swift; path = Stash.swift; sourceTree = "<group>"; };
		6130BDE92C958B710050E70F /* GitStashList.swift */ = {isa = PBXFileReference; lastKnownFileType = sourcecode.swift; path = GitStashList.swift; sourceTree = "<group>"; };
		61326BBB2BC27A3300472D64 /* Diff.swift */ = {isa = PBXFileReference; lastKnownFileType = sourcecode.swift; path = Diff.swift; sourceTree = "<group>"; };
		61347EEA28D5D16C00625FC4 /* Tempo.app */ = {isa = PBXFileReference; explicitFileType = wrapper.application; includeInIndex = 0; path = Tempo.app; sourceTree = BUILT_PRODUCTS_DIR; };
		61347EED28D5D16C00625FC4 /* GitClientApp.swift */ = {isa = PBXFileReference; lastKnownFileType = sourcecode.swift; path = GitClientApp.swift; sourceTree = "<group>"; };
		61347EEF28D5D16C00625FC4 /* ContentView.swift */ = {isa = PBXFileReference; lastKnownFileType = sourcecode.swift; path = ContentView.swift; sourceTree = "<group>"; };
		61347EF128D5D16D00625FC4 /* Assets.xcassets */ = {isa = PBXFileReference; lastKnownFileType = folder.assetcatalog; path = Assets.xcassets; sourceTree = "<group>"; };
		61347EF428D5D16D00625FC4 /* Preview Assets.xcassets */ = {isa = PBXFileReference; lastKnownFileType = folder.assetcatalog; path = "Preview Assets.xcassets"; sourceTree = "<group>"; };
		61347EF628D5D16D00625FC4 /* GitClient.entitlements */ = {isa = PBXFileReference; lastKnownFileType = text.plist.entitlements; path = GitClient.entitlements; sourceTree = "<group>"; };
		61347EFB28D5D16D00625FC4 /* GitClientTests.xctest */ = {isa = PBXFileReference; explicitFileType = wrapper.cfbundle; includeInIndex = 0; path = GitClientTests.xctest; sourceTree = BUILT_PRODUCTS_DIR; };
		61347EFF28D5D16D00625FC4 /* DiffTests.swift */ = {isa = PBXFileReference; lastKnownFileType = sourcecode.swift; path = DiffTests.swift; sourceTree = "<group>"; };
		61347F0928D5D16D00625FC4 /* GitClientUITests.swift */ = {isa = PBXFileReference; lastKnownFileType = sourcecode.swift; path = GitClientUITests.swift; sourceTree = "<group>"; };
		61347F0B28D5D16D00625FC4 /* GitClientUITestsLaunchTests.swift */ = {isa = PBXFileReference; lastKnownFileType = sourcecode.swift; path = GitClientUITestsLaunchTests.swift; sourceTree = "<group>"; };
		613D14072DA782E9008D561E /* SyncState.swift */ = {isa = PBXFileReference; lastKnownFileType = sourcecode.swift; path = SyncState.swift; sourceTree = "<group>"; };
		613D14092DA79FCA008D561E /* GitShowref.swift */ = {isa = PBXFileReference; lastKnownFileType = sourcecode.swift; path = GitShowref.swift; sourceTree = "<group>"; };
		613D140B2DA7AB3F008D561E /* SyncStateTests.swift */ = {isa = PBXFileReference; lastKnownFileType = sourcecode.swift; path = SyncStateTests.swift; sourceTree = "<group>"; };
		614DE8132DA0BF9200FC582E /* GitShowShortstat.swift */ = {isa = PBXFileReference; lastKnownFileType = sourcecode.swift; path = GitShowShortstat.swift; sourceTree = "<group>"; };
		614DE8152DA0C2E700FC582E /* GitShowShortstatTests.swift */ = {isa = PBXFileReference; lastKnownFileType = sourcecode.swift; path = GitShowShortstatTests.swift; sourceTree = "<group>"; };
		614DE8172DA21CFF00FC582E /* FileDiffHeader.swift */ = {isa = PBXFileReference; lastKnownFileType = sourcecode.swift; path = FileDiffHeader.swift; sourceTree = "<group>"; };
		614DE8192DA2238A00FC582E /* FileNameView.swift */ = {isa = PBXFileReference; lastKnownFileType = sourcecode.swift; path = FileNameView.swift; sourceTree = "<group>"; };
		614DE81B2DA345DB00FC582E /* GitBranchDelete.swift */ = {isa = PBXFileReference; lastKnownFileType = sourcecode.swift; path = GitBranchDelete.swift; sourceTree = "<group>"; };
		6154D69B2C6739C700448AB4 /* CommitMessageSuggestionView.swift */ = {isa = PBXFileReference; lastKnownFileType = sourcecode.swift; path = CommitMessageSuggestionView.swift; sourceTree = "<group>"; };
		6156E4EB2C9CE1AF00929F2F /* GitBranchPointsAt.swift */ = {isa = PBXFileReference; lastKnownFileType = sourcecode.swift; path = GitBranchPointsAt.swift; sourceTree = "<group>"; };
		616156242D615C740034B1F1 /* FileDiffTheme.swift */ = {isa = PBXFileReference; lastKnownFileType = sourcecode.swift; path = FileDiffTheme.swift; sourceTree = "<group>"; };
		616156262D637E630034B1F1 /* Language.swift */ = {isa = PBXFileReference; lastKnownFileType = sourcecode.swift; path = Language.swift; sourceTree = "<group>"; };
		616C4C1B28E88828000E7154 /* GitCommit.swift */ = {isa = PBXFileReference; lastKnownFileType = sourcecode.swift; path = GitCommit.swift; sourceTree = "<group>"; };
		616C4C1D28E8894D000E7154 /* GitAdd.swift */ = {isa = PBXFileReference; lastKnownFileType = sourcecode.swift; path = GitAdd.swift; sourceTree = "<group>"; };
		616C4C1F28E896FA000E7154 /* Log.swift */ = {isa = PBXFileReference; lastKnownFileType = sourcecode.swift; path = Log.swift; sourceTree = "<group>"; };
		616C6FBD2C96BA1500A419DE /* GitStashShowDiff.swift */ = {isa = PBXFileReference; lastKnownFileType = sourcecode.swift; path = GitStashShowDiff.swift; sourceTree = "<group>"; };
		616C6FBF2C96BF9F00A419DE /* GitStash.swift */ = {isa = PBXFileReference; lastKnownFileType = sourcecode.swift; path = GitStash.swift; sourceTree = "<group>"; };
		616C6FC12C96C3B500A419DE /* GitStashDrop.swift */ = {isa = PBXFileReference; lastKnownFileType = sourcecode.swift; path = GitStashDrop.swift; sourceTree = "<group>"; };
		616C6FC52C96E3D100A419DE /* StashChangedDetailContentView.swift */ = {isa = PBXFileReference; lastKnownFileType = sourcecode.swift; path = StashChangedDetailContentView.swift; sourceTree = "<group>"; };
		616C6FC82C97BC8200A419DE /* StashChangedContentView.swift */ = {isa = PBXFileReference; lastKnownFileType = sourcecode.swift; path = StashChangedContentView.swift; sourceTree = "<group>"; };
		616C6FCB2C97C3CC00A419DE /* GitStashApply.swift */ = {isa = PBXFileReference; lastKnownFileType = sourcecode.swift; path = GitStashApply.swift; sourceTree = "<group>"; };
		61702D082C9E7FA100FE7E35 /* GitRevert.swift */ = {isa = PBXFileReference; lastKnownFileType = sourcecode.swift; path = GitRevert.swift; sourceTree = "<group>"; };
		61702D0A2C9E8A1600FE7E35 /* GitTag.swift */ = {isa = PBXFileReference; lastKnownFileType = sourcecode.swift; path = GitTag.swift; sourceTree = "<group>"; };
		61702D0C2C9E8BF900FE7E35 /* GitTagCreate.swift */ = {isa = PBXFileReference; lastKnownFileType = sourcecode.swift; path = GitTagCreate.swift; sourceTree = "<group>"; };
		61702D0E2C9E8CAF00FE7E35 /* GitTagDelete.swift */ = {isa = PBXFileReference; lastKnownFileType = sourcecode.swift; path = GitTagDelete.swift; sourceTree = "<group>"; };
		61702D102C9E8D5F00FE7E35 /* TagsView.swift */ = {isa = PBXFileReference; lastKnownFileType = sourcecode.swift; path = TagsView.swift; sourceTree = "<group>"; };
		61702D122C9E8DCE00FE7E35 /* TagsContentView.swift */ = {isa = PBXFileReference; lastKnownFileType = sourcecode.swift; path = TagsContentView.swift; sourceTree = "<group>"; };
		61702D152C9EE94600FE7E35 /* CreateNewTagSheet.swift */ = {isa = PBXFileReference; lastKnownFileType = sourcecode.swift; path = CreateNewTagSheet.swift; sourceTree = "<group>"; };
		6172E4C328D70B3C0015C958 /* Folder.swift */ = {isa = PBXFileReference; lastKnownFileType = sourcecode.swift; path = Folder.swift; sourceTree = "<group>"; };
		6172E4C528D70EE30015C958 /* Commit.swift */ = {isa = PBXFileReference; lastKnownFileType = sourcecode.swift; path = Commit.swift; sourceTree = "<group>"; };
		6175B89D2BEF686B00554227 /* Collection+.swift */ = {isa = PBXFileReference; lastKnownFileType = sourcecode.swift; path = "Collection+.swift"; sourceTree = "<group>"; };
		6175B89F2BF87D4400554227 /* GitClient.xctestplan */ = {isa = PBXFileReference; lastKnownFileType = text; path = GitClient.xctestplan; sourceTree = "<group>"; };
		61760DA92D9378B60038EE57 /* CommitDetailContentView.swift */ = {isa = PBXFileReference; lastKnownFileType = sourcecode.swift; path = CommitDetailContentView.swift; sourceTree = "<group>"; };
		6180C0A728E916B900B3AEAD /* BranchesView.swift */ = {isa = PBXFileReference; lastKnownFileType = sourcecode.swift; path = BranchesView.swift; sourceTree = "<group>"; };
		61839DBC2B9221D10015215B /* GitPull.swift */ = {isa = PBXFileReference; lastKnownFileType = sourcecode.swift; path = GitPull.swift; sourceTree = "<group>"; };
		61839DC22B929EAB0015215B /* GitAddPatch.swift */ = {isa = PBXFileReference; lastKnownFileType = sourcecode.swift; path = GitAddPatch.swift; sourceTree = "<group>"; };
		6185846A2DA49D590038EBBE /* GitBranchRename.swift */ = {isa = PBXFileReference; lastKnownFileType = sourcecode.swift; path = GitBranchRename.swift; sourceTree = "<group>"; };
		6185846C2DA562B10038EBBE /* RenameBranchSheet.swift */ = {isa = PBXFileReference; lastKnownFileType = sourcecode.swift; path = RenameBranchSheet.swift; sourceTree = "<group>"; };
		6186EBF82DA5ED4800DCC20E /* AmendCommitSheet.swift */ = {isa = PBXFileReference; lastKnownFileType = sourcecode.swift; path = AmendCommitSheet.swift; sourceTree = "<group>"; };
		619759452C89F1EC00E9CA4F /* GitRestorePatch.swift */ = {isa = PBXFileReference; lastKnownFileType = sourcecode.swift; path = GitRestorePatch.swift; sourceTree = "<group>"; };
		619759472C8A756F00E9CA4F /* GitStatusShort.swift */ = {isa = PBXFileReference; lastKnownFileType = sourcecode.swift; path = GitStatusShort.swift; sourceTree = "<group>"; };
		619759492C8A76DA00E9CA4F /* Status.swift */ = {isa = PBXFileReference; lastKnownFileType = sourcecode.swift; path = Status.swift; sourceTree = "<group>"; };
		6197594B2C8BE95900E9CA4F /* StagedView.swift */ = {isa = PBXFileReference; lastKnownFileType = sourcecode.swift; path = StagedView.swift; sourceTree = "<group>"; };
		6197594D2C8C25EA00E9CA4F /* GitAddPathspec.swift */ = {isa = PBXFileReference; lastKnownFileType = sourcecode.swift; path = GitAddPathspec.swift; sourceTree = "<group>"; };
		6197594F2C8C721200E9CA4F /* GitDiffShortStat.swift */ = {isa = PBXFileReference; lastKnownFileType = sourcecode.swift; path = GitDiffShortStat.swift; sourceTree = "<group>"; };
		619759512C8C956300E9CA4F /* GitDiffNumStat.swift */ = {isa = PBXFileReference; lastKnownFileType = sourcecode.swift; path = GitDiffNumStat.swift; sourceTree = "<group>"; };
		619759532C8C95F700E9CA4F /* DiffStat.swift */ = {isa = PBXFileReference; lastKnownFileType = sourcecode.swift; path = DiffStat.swift; sourceTree = "<group>"; };
		619759552C8C9A9300E9CA4F /* GitDiffNumStatTests.swift */ = {isa = PBXFileReference; lastKnownFileType = sourcecode.swift; path = GitDiffNumStatTests.swift; sourceTree = "<group>"; };
		6199ED382DA73E8800D916EE /* CommitRowView.swift */ = {isa = PBXFileReference; lastKnownFileType = sourcecode.swift; path = CommitRowView.swift; sourceTree = "<group>"; };
		619D876028F154AB00DD1D4E /* CreateNewBranchSheet.swift */ = {isa = PBXFileReference; lastKnownFileType = sourcecode.swift; path = CreateNewBranchSheet.swift; sourceTree = "<group>"; };
		619DA6922CA62A1000E58DF9 /* SettingsView.swift */ = {isa = PBXFileReference; lastKnownFileType = sourcecode.swift; path = SettingsView.swift; sourceTree = "<group>"; };
		61A0D0F72D8502CC005AF36C /* StageFileDiffsView.swift */ = {isa = PBXFileReference; lastKnownFileType = sourcecode.swift; path = StageFileDiffsView.swift; sourceTree = "<group>"; };
		61A2D35628DE9CCC009A3EEC /* GenericError.swift */ = {isa = PBXFileReference; lastKnownFileType = sourcecode.swift; path = GenericError.swift; sourceTree = "<group>"; };
		61A2D35C28DF5ACB009A3EEC /* View+.swift */ = {isa = PBXFileReference; lastKnownFileType = sourcecode.swift; path = "View+.swift"; sourceTree = "<group>"; };
		61A5DF4D2D9D5A0E00FAF078 /* SearchKind.swift */ = {isa = PBXFileReference; lastKnownFileType = sourcecode.swift; path = SearchKind.swift; sourceTree = "<group>"; };
		61A5DF4F2D9D5A3800FAF078 /* SearchToken.swift */ = {isa = PBXFileReference; lastKnownFileType = sourcecode.swift; path = SearchToken.swift; sourceTree = "<group>"; };
		61A5DF512D9DFB0A00FAF078 /* SearchTokensHandler.swift */ = {isa = PBXFileReference; lastKnownFileType = sourcecode.swift; path = SearchTokensHandler.swift; sourceTree = "<group>"; };
		61A5DF532D9DFD1B00FAF078 /* SearchTokensHandlerTests.swift */ = {isa = PBXFileReference; lastKnownFileType = sourcecode.swift; path = SearchTokensHandlerTests.swift; sourceTree = "<group>"; };
		61AC65802DA9F82E00D80470 /* LogStoreTests.swift */ = {isa = PBXFileReference; lastKnownFileType = sourcecode.swift; path = LogStoreTests.swift; sourceTree = "<group>"; };
		61B3C55D2CB4A74700021B36 /* GitShow.swift */ = {isa = PBXFileReference; lastKnownFileType = sourcecode.swift; path = GitShow.swift; sourceTree = "<group>"; };
		61B3C55F2CB4A9C500021B36 /* CommitDetail.swift */ = {isa = PBXFileReference; lastKnownFileType = sourcecode.swift; path = CommitDetail.swift; sourceTree = "<group>"; };
		61B3C5612CB557CA00021B36 /* CommitDetailView.swift */ = {isa = PBXFileReference; lastKnownFileType = sourcecode.swift; path = CommitDetailView.swift; sourceTree = "<group>"; };
		61B3C5632CB93CE500021B36 /* CommitDetailStackView.swift */ = {isa = PBXFileReference; lastKnownFileType = sourcecode.swift; path = CommitDetailStackView.swift; sourceTree = "<group>"; };
		61B5BBB62C9B97310087A9F6 /* BranchTests.swift */ = {isa = PBXFileReference; lastKnownFileType = sourcecode.swift; path = BranchTests.swift; sourceTree = "<group>"; };
		61B5BBB82C9B9B250087A9F6 /* GitTagPointsAt.swift */ = {isa = PBXFileReference; lastKnownFileType = sourcecode.swift; path = GitTagPointsAt.swift; sourceTree = "<group>"; };
		61B7F0482C5F3EBF00BFAA34 /* FileDiffsView.swift */ = {isa = PBXFileReference; lastKnownFileType = sourcecode.swift; path = FileDiffsView.swift; sourceTree = "<group>"; };
		61C03CDF2D86F022008186F8 /* StageFileDiffView.swift */ = {isa = PBXFileReference; lastKnownFileType = sourcecode.swift; path = StageFileDiffView.swift; sourceTree = "<group>"; };
		61C03CE12D86F268008186F8 /* FileDiffView.swift */ = {isa = PBXFileReference; lastKnownFileType = sourcecode.swift; path = FileDiffView.swift; sourceTree = "<group>"; };
		61C03CE32D86F3C7008186F8 /* ExpandingButton.swift */ = {isa = PBXFileReference; lastKnownFileType = sourcecode.swift; path = ExpandingButton.swift; sourceTree = "<group>"; };
		61C9A16D2C835167001A8903 /* GitRestore.swift */ = {isa = PBXFileReference; lastKnownFileType = sourcecode.swift; path = GitRestore.swift; sourceTree = "<group>"; };
		61CA2AC82D69B7D0007B8E56 /* StageFileDiffHeaderView.swift */ = {isa = PBXFileReference; lastKnownFileType = sourcecode.swift; path = StageFileDiffHeaderView.swift; sourceTree = "<group>"; };
		61CAE5692D899E7E003541ED /* ExpandableModel.swift */ = {isa = PBXFileReference; lastKnownFileType = sourcecode.swift; path = ExpandableModel.swift; sourceTree = "<group>"; };
		61D140D62D640122007BD12D /* ChunkView.swift */ = {isa = PBXFileReference; lastKnownFileType = sourcecode.swift; path = ChunkView.swift; sourceTree = "<group>"; };
		61D2BC3C2C8D8BB10059317E /* SectionHeader.swift */ = {isa = PBXFileReference; lastKnownFileType = sourcecode.swift; path = SectionHeader.swift; sourceTree = "<group>"; };
		61D34C7C2CA7A3FC0032A22A /* KeychainStorage.swift */ = {isa = PBXFileReference; lastKnownFileType = sourcecode.swift; path = KeychainStorage.swift; sourceTree = "<group>"; };
		61D34C812CA85DBF0032A22A /* EnviromentValues+.swift */ = {isa = PBXFileReference; lastKnownFileType = sourcecode.swift; path = "EnviromentValues+.swift"; sourceTree = "<group>"; };
		61D34C832CA8D0DD0032A22A /* AIService.swift */ = {isa = PBXFileReference; lastKnownFileType = sourcecode.swift; path = AIService.swift; sourceTree = "<group>"; };
		61D34C862CA91F5F0032A22A /* CommitMessageProperties.swift */ = {isa = PBXFileReference; lastKnownFileType = sourcecode.swift; path = CommitMessageProperties.swift; sourceTree = "<group>"; };
		61D34C8A2CA943380032A22A /* StagingChangesProperties.swift */ = {isa = PBXFileReference; lastKnownFileType = sourcecode.swift; path = StagingChangesProperties.swift; sourceTree = "<group>"; };
		61D34C8C2CAC394A0032A22A /* GitLogTests.swift */ = {isa = PBXFileReference; lastKnownFileType = sourcecode.swift; path = GitLogTests.swift; sourceTree = "<group>"; };
		61D34C8E2CAEBDB90032A22A /* LogStore.swift */ = {isa = PBXFileReference; lastKnownFileType = sourcecode.swift; path = LogStore.swift; sourceTree = "<group>"; };
		61D58EAD2C69A29000873860 /* GitCheckout.swift */ = {isa = PBXFileReference; lastKnownFileType = sourcecode.swift; path = GitCheckout.swift; sourceTree = "<group>"; };
		61E290C228DFE29500BCEB04 /* FolderView.swift */ = {isa = PBXFileReference; lastKnownFileType = sourcecode.swift; path = FolderView.swift; sourceTree = "<group>"; };
		61E290C428E095AE00BCEB04 /* Process+Run.swift */ = {isa = PBXFileReference; lastKnownFileType = sourcecode.swift; path = "Process+Run.swift"; sourceTree = "<group>"; };
		61E290C828E098DB00BCEB04 /* GitLog.swift */ = {isa = PBXFileReference; lastKnownFileType = sourcecode.swift; path = GitLog.swift; sourceTree = "<group>"; };
		61E290CC28E09FDD00BCEB04 /* Git.swift */ = {isa = PBXFileReference; lastKnownFileType = sourcecode.swift; path = Git.swift; sourceTree = "<group>"; };
		61E290D028E1DA2E00BCEB04 /* String+.swift */ = {isa = PBXFileReference; lastKnownFileType = sourcecode.swift; path = "String+.swift"; sourceTree = "<group>"; };
		61E290D228E1EFC600BCEB04 /* GitDiff.swift */ = {isa = PBXFileReference; lastKnownFileType = sourcecode.swift; path = GitDiff.swift; sourceTree = "<group>"; };
		61E290D428E1F05000BCEB04 /* GitDiffCached.swift */ = {isa = PBXFileReference; lastKnownFileType = sourcecode.swift; path = GitDiffCached.swift; sourceTree = "<group>"; };
		61E290D628E5D84100BCEB04 /* GitPush.swift */ = {isa = PBXFileReference; lastKnownFileType = sourcecode.swift; path = GitPush.swift; sourceTree = "<group>"; };
		61E290DA28E7C66200BCEB04 /* CommitCreateView.swift */ = {isa = PBXFileReference; lastKnownFileType = sourcecode.swift; path = CommitCreateView.swift; sourceTree = "<group>"; };
		61EBD7CE28E922510009ED92 /* GitBranch.swift */ = {isa = PBXFileReference; lastKnownFileType = sourcecode.swift; path = GitBranch.swift; sourceTree = "<group>"; };
		61EBD7D028E940C30009ED92 /* Branch.swift */ = {isa = PBXFileReference; lastKnownFileType = sourcecode.swift; path = Branch.swift; sourceTree = "<group>"; };
		61EBD7D228E966190009ED92 /* GitSwitch.swift */ = {isa = PBXFileReference; lastKnownFileType = sourcecode.swift; path = GitSwitch.swift; sourceTree = "<group>"; };
		61F5B7AE2CBBB066005C736E /* MergeCommitContentView.swift */ = {isa = PBXFileReference; lastKnownFileType = sourcecode.swift; path = MergeCommitContentView.swift; sourceTree = "<group>"; };
		61FAF4932C6835EC000B7ACB /* CommitMessageSnippetView.swift */ = {isa = PBXFileReference; lastKnownFileType = sourcecode.swift; path = CommitMessageSnippetView.swift; sourceTree = "<group>"; };
		61FAF4952C684569000B7ACB /* Notification+.swift */ = {isa = PBXFileReference; lastKnownFileType = sourcecode.swift; path = "Notification+.swift"; sourceTree = "<group>"; };
		61FAF4972C688111000B7ACB /* AppStorageKey.swift */ = {isa = PBXFileReference; lastKnownFileType = sourcecode.swift; path = AppStorageKey.swift; sourceTree = "<group>"; };
		61FAF4992C68812F000B7ACB /* AppStorageDefaults.swift */ = {isa = PBXFileReference; lastKnownFileType = sourcecode.swift; path = AppStorageDefaults.swift; sourceTree = "<group>"; };
		61FAF49B2C688181000B7ACB /* WindowID.swift */ = {isa = PBXFileReference; lastKnownFileType = sourcecode.swift; path = WindowID.swift; sourceTree = "<group>"; };
		61FAF49D2C68DBFB000B7ACB /* GitCommitAmend.swift */ = {isa = PBXFileReference; lastKnownFileType = sourcecode.swift; path = GitCommitAmend.swift; sourceTree = "<group>"; };
/* End PBXFileReference section */

/* Begin PBXFrameworksBuildPhase section */
		61347EE728D5D16C00625FC4 /* Frameworks */ = {
			isa = PBXFrameworksBuildPhase;
			buildActionMask = 2147483647;
			files = (
				61D34C802CA8548F0032A22A /* KeychainAccess in Frameworks */,
				61DE74122CCFCEA70085E8A4 /* Sourceful in Frameworks */,
			);
			runOnlyForDeploymentPostprocessing = 0;
		};
		61347EF828D5D16D00625FC4 /* Frameworks */ = {
			isa = PBXFrameworksBuildPhase;
			buildActionMask = 2147483647;
			files = (
			);
			runOnlyForDeploymentPostprocessing = 0;
		};
/* End PBXFrameworksBuildPhase section */

/* Begin PBXGroup section */
		61347EE128D5D16C00625FC4 = {
			isa = PBXGroup;
			children = (
				61347EEC28D5D16C00625FC4 /* GitClient */,
				6175B89F2BF87D4400554227 /* GitClient.xctestplan */,
				61347EFE28D5D16D00625FC4 /* GitClientTests */,
				61347F0828D5D16D00625FC4 /* GitClientUITests */,
				61347EEB28D5D16C00625FC4 /* Products */,
			);
			sourceTree = "<group>";
		};
		61347EEB28D5D16C00625FC4 /* Products */ = {
			isa = PBXGroup;
			children = (
				61347EEA28D5D16C00625FC4 /* Tempo.app */,
				61347EFB28D5D16D00625FC4 /* GitClientTests.xctest */,
			);
			name = Products;
			sourceTree = "<group>";
		};
		61347EEC28D5D16C00625FC4 /* GitClient */ = {
			isa = PBXGroup;
			children = (
				61A2D35828DE9D79009A3EEC /* Extensions */,
				6172E4C728D70EEC0015C958 /* Models */,
				6172E4C828D76BAB0015C958 /* Views */,
				61347EED28D5D16C00625FC4 /* GitClientApp.swift */,
				61347EF128D5D16D00625FC4 /* Assets.xcassets */,
				61347EF628D5D16D00625FC4 /* GitClient.entitlements */,
				61347EF328D5D16D00625FC4 /* Preview Content */,
			);
			path = GitClient;
			sourceTree = "<group>";
		};
		61347EF328D5D16D00625FC4 /* Preview Content */ = {
			isa = PBXGroup;
			children = (
				61347EF428D5D16D00625FC4 /* Preview Assets.xcassets */,
			);
			path = "Preview Content";
			sourceTree = "<group>";
		};
		61347EFE28D5D16D00625FC4 /* GitClientTests */ = {
			isa = PBXGroup;
			children = (
				61347EFF28D5D16D00625FC4 /* DiffTests.swift */,
				619759552C8C9A9300E9CA4F /* GitDiffNumStatTests.swift */,
				61B5BBB62C9B97310087A9F6 /* BranchTests.swift */,
				61D34C8C2CAC394A0032A22A /* GitLogTests.swift */,
				614DE8152DA0C2E700FC582E /* GitShowShortstatTests.swift */,
				61A5DF532D9DFD1B00FAF078 /* SearchTokensHandlerTests.swift */,
				613D140B2DA7AB3F008D561E /* SyncStateTests.swift */,
				61AC65802DA9F82E00D80470 /* LogStoreTests.swift */,
			);
			path = GitClientTests;
			sourceTree = "<group>";
		};
		61347F0828D5D16D00625FC4 /* GitClientUITests */ = {
			isa = PBXGroup;
			children = (
				61347F0928D5D16D00625FC4 /* GitClientUITests.swift */,
				61347F0B28D5D16D00625FC4 /* GitClientUITestsLaunchTests.swift */,
			);
			path = GitClientUITests;
			sourceTree = "<group>";
		};
		613D14062DA756C0008D561E /* Sheets */ = {
			isa = PBXGroup;
			children = (
				619D876028F154AB00DD1D4E /* CreateNewBranchSheet.swift */,
				6185846C2DA562B10038EBBE /* RenameBranchSheet.swift */,
				61702D152C9EE94600FE7E35 /* CreateNewTagSheet.swift */,
				6186EBF82DA5ED4800DCC20E /* AmendCommitSheet.swift */,
			);
			path = Sheets;
			sourceTree = "<group>";
		};
		613D140D2DA7B7B6008D561E /* Observables */ = {
			isa = PBXGroup;
			children = (
				61D34C8E2CAEBDB90032A22A /* LogStore.swift */,
				613D14072DA782E9008D561E /* SyncState.swift */,
			);
			path = Observables;
			sourceTree = "<group>";
		};
		616C6FC72C96E3F000A419DE /* StashChanged */ = {
			isa = PBXGroup;
			children = (
				6130BDE52C957A450050E70F /* StashChangedView.swift */,
				616C6FC82C97BC8200A419DE /* StashChangedContentView.swift */,
				616C6FC52C96E3D100A419DE /* StashChangedDetailContentView.swift */,
			);
			path = StashChanged;
			sourceTree = "<group>";
		};
		616C6FCA2C97C2E800A419DE /* GitStash */ = {
			isa = PBXGroup;
			children = (
				616C6FBF2C96BF9F00A419DE /* GitStash.swift */,
				616C6FC12C96C3B500A419DE /* GitStashDrop.swift */,
				6130BDE92C958B710050E70F /* GitStashList.swift */,
				616C6FBD2C96BA1500A419DE /* GitStashShowDiff.swift */,
				616C6FCB2C97C3CC00A419DE /* GitStashApply.swift */,
			);
			path = GitStash;
			sourceTree = "<group>";
		};
		61702D142C9E8FBC00FE7E35 /* Tags */ = {
			isa = PBXGroup;
			children = (
				61702D102C9E8D5F00FE7E35 /* TagsView.swift */,
				61702D122C9E8DCE00FE7E35 /* TagsContentView.swift */,
			);
			path = Tags;
			sourceTree = "<group>";
		};
		6172E4C728D70EEC0015C958 /* Models */ = {
			isa = PBXGroup;
			children = (
				61D34C852CA91F400032A22A /* AIService */,
				61E290DC28E884C200BCEB04 /* Commands */,
				6172E4C328D70B3C0015C958 /* Folder.swift */,
				6172E4C528D70EE30015C958 /* Commit.swift */,
				61B3C55F2CB4A9C500021B36 /* CommitDetail.swift */,
				61A2D35628DE9CCC009A3EEC /* GenericError.swift */,
				616C4C1F28E896FA000E7154 /* Log.swift */,
				61EBD7D028E940C30009ED92 /* Branch.swift */,
				61326BBB2BC27A3300472D64 /* Diff.swift */,
				61A5DF4D2D9D5A0E00FAF078 /* SearchKind.swift */,
				61A5DF4F2D9D5A3800FAF078 /* SearchToken.swift */,
				61A5DF512D9DFB0A00FAF078 /* SearchTokensHandler.swift */,
				61FAF4972C688111000B7ACB /* AppStorageKey.swift */,
				61FAF4992C68812F000B7ACB /* AppStorageDefaults.swift */,
				61FAF49B2C688181000B7ACB /* WindowID.swift */,
				619759492C8A76DA00E9CA4F /* Status.swift */,
				619759532C8C95F700E9CA4F /* DiffStat.swift */,
				6130BDE72C95821C0050E70F /* Stash.swift */,
				61D34C7C2CA7A3FC0032A22A /* KeychainStorage.swift */,
				616156262D637E630034B1F1 /* Language.swift */,
				61CAE5692D899E7E003541ED /* ExpandableModel.swift */,
				613D140D2DA7B7B6008D561E /* Observables */,
			);
			path = Models;
			sourceTree = "<group>";
		};
		6172E4C828D76BAB0015C958 /* Views */ = {
			isa = PBXGroup;
			children = (
				61A2D35B28DF5AAF009A3EEC /* Extensions */,
				61702D142C9E8FBC00FE7E35 /* Tags */,
				616C6FC72C96E3F000A419DE /* StashChanged */,
				61F5B7AB2CBA1978005C736E /* Commit */,
				6199ED3B2DA7403300D916EE /* Folder */,
				61347EEF28D5D16C00625FC4 /* ContentView.swift */,
				6180C0A728E916B900B3AEAD /* BranchesView.swift */,
				619DA6922CA62A1000E58DF9 /* SettingsView.swift */,
			);
			path = Views;
			sourceTree = "<group>";
		};
		6199ED3B2DA7403300D916EE /* Folder */ = {
			isa = PBXGroup;
			children = (
				613D14062DA756C0008D561E /* Sheets */,
				6199ED382DA73E8800D916EE /* CommitRowView.swift */,
				61E290C228DFE29500BCEB04 /* FolderView.swift */,
				612659BD2DA8910800F01F2C /* CommitsGraph.swift */,
			);
			path = Folder;
			sourceTree = "<group>";
		};
		61A2D35828DE9D79009A3EEC /* Extensions */ = {
			isa = PBXGroup;
			children = (
				612919F62CCD16050079FD0B /* URL+.swift */,
				61E290C428E095AE00BCEB04 /* Process+Run.swift */,
				61E290D028E1DA2E00BCEB04 /* String+.swift */,
				6175B89D2BEF686B00554227 /* Collection+.swift */,
				61FAF4952C684569000B7ACB /* Notification+.swift */,
			);
			path = Extensions;
			sourceTree = "<group>";
		};
		61A2D35B28DF5AAF009A3EEC /* Extensions */ = {
			isa = PBXGroup;
			children = (
				61D34C812CA85DBF0032A22A /* EnviromentValues+.swift */,
				61A2D35C28DF5ACB009A3EEC /* View+.swift */,
			);
			path = Extensions;
			sourceTree = "<group>";
		};
		61D34C852CA91F400032A22A /* AIService */ = {
			isa = PBXGroup;
			children = (
				61D34C832CA8D0DD0032A22A /* AIService.swift */,
				61D34C862CA91F5F0032A22A /* CommitMessageProperties.swift */,
				61D34C8A2CA943380032A22A /* StagingChangesProperties.swift */,
			);
			path = AIService;
			sourceTree = "<group>";
		};
		61E290DC28E884C200BCEB04 /* Commands */ = {
			isa = PBXGroup;
			children = (
				616C6FCA2C97C2E800A419DE /* GitStash */,
				61E290CC28E09FDD00BCEB04 /* Git.swift */,
				61E290C828E098DB00BCEB04 /* GitLog.swift */,
				61B3C55D2CB4A74700021B36 /* GitShow.swift */,
				614DE8132DA0BF9200FC582E /* GitShowShortstat.swift */,
				61E290D228E1EFC600BCEB04 /* GitDiff.swift */,
				61E290D428E1F05000BCEB04 /* GitDiffCached.swift */,
				6197594F2C8C721200E9CA4F /* GitDiffShortStat.swift */,
				619759512C8C956300E9CA4F /* GitDiffNumStat.swift */,
				61E290D628E5D84100BCEB04 /* GitPush.swift */,
				610134C02C71D5860071677C /* GitFetch.swift */,
				61839DBC2B9221D10015215B /* GitPull.swift */,
				616C4C1D28E8894D000E7154 /* GitAdd.swift */,
				61839DC22B929EAB0015215B /* GitAddPatch.swift */,
				6197594D2C8C25EA00E9CA4F /* GitAddPathspec.swift */,
				61C9A16D2C835167001A8903 /* GitRestore.swift */,
				619759452C89F1EC00E9CA4F /* GitRestorePatch.swift */,
				616C4C1B28E88828000E7154 /* GitCommit.swift */,
				61FAF49D2C68DBFB000B7ACB /* GitCommitAmend.swift */,
				61EBD7CE28E922510009ED92 /* GitBranch.swift */,
				6156E4EB2C9CE1AF00929F2F /* GitBranchPointsAt.swift */,
				614DE81B2DA345DB00FC582E /* GitBranchDelete.swift */,
				6185846A2DA49D590038EBBE /* GitBranchRename.swift */,
				61EBD7D228E966190009ED92 /* GitSwitch.swift */,
				610134BE2C718E760071677C /* GitSwitchDetach.swift */,
				61D58EAD2C69A29000873860 /* GitCheckout.swift */,
				6103A59D28EE46E30083A2F5 /* GitCheckoutB.swift */,
				6103A59F28EE47790083A2F5 /* GitMerge.swift */,
				619759472C8A756F00E9CA4F /* GitStatusShort.swift */,
				613D14092DA79FCA008D561E /* GitShowref.swift */,
				61702D0A2C9E8A1600FE7E35 /* GitTag.swift */,
				61702D0C2C9E8BF900FE7E35 /* GitTagCreate.swift */,
				61702D0E2C9E8CAF00FE7E35 /* GitTagDelete.swift */,
				61B5BBB82C9B9B250087A9F6 /* GitTagPointsAt.swift */,
				61702D082C9E7FA100FE7E35 /* GitRevert.swift */,
			);
			path = Commands;
			sourceTree = "<group>";
		};
		61F5B7AB2CBA1978005C736E /* Commit */ = {
			isa = PBXGroup;
			children = (
				61E290DA28E7C66200BCEB04 /* CommitCreateView.swift */,
				6197594B2C8BE95900E9CA4F /* StagedView.swift */,
				612208A82C032A0D0047B454 /* NotStagedView.swift */,
				61A0D0F72D8502CC005AF36C /* StageFileDiffsView.swift */,
				61C03CDF2D86F022008186F8 /* StageFileDiffView.swift */,
				61CA2AC82D69B7D0007B8E56 /* StageFileDiffHeaderView.swift */,
				61D2BC3C2C8D8BB10059317E /* SectionHeader.swift */,
				61C03CE32D86F3C7008186F8 /* ExpandingButton.swift */,
				6154D69B2C6739C700448AB4 /* CommitMessageSuggestionView.swift */,
				61B3C5632CB93CE500021B36 /* CommitDetailStackView.swift */,
				61B3C5612CB557CA00021B36 /* CommitDetailView.swift */,
				61760DA92D9378B60038EE57 /* CommitDetailContentView.swift */,
				61F5B7AE2CBBB066005C736E /* MergeCommitContentView.swift */,
				616156242D615C740034B1F1 /* FileDiffTheme.swift */,
				61B7F0482C5F3EBF00BFAA34 /* FileDiffsView.swift */,
				61C03CE12D86F268008186F8 /* FileDiffView.swift */,
				614DE8172DA21CFF00FC582E /* FileDiffHeader.swift */,
				614DE8192DA2238A00FC582E /* FileNameView.swift */,
				61D140D62D640122007BD12D /* ChunkView.swift */,
				61FAF4932C6835EC000B7ACB /* CommitMessageSnippetView.swift */,
			);
			path = Commit;
			sourceTree = "<group>";
		};
/* End PBXGroup section */

/* Begin PBXNativeTarget section */
		61347EE928D5D16C00625FC4 /* GitClient */ = {
			isa = PBXNativeTarget;
			buildConfigurationList = 61347F0F28D5D16D00625FC4 /* Build configuration list for PBXNativeTarget "GitClient" */;
			buildPhases = (
				61347EE628D5D16C00625FC4 /* Sources */,
				61347EE728D5D16C00625FC4 /* Frameworks */,
				61347EE828D5D16C00625FC4 /* Resources */,
			);
			buildRules = (
			);
			dependencies = (
			);
			name = GitClient;
			packageProductDependencies = (
				61D34C7F2CA8548F0032A22A /* KeychainAccess */,
				61DE74112CCFCEA70085E8A4 /* Sourceful */,
			);
			productName = GitClient;
			productReference = 61347EEA28D5D16C00625FC4 /* Tempo.app */;
			productType = "com.apple.product-type.application";
		};
		61347EFA28D5D16D00625FC4 /* GitClientTests */ = {
			isa = PBXNativeTarget;
			buildConfigurationList = 61347F1228D5D16D00625FC4 /* Build configuration list for PBXNativeTarget "GitClientTests" */;
			buildPhases = (
				61347EF728D5D16D00625FC4 /* Sources */,
				61347EF828D5D16D00625FC4 /* Frameworks */,
				61347EF928D5D16D00625FC4 /* Resources */,
			);
			buildRules = (
			);
			dependencies = (
				61347EFD28D5D16D00625FC4 /* PBXTargetDependency */,
			);
			name = GitClientTests;
			productName = GitClientTests;
			productReference = 61347EFB28D5D16D00625FC4 /* GitClientTests.xctest */;
			productType = "com.apple.product-type.bundle.unit-test";
		};
/* End PBXNativeTarget section */

/* Begin PBXProject section */
		61347EE228D5D16C00625FC4 /* Project object */ = {
			isa = PBXProject;
			attributes = {
				BuildIndependentTargetsInParallel = 1;
				LastSwiftUpdateCheck = 1400;
				LastUpgradeCheck = 1620;
				TargetAttributes = {
					61347EE928D5D16C00625FC4 = {
						CreatedOnToolsVersion = 14.0.1;
					};
					61347EFA28D5D16D00625FC4 = {
						CreatedOnToolsVersion = 14.0.1;
						TestTargetID = 61347EE928D5D16C00625FC4;
					};
				};
			};
			buildConfigurationList = 61347EE528D5D16C00625FC4 /* Build configuration list for PBXProject "GitClient" */;
			compatibilityVersion = "Xcode 14.0";
			developmentRegion = en;
			hasScannedForEncodings = 0;
			knownRegions = (
				en,
				Base,
			);
			mainGroup = 61347EE128D5D16C00625FC4;
			packageReferences = (
				61D34C7E2CA8548F0032A22A /* XCRemoteSwiftPackageReference "KeychainAccess" */,
				61CA2ACA2D69BAC5007B8E56 /* XCRemoteSwiftPackageReference "Sourceful" */,
			);
			productRefGroup = 61347EEB28D5D16C00625FC4 /* Products */;
			projectDirPath = "";
			projectRoot = "";
			targets = (
				61347EE928D5D16C00625FC4 /* GitClient */,
				61347EFA28D5D16D00625FC4 /* GitClientTests */,
			);
		};
/* End PBXProject section */

/* Begin PBXResourcesBuildPhase section */
		61347EE828D5D16C00625FC4 /* Resources */ = {
			isa = PBXResourcesBuildPhase;
			buildActionMask = 2147483647;
			files = (
				61347EF528D5D16D00625FC4 /* Preview Assets.xcassets in Resources */,
				61347EF228D5D16D00625FC4 /* Assets.xcassets in Resources */,
			);
			runOnlyForDeploymentPostprocessing = 0;
		};
		61347EF928D5D16D00625FC4 /* Resources */ = {
			isa = PBXResourcesBuildPhase;
			buildActionMask = 2147483647;
			files = (
			);
			runOnlyForDeploymentPostprocessing = 0;
		};
/* End PBXResourcesBuildPhase section */

/* Begin PBXSourcesBuildPhase section */
		61347EE628D5D16C00625FC4 /* Sources */ = {
			isa = PBXSourcesBuildPhase;
			buildActionMask = 2147483647;
			files = (
				6172E4C628D70EE30015C958 /* Commit.swift in Sources */,
				6130BDE62C957A450050E70F /* StashChangedView.swift in Sources */,
				61A5DF522D9DFB2100FAF078 /* SearchTokensHandler.swift in Sources */,
				6130BDEA2C958B710050E70F /* GitStashList.swift in Sources */,
				61D34C8F2CAEBDC40032A22A /* LogStore.swift in Sources */,
				61E290C528E095AE00BCEB04 /* Process+Run.swift in Sources */,
				619759482C8A756F00E9CA4F /* GitStatusShort.swift in Sources */,
				619D876128F154AB00DD1D4E /* CreateNewBranchSheet.swift in Sources */,
				61C9A16E2C835167001A8903 /* GitRestore.swift in Sources */,
				61702D112C9E8D5F00FE7E35 /* TagsView.swift in Sources */,
				612919F72CCD16090079FD0B /* URL+.swift in Sources */,
				61FAF4942C6835EC000B7ACB /* CommitMessageSnippetView.swift in Sources */,
				616C6FC62C96E3D100A419DE /* StashChangedDetailContentView.swift in Sources */,
				614DE8142DA0BFC100FC582E /* GitShowShortstat.swift in Sources */,
				6103A59E28EE46E30083A2F5 /* GitCheckoutB.swift in Sources */,
				61E290D528E1F05000BCEB04 /* GitDiffCached.swift in Sources */,
				61D34C8B2CA943540032A22A /* StagingChangesProperties.swift in Sources */,
				61E290D328E1EFC600BCEB04 /* GitDiff.swift in Sources */,
				61D34C842CA8D0E30032A22A /* AIService.swift in Sources */,
				61F5B7AF2CBBB066005C736E /* MergeCommitContentView.swift in Sources */,
				6197594E2C8C25EA00E9CA4F /* GitAddPathspec.swift in Sources */,
				616C6FC02C96BF9F00A419DE /* GitStash.swift in Sources */,
				61CA2AC92D69B7D0007B8E56 /* StageFileDiffHeaderView.swift in Sources */,
				619DA6932CA62A1000E58DF9 /* SettingsView.swift in Sources */,
				61E290C328DFE29500BCEB04 /* FolderView.swift in Sources */,
				61FAF4962C684569000B7ACB /* Notification+.swift in Sources */,
				61702D0F2C9E8CAF00FE7E35 /* GitTagDelete.swift in Sources */,
				61E290D728E5D84100BCEB04 /* GitPush.swift in Sources */,
				61B5BBB92C9B9B250087A9F6 /* GitTagPointsAt.swift in Sources */,
				61B3C5622CB557D100021B36 /* CommitDetailView.swift in Sources */,
				61A5DF4E2D9D5A0E00FAF078 /* SearchKind.swift in Sources */,
				61347EF028D5D16C00625FC4 /* ContentView.swift in Sources */,
				6156E4EC2C9CE1AF00929F2F /* GitBranchPointsAt.swift in Sources */,
				6180C0A828E916B900B3AEAD /* BranchesView.swift in Sources */,
				61839DC32B929EAB0015215B /* GitAddPatch.swift in Sources */,
				619759502C8C721200E9CA4F /* GitDiffShortStat.swift in Sources */,
				61702D0B2C9E8A1B00FE7E35 /* GitTag.swift in Sources */,
				616C4C2028E896FA000E7154 /* Log.swift in Sources */,
				614DE81C2DA345E700FC582E /* GitBranchDelete.swift in Sources */,
				61C03CE42D86F3C7008186F8 /* ExpandingButton.swift in Sources */,
				613D14082DA782FC008D561E /* SyncState.swift in Sources */,
				614DE81A2DA2238A00FC582E /* FileNameView.swift in Sources */,
				619759522C8C956300E9CA4F /* GitDiffNumStat.swift in Sources */,
				6185846B2DA49D5F0038EBBE /* GitBranchRename.swift in Sources */,
				616156252D615C750034B1F1 /* FileDiffTheme.swift in Sources */,
				6130BDE82C95821C0050E70F /* Stash.swift in Sources */,
				6172E4C428D70B3C0015C958 /* Folder.swift in Sources */,
				61C03CE22D86F268008186F8 /* FileDiffView.swift in Sources */,
				61A2D35D28DF5ACB009A3EEC /* View+.swift in Sources */,
				616C6FCC2C97C3CC00A419DE /* GitStashApply.swift in Sources */,
				61D34C7D2CA7A4080032A22A /* KeychainStorage.swift in Sources */,
				61702D0D2C9E8BFF00FE7E35 /* GitTagCreate.swift in Sources */,
				61B3C55E2CB4A74C00021B36 /* GitShow.swift in Sources */,
				616C6FC92C97BC8200A419DE /* StashChangedContentView.swift in Sources */,
				61D34C872CA91F620032A22A /* CommitMessageProperties.swift in Sources */,
				61FAF49E2C68DBFB000B7ACB /* GitCommitAmend.swift in Sources */,
				61B3C5642CB93CE500021B36 /* CommitDetailStackView.swift in Sources */,
				61EBD7D328E966190009ED92 /* GitSwitch.swift in Sources */,
				61EBD7D128E940C30009ED92 /* Branch.swift in Sources */,
				61D34C822CA85DC70032A22A /* EnviromentValues+.swift in Sources */,
				614DE8182DA21CFF00FC582E /* FileDiffHeader.swift in Sources */,
				61E290C928E098DB00BCEB04 /* GitLog.swift in Sources */,
				610134C12C71D5860071677C /* GitFetch.swift in Sources */,
				61A0D0F82D8502CC005AF36C /* StageFileDiffsView.swift in Sources */,
				61347EEE28D5D16C00625FC4 /* GitClientApp.swift in Sources */,
				61E290DB28E7C66300BCEB04 /* CommitCreateView.swift in Sources */,
				61B3C5602CB4A9CE00021B36 /* CommitDetail.swift in Sources */,
				61E290CD28E09FDD00BCEB04 /* Git.swift in Sources */,
				61760DAA2D9378B60038EE57 /* CommitDetailContentView.swift in Sources */,
				61CAE56A2D899E7E003541ED /* ExpandableModel.swift in Sources */,
				6154D69C2C6739C700448AB4 /* CommitMessageSuggestionView.swift in Sources */,
				616C4C1E28E8894D000E7154 /* GitAdd.swift in Sources */,
				61A5DF502D9D5A3800FAF078 /* SearchToken.swift in Sources */,
				619759542C8C95F700E9CA4F /* DiffStat.swift in Sources */,
				61D140D72D640122007BD12D /* ChunkView.swift in Sources */,
				612659BE2DA8911900F01F2C /* CommitsGraph.swift in Sources */,
				61EBD7CF28E922510009ED92 /* GitBranch.swift in Sources */,
				61FAF49C2C688181000B7ACB /* WindowID.swift in Sources */,
				6199ED392DA73E8800D916EE /* CommitRowView.swift in Sources */,
				61702D132C9E8DCE00FE7E35 /* TagsContentView.swift in Sources */,
				61D58EAE2C69A29000873860 /* GitCheckout.swift in Sources */,
				6185846D2DA562C00038EBBE /* RenameBranchSheet.swift in Sources */,
				610134BF2C718E760071677C /* GitSwitchDetach.swift in Sources */,
				616C4C1C28E88828000E7154 /* GitCommit.swift in Sources */,
				616C6FC22C96C3B500A419DE /* GitStashDrop.swift in Sources */,
				6197594C2C8BE95900E9CA4F /* StagedView.swift in Sources */,
				61E290D128E1DA2E00BCEB04 /* String+.swift in Sources */,
				61326BBC2BC27A3300472D64 /* Diff.swift in Sources */,
				61839DBD2B9221D10015215B /* GitPull.swift in Sources */,
				6175B89E2BEF686B00554227 /* Collection+.swift in Sources */,
				61FAF49A2C68812F000B7ACB /* AppStorageDefaults.swift in Sources */,
				61702D092C9E7FA100FE7E35 /* GitRevert.swift in Sources */,
				6197594A2C8A76DA00E9CA4F /* Status.swift in Sources */,
				61C03CE02D86F022008186F8 /* StageFileDiffView.swift in Sources */,
				612208A92C032A0D0047B454 /* NotStagedView.swift in Sources */,
				616156272D637E6A0034B1F1 /* Language.swift in Sources */,
				619759462C89F1EC00E9CA4F /* GitRestorePatch.swift in Sources */,
				61B7F0492C5F3EBF00BFAA34 /* FileDiffsView.swift in Sources */,
				61702D162C9EE94600FE7E35 /* CreateNewTagSheet.swift in Sources */,
				6186EBF92DA5ED4800DCC20E /* AmendCommitSheet.swift in Sources */,
				613D140A2DA79FCF008D561E /* GitShowref.swift in Sources */,
				61FAF4982C688111000B7ACB /* AppStorageKey.swift in Sources */,
				61D2BC3D2C8D8BB10059317E /* SectionHeader.swift in Sources */,
				616C6FBE2C96BA1500A419DE /* GitStashShowDiff.swift in Sources */,
				61A2D35728DE9CCC009A3EEC /* GenericError.swift in Sources */,
				6103A5A028EE47790083A2F5 /* GitMerge.swift in Sources */,
			);
			runOnlyForDeploymentPostprocessing = 0;
		};
		61347EF728D5D16D00625FC4 /* Sources */ = {
			isa = PBXSourcesBuildPhase;
			buildActionMask = 2147483647;
			files = (
				61AC65812DA9F83700D80470 /* LogStoreTests.swift in Sources */,
				61347F0028D5D16D00625FC4 /* DiffTests.swift in Sources */,
				61B5BBB72C9B97310087A9F6 /* BranchTests.swift in Sources */,
				619759562C8C9A9300E9CA4F /* GitDiffNumStatTests.swift in Sources */,
				61D34C8D2CAC394A0032A22A /* GitLogTests.swift in Sources */,
				61A5DF542D9DFD1B00FAF078 /* SearchTokensHandlerTests.swift in Sources */,
				614DE8162DA0C2E700FC582E /* GitShowShortstatTests.swift in Sources */,
				613D140C2DA7AB3F008D561E /* SyncStateTests.swift in Sources */,
			);
			runOnlyForDeploymentPostprocessing = 0;
		};
/* End PBXSourcesBuildPhase section */

/* Begin PBXTargetDependency section */
		61347EFD28D5D16D00625FC4 /* PBXTargetDependency */ = {
			isa = PBXTargetDependency;
			target = 61347EE928D5D16C00625FC4 /* GitClient */;
			targetProxy = 61347EFC28D5D16D00625FC4 /* PBXContainerItemProxy */;
		};
/* End PBXTargetDependency section */

/* Begin XCBuildConfiguration section */
		61347F0D28D5D16D00625FC4 /* Debug */ = {
			isa = XCBuildConfiguration;
			buildSettings = {
				ALWAYS_SEARCH_USER_PATHS = NO;
				ASSETCATALOG_COMPILER_GENERATE_SWIFT_ASSET_SYMBOL_EXTENSIONS = YES;
				CLANG_ANALYZER_NONNULL = YES;
				CLANG_ANALYZER_NUMBER_OBJECT_CONVERSION = YES_AGGRESSIVE;
				CLANG_CXX_LANGUAGE_STANDARD = "gnu++20";
				CLANG_ENABLE_MODULES = YES;
				CLANG_ENABLE_OBJC_ARC = YES;
				CLANG_ENABLE_OBJC_WEAK = YES;
				CLANG_WARN_BLOCK_CAPTURE_AUTORELEASING = YES;
				CLANG_WARN_BOOL_CONVERSION = YES;
				CLANG_WARN_COMMA = YES;
				CLANG_WARN_CONSTANT_CONVERSION = YES;
				CLANG_WARN_DEPRECATED_OBJC_IMPLEMENTATIONS = YES;
				CLANG_WARN_DIRECT_OBJC_ISA_USAGE = YES_ERROR;
				CLANG_WARN_DOCUMENTATION_COMMENTS = YES;
				CLANG_WARN_EMPTY_BODY = YES;
				CLANG_WARN_ENUM_CONVERSION = YES;
				CLANG_WARN_INFINITE_RECURSION = YES;
				CLANG_WARN_INT_CONVERSION = YES;
				CLANG_WARN_NON_LITERAL_NULL_CONVERSION = YES;
				CLANG_WARN_OBJC_IMPLICIT_RETAIN_SELF = YES;
				CLANG_WARN_OBJC_LITERAL_CONVERSION = YES;
				CLANG_WARN_OBJC_ROOT_CLASS = YES_ERROR;
				CLANG_WARN_QUOTED_INCLUDE_IN_FRAMEWORK_HEADER = YES;
				CLANG_WARN_RANGE_LOOP_ANALYSIS = YES;
				CLANG_WARN_STRICT_PROTOTYPES = YES;
				CLANG_WARN_SUSPICIOUS_MOVE = YES;
				CLANG_WARN_UNGUARDED_AVAILABILITY = YES_AGGRESSIVE;
				CLANG_WARN_UNREACHABLE_CODE = YES;
				CLANG_WARN__DUPLICATE_METHOD_MATCH = YES;
				COPY_PHASE_STRIP = NO;
				DEAD_CODE_STRIPPING = YES;
				DEBUG_INFORMATION_FORMAT = dwarf;
				ENABLE_STRICT_OBJC_MSGSEND = YES;
				ENABLE_TESTABILITY = YES;
				ENABLE_USER_SCRIPT_SANDBOXING = YES;
				GCC_C_LANGUAGE_STANDARD = gnu11;
				GCC_DYNAMIC_NO_PIC = NO;
				GCC_NO_COMMON_BLOCKS = YES;
				GCC_OPTIMIZATION_LEVEL = 0;
				GCC_PREPROCESSOR_DEFINITIONS = (
					"DEBUG=1",
					"$(inherited)",
				);
				GCC_WARN_64_TO_32_BIT_CONVERSION = YES;
				GCC_WARN_ABOUT_RETURN_TYPE = YES_ERROR;
				GCC_WARN_UNDECLARED_SELECTOR = YES;
				GCC_WARN_UNINITIALIZED_AUTOS = YES_AGGRESSIVE;
				GCC_WARN_UNUSED_FUNCTION = YES;
				GCC_WARN_UNUSED_VARIABLE = YES;
				MACOSX_DEPLOYMENT_TARGET = 12.3;
				MTL_ENABLE_DEBUG_INFO = INCLUDE_SOURCE;
				MTL_FAST_MATH = YES;
				ONLY_ACTIVE_ARCH = YES;
				SDKROOT = macosx;
				SWIFT_ACTIVE_COMPILATION_CONDITIONS = DEBUG;
				SWIFT_OPTIMIZATION_LEVEL = "-Onone";
			};
			name = Debug;
		};
		61347F0E28D5D16D00625FC4 /* Release */ = {
			isa = XCBuildConfiguration;
			buildSettings = {
				ALWAYS_SEARCH_USER_PATHS = NO;
				ASSETCATALOG_COMPILER_GENERATE_SWIFT_ASSET_SYMBOL_EXTENSIONS = YES;
				CLANG_ANALYZER_NONNULL = YES;
				CLANG_ANALYZER_NUMBER_OBJECT_CONVERSION = YES_AGGRESSIVE;
				CLANG_CXX_LANGUAGE_STANDARD = "gnu++20";
				CLANG_ENABLE_MODULES = YES;
				CLANG_ENABLE_OBJC_ARC = YES;
				CLANG_ENABLE_OBJC_WEAK = YES;
				CLANG_WARN_BLOCK_CAPTURE_AUTORELEASING = YES;
				CLANG_WARN_BOOL_CONVERSION = YES;
				CLANG_WARN_COMMA = YES;
				CLANG_WARN_CONSTANT_CONVERSION = YES;
				CLANG_WARN_DEPRECATED_OBJC_IMPLEMENTATIONS = YES;
				CLANG_WARN_DIRECT_OBJC_ISA_USAGE = YES_ERROR;
				CLANG_WARN_DOCUMENTATION_COMMENTS = YES;
				CLANG_WARN_EMPTY_BODY = YES;
				CLANG_WARN_ENUM_CONVERSION = YES;
				CLANG_WARN_INFINITE_RECURSION = YES;
				CLANG_WARN_INT_CONVERSION = YES;
				CLANG_WARN_NON_LITERAL_NULL_CONVERSION = YES;
				CLANG_WARN_OBJC_IMPLICIT_RETAIN_SELF = YES;
				CLANG_WARN_OBJC_LITERAL_CONVERSION = YES;
				CLANG_WARN_OBJC_ROOT_CLASS = YES_ERROR;
				CLANG_WARN_QUOTED_INCLUDE_IN_FRAMEWORK_HEADER = YES;
				CLANG_WARN_RANGE_LOOP_ANALYSIS = YES;
				CLANG_WARN_STRICT_PROTOTYPES = YES;
				CLANG_WARN_SUSPICIOUS_MOVE = YES;
				CLANG_WARN_UNGUARDED_AVAILABILITY = YES_AGGRESSIVE;
				CLANG_WARN_UNREACHABLE_CODE = YES;
				CLANG_WARN__DUPLICATE_METHOD_MATCH = YES;
				COPY_PHASE_STRIP = NO;
				DEAD_CODE_STRIPPING = YES;
				DEBUG_INFORMATION_FORMAT = "dwarf-with-dsym";
				ENABLE_NS_ASSERTIONS = NO;
				ENABLE_STRICT_OBJC_MSGSEND = YES;
				ENABLE_USER_SCRIPT_SANDBOXING = YES;
				GCC_C_LANGUAGE_STANDARD = gnu11;
				GCC_NO_COMMON_BLOCKS = YES;
				GCC_WARN_64_TO_32_BIT_CONVERSION = YES;
				GCC_WARN_ABOUT_RETURN_TYPE = YES_ERROR;
				GCC_WARN_UNDECLARED_SELECTOR = YES;
				GCC_WARN_UNINITIALIZED_AUTOS = YES_AGGRESSIVE;
				GCC_WARN_UNUSED_FUNCTION = YES;
				GCC_WARN_UNUSED_VARIABLE = YES;
				MACOSX_DEPLOYMENT_TARGET = 12.3;
				MTL_ENABLE_DEBUG_INFO = NO;
				MTL_FAST_MATH = YES;
				SDKROOT = macosx;
				SWIFT_COMPILATION_MODE = wholemodule;
				SWIFT_OPTIMIZATION_LEVEL = "-O";
			};
			name = Release;
		};
		61347F1028D5D16D00625FC4 /* Debug */ = {
			isa = XCBuildConfiguration;
			buildSettings = {
				ASSETCATALOG_COMPILER_APPICON_NAME = AppIcon;
				ASSETCATALOG_COMPILER_GLOBAL_ACCENT_COLOR_NAME = AccentColor;
				CODE_SIGN_ENTITLEMENTS = GitClient/GitClient.entitlements;
				CODE_SIGN_IDENTITY = "Apple Development";
				"CODE_SIGN_IDENTITY[sdk=macosx*]" = "-";
				CODE_SIGN_STYLE = Automatic;
				COMBINE_HIDPI_IMAGES = YES;
				CURRENT_PROJECT_VERSION = 1;
				DEAD_CODE_STRIPPING = YES;
				DEVELOPMENT_ASSET_PATHS = "\"GitClient/Preview Content\"";
				DEVELOPMENT_TEAM = "";
				ENABLE_HARDENED_RUNTIME = YES;
				ENABLE_PREVIEWS = YES;
				GENERATE_INFOPLIST_FILE = YES;
				INFOPLIST_KEY_NSHumanReadableCopyright = "";
				LD_RUNPATH_SEARCH_PATHS = (
					"$(inherited)",
					"@executable_path/../Frameworks",
				);
				MACOSX_DEPLOYMENT_TARGET = 14.6;
				MARKETING_VERSION = 1.8;
				PRODUCT_BUNDLE_IDENTIFIER = dev.aoyama.tempo;
				PRODUCT_NAME = Tempo;
				PROVISIONING_PROFILE_SPECIFIER = "";
				SWIFT_EMIT_LOC_STRINGS = YES;
				SWIFT_VERSION = 6.0;
			};
			name = Debug;
		};
		61347F1128D5D16D00625FC4 /* Release */ = {
			isa = XCBuildConfiguration;
			buildSettings = {
				ASSETCATALOG_COMPILER_APPICON_NAME = AppIcon;
				ASSETCATALOG_COMPILER_GLOBAL_ACCENT_COLOR_NAME = AccentColor;
				CODE_SIGN_ENTITLEMENTS = GitClient/GitClient.entitlements;
				CODE_SIGN_IDENTITY = "Apple Development";
				"CODE_SIGN_IDENTITY[sdk=macosx*]" = "Developer ID Application";
				CODE_SIGN_STYLE = Manual;
				COMBINE_HIDPI_IMAGES = YES;
				CURRENT_PROJECT_VERSION = 1;
				DEAD_CODE_STRIPPING = YES;
				DEVELOPMENT_ASSET_PATHS = "\"GitClient/Preview Content\"";
				DEVELOPMENT_TEAM = "";
				"DEVELOPMENT_TEAM[sdk=macosx*]" = JRA6VW2DG4;
				ENABLE_HARDENED_RUNTIME = YES;
				ENABLE_PREVIEWS = YES;
				GENERATE_INFOPLIST_FILE = YES;
				INFOPLIST_KEY_NSHumanReadableCopyright = "";
				LD_RUNPATH_SEARCH_PATHS = (
					"$(inherited)",
					"@executable_path/../Frameworks",
				);
				MACOSX_DEPLOYMENT_TARGET = 14.6;
				MARKETING_VERSION = 1.8;
				PRODUCT_BUNDLE_IDENTIFIER = dev.aoyama.tempo;
				PRODUCT_NAME = Tempo;
				PROVISIONING_PROFILE_SPECIFIER = "";
				"PROVISIONING_PROFILE_SPECIFIER[sdk=macosx*]" = "";
				SWIFT_EMIT_LOC_STRINGS = YES;
				SWIFT_VERSION = 6.0;
			};
			name = Release;
		};
		61347F1328D5D16D00625FC4 /* Debug */ = {
			isa = XCBuildConfiguration;
			buildSettings = {
				BUNDLE_LOADER = "$(TEST_HOST)";
				CODE_SIGN_STYLE = Automatic;
				CURRENT_PROJECT_VERSION = 1;
				DEAD_CODE_STRIPPING = YES;
				DEVELOPMENT_TEAM = "";
				GENERATE_INFOPLIST_FILE = YES;
				MACOSX_DEPLOYMENT_TARGET = 14.6;
				MARKETING_VERSION = 1.0;
				PRODUCT_BUNDLE_IDENTIFIER = dev.aoyama.GitClientTests;
				PRODUCT_NAME = "$(TARGET_NAME)";
				SWIFT_EMIT_LOC_STRINGS = NO;
				SWIFT_VERSION = 6.0;
				TEST_HOST = "$(BUILT_PRODUCTS_DIR)/Tempo.app/$(BUNDLE_EXECUTABLE_FOLDER_PATH)/Tempo";
			};
			name = Debug;
		};
		61347F1428D5D16D00625FC4 /* Release */ = {
			isa = XCBuildConfiguration;
			buildSettings = {
				BUNDLE_LOADER = "$(TEST_HOST)";
				CODE_SIGN_STYLE = Automatic;
				CURRENT_PROJECT_VERSION = 1;
				DEAD_CODE_STRIPPING = YES;
				DEVELOPMENT_TEAM = JRA6VW2DG4;
				GENERATE_INFOPLIST_FILE = YES;
				MACOSX_DEPLOYMENT_TARGET = 14.6;
				MARKETING_VERSION = 1.0;
				PRODUCT_BUNDLE_IDENTIFIER = dev.aoyama.GitClientTests;
				PRODUCT_NAME = "$(TARGET_NAME)";
				SWIFT_EMIT_LOC_STRINGS = NO;
				SWIFT_VERSION = 6.0;
				TEST_HOST = "$(BUILT_PRODUCTS_DIR)/Tempo.app/$(BUNDLE_EXECUTABLE_FOLDER_PATH)/Tempo";
			};
			name = Release;
		};
/* End XCBuildConfiguration section */

/* Begin XCConfigurationList section */
		61347EE528D5D16C00625FC4 /* Build configuration list for PBXProject "GitClient" */ = {
			isa = XCConfigurationList;
			buildConfigurations = (
				61347F0D28D5D16D00625FC4 /* Debug */,
				61347F0E28D5D16D00625FC4 /* Release */,
			);
			defaultConfigurationIsVisible = 0;
			defaultConfigurationName = Release;
		};
		61347F0F28D5D16D00625FC4 /* Build configuration list for PBXNativeTarget "GitClient" */ = {
			isa = XCConfigurationList;
			buildConfigurations = (
				61347F1028D5D16D00625FC4 /* Debug */,
				61347F1128D5D16D00625FC4 /* Release */,
			);
			defaultConfigurationIsVisible = 0;
			defaultConfigurationName = Release;
		};
		61347F1228D5D16D00625FC4 /* Build configuration list for PBXNativeTarget "GitClientTests" */ = {
			isa = XCConfigurationList;
			buildConfigurations = (
				61347F1328D5D16D00625FC4 /* Debug */,
				61347F1428D5D16D00625FC4 /* Release */,
			);
			defaultConfigurationIsVisible = 0;
			defaultConfigurationName = Release;
		};
/* End XCConfigurationList section */

/* Begin XCRemoteSwiftPackageReference section */
		61CA2ACA2D69BAC5007B8E56 /* XCRemoteSwiftPackageReference "Sourceful" */ = {
			isa = XCRemoteSwiftPackageReference;
			repositoryURL = "https://github.com/maoyama/Sourceful";
			requirement = {
				kind = upToNextMinorVersion;
				minimumVersion = 1.0.0;
			};
		};
		61D34C7E2CA8548F0032A22A /* XCRemoteSwiftPackageReference "KeychainAccess" */ = {
			isa = XCRemoteSwiftPackageReference;
			repositoryURL = "https://github.com/kishikawakatsumi/KeychainAccess";
			requirement = {
				kind = exactVersion;
				version = 4.2.2;
			};
		};
/* End XCRemoteSwiftPackageReference section */

/* Begin XCSwiftPackageProductDependency section */
		61D34C7F2CA8548F0032A22A /* KeychainAccess */ = {
			isa = XCSwiftPackageProductDependency;
			package = 61D34C7E2CA8548F0032A22A /* XCRemoteSwiftPackageReference "KeychainAccess" */;
			productName = KeychainAccess;
		};
		61DE74112CCFCEA70085E8A4 /* Sourceful */ = {
			isa = XCSwiftPackageProductDependency;
			productName = Sourceful;
		};
/* End XCSwiftPackageProductDependency section */
	};
	rootObject = 61347EE228D5D16C00625FC4 /* Project object */;
}
