// !$*UTF8*$!
{
	archiveVersion = 1;
	classes = {
	};
	objectVersion = 77;
	objects = {

/* Begin PBXBuildFile section */
		000B9F51336248D8493CBF86 /* FolderViewShowing.swift in Sources */ = {isa = PBXBuildFile; fileRef = 250C728D5417F509259AA07B /* FolderViewShowing.swift */; };
		011F7D89D679742ED5A0FB5B /* CommitLogView.swift in Sources */ = {isa = PBXBuildFile; fileRef = 0501456E3BE57C4D88E2C64E /* CommitLogView.swift */; };
		07CAF3A02B2C3063F4DCEC46 /* GitCommit.swift in Sources */ = {isa = PBXBuildFile; fileRef = 4E78C3AFBB8415F9066F65CE /* GitCommit.swift */; };
		08977CF3C069733F67FEB3C1 /* GitRevListCount.swift in Sources */ = {isa = PBXBuildFile; fileRef = DE1BF4990AA2C03D1770F069 /* GitRevListCount.swift */; };
		0C46F8021E323515A42B52E2 /* DiffCommitListView.swift in Sources */ = {isa = PBXBuildFile; fileRef = 72A9092928A8366949DB584F /* DiffCommitListView.swift */; };
		0DD99E227F6F05543A1AFF93 /* CommitRowView.swift in Sources */ = {isa = PBXBuildFile; fileRef = 93F600C38BDAE257C3AEAEB5 /* CommitRowView.swift */; };
		0DFD91BFE657C383D0C191FC /* SyncState.swift in Sources */ = {isa = PBXBuildFile; fileRef = CC82B4E765C5A16DFC70D63E /* SyncState.swift */; };
		0E7D6B9A0F301ACB88B00F6C /* CreateNewTagSheet.swift in Sources */ = {isa = PBXBuildFile; fileRef = 38781129B30B7095238C34F2 /* CreateNewTagSheet.swift */; };
		11B4A43963D6E2B9749A9308 /* FileDiffsView.swift in Sources */ = {isa = PBXBuildFile; fileRef = FA30B8D10279BAA488C92CF7 /* FileDiffsView.swift */; };
		15469C482A9FCA16536F26D0 /* GitAddPatch.swift in Sources */ = {isa = PBXBuildFile; fileRef = C248B2CA92BF581DA60533EA /* GitAddPatch.swift */; };
		154E49C07DFD0492D62EF5A2 /* StashChangedContentView.swift in Sources */ = {isa = PBXBuildFile; fileRef = D45A55B0C82C2D5F2077839D /* StashChangedContentView.swift */; };
		174324A4F2056357093A4C47 /* AmendCommitSheet.swift in Sources */ = {isa = PBXBuildFile; fileRef = EDC3A2C8C202FF6138504807 /* AmendCommitSheet.swift */; };
		17FC02B4295D2CA5288EC5AF /* ContentView.swift in Sources */ = {isa = PBXBuildFile; fileRef = 07068EF770E3EAA21716BD1A /* ContentView.swift */; };
		185D2790E25F819D015507B7 /* ReflogStoreManager.swift in Sources */ = {isa = PBXBuildFile; fileRef = B961C6B6ECBEE271F988AFC2 /* ReflogStoreManager.swift */; };
		1B28DE222387A11531548FEF /* GitStashShowDiff.swift in Sources */ = {isa = PBXBuildFile; fileRef = 45C51603E695382F41281162 /* GitStashShowDiff.swift */; };
		1D7F74168513984B5E03BBDD /* String+.swift in Sources */ = {isa = PBXBuildFile; fileRef = 9293B45D1D630F8A39191F74 /* String+.swift */; };
		1DF01DBFB8DD87A5E088E48B /* DiffTabView.swift in Sources */ = {isa = PBXBuildFile; fileRef = 2E2EEF0DEFF478675963B1FE /* DiffTabView.swift */; };
		232BDC711A870EE4A0B56964 /* View+.swift in Sources */ = {isa = PBXBuildFile; fileRef = 817360A125E077CB4DCD206F /* View+.swift */; };
		252510584F93E9D978CFAD09 /* FolderView.swift in Sources */ = {isa = PBXBuildFile; fileRef = 28A10EA6C2F3D1B07FEAEA1B /* FolderView.swift */; };
		260FDCA31460E9BB026DE11D /* GitRestore.swift in Sources */ = {isa = PBXBuildFile; fileRef = 03E8F0300DCEB2F8599DFE70 /* GitRestore.swift */; };
		27F1D9A19BA03DA71C220EEE /* ErrorTextSheet.swift in Sources */ = {isa = PBXBuildFile; fileRef = 3795D9CB0FB3F79ECEF15D7D /* ErrorTextSheet.swift */; };
		28130EF963428A3CD5D4494A /* NotesToRepoPopupView.swift in Sources */ = {isa = PBXBuildFile; fileRef = 43FD8882FE43DC44E725E404 /* NotesToRepoPopupView.swift */; };
		2B6BECAD6AE49714C4BCCF13 /* GitRepoSettings.swift in Sources */ = {isa = PBXBuildFile; fileRef = 634A496E30217AF06C29093B /* GitRepoSettings.swift */; };
		2B8DBF70CA0F30157D043C06 /* SearchTokensHandler.swift in Sources */ = {isa = PBXBuildFile; fileRef = 77DB3213925207ED50266A4E /* SearchTokensHandler.swift */; };
		2BF2B7018AE586B7A6A30B36 /* Stash.swift in Sources */ = {isa = PBXBuildFile; fileRef = 4BC6BF979B38CC6A1F5C12B6 /* Stash.swift */; };
		2CAE6B751D09E5E0066212E6 /* CommitDetailContentView.swift in Sources */ = {isa = PBXBuildFile; fileRef = AC44104A68C3D9CF2351091D /* CommitDetailContentView.swift */; };
		2EB46F8CEB7795521451DB0B /* CreateNewBranchSheet.swift in Sources */ = {isa = PBXBuildFile; fileRef = C1704E4869BB3C09DADA910A /* CreateNewBranchSheet.swift */; };
		302F6B4F741C8B4DED07067F /* Folder.swift in Sources */ = {isa = PBXBuildFile; fileRef = B1A8983372AE5C482D760AC5 /* Folder.swift */; };
		3079A990FD1A0D000BEE7D49 /* StashChangedView.swift in Sources */ = {isa = PBXBuildFile; fileRef = 3EF637D1B9612036D938DED7 /* StashChangedView.swift */; };
		3220730B105D8D4EDF5805FA /* GitLogTests.swift in Sources */ = {isa = PBXBuildFile; fileRef = B3FB7E1FC9B8974CA8CA8097 /* GitLogTests.swift */; };
		336EB2D1D04FFA8B191A2424 /* GitShowShortstatTests.swift in Sources */ = {isa = PBXBuildFile; fileRef = 9DA29FCCC65DF2137D393896 /* GitShowShortstatTests.swift */; };
		3402C4C1218DC77F92754C8F /* DiffStat.swift in Sources */ = {isa = PBXBuildFile; fileRef = 026C18619D94E4341FC6F775 /* DiffStat.swift */; };
		3413A5C82425281EC7227D1A /* GitRevParse.swift in Sources */ = {isa = PBXBuildFile; fileRef = F81B72ECDDF7ADDE0D0F8479 /* GitRevParse.swift */; };
		3D0C4958AF80BF3632C12FF2 /* GitStashDrop.swift in Sources */ = {isa = PBXBuildFile; fileRef = 3905C1FB697D68A93AFCADD5 /* GitStashDrop.swift */; };
		3FDE41DFA5258B9FEF08B223 /* GitDiffCached.swift in Sources */ = {isa = PBXBuildFile; fileRef = 971D64853BB950EAD14966BC /* GitDiffCached.swift */; };
		408BC035FAD3060DB0924417 /* ExpandableModelTests.swift in Sources */ = {isa = PBXBuildFile; fileRef = D5CC17CA7793C05D7DD1353C /* ExpandableModelTests.swift */; };
		41D024E7C0705BF21F80C34D /* GitResetMixed.swift in Sources */ = {isa = PBXBuildFile; fileRef = 29DB7D42B9ACD40B5E34BBA2 /* GitResetMixed.swift */; };
		42DE569A61EEB4E4F259216D /* SearchKind.swift in Sources */ = {isa = PBXBuildFile; fileRef = 45CDB14D994AD6316721BA13 /* SearchKind.swift */; };
		44CE641F71FE4A5665257771 /* GitRepoSettingsView.swift in Sources */ = {isa = PBXBuildFile; fileRef = 1F0EFC9825493B7C54C588E8 /* GitRepoSettingsView.swift */; };
		46719BA747D411B04646E72F /* SettingsView.swift in Sources */ = {isa = PBXBuildFile; fileRef = 00D541EFFADC36119DB50BE4 /* SettingsView.swift */; };
		47AC33423C45ACEE0D2A2277 /* URL+.swift in Sources */ = {isa = PBXBuildFile; fileRef = C19E63B6C0627DFE1F7A999F /* URL+.swift */; };
		48892FD66C0D7C92AB02947B /* GitPush.swift in Sources */ = {isa = PBXBuildFile; fileRef = A92FFDF42BB93B59C5DEB0EC /* GitPush.swift */; };
		4CFCE4808B936A7C94C15069 /* GitBranchPointsAt.swift in Sources */ = {isa = PBXBuildFile; fileRef = 9C2ECE3A827FA78B58F6A7B1 /* GitBranchPointsAt.swift */; };
		4F342ADE0240667DFA0E493A /* GitCheckoutB.swift in Sources */ = {isa = PBXBuildFile; fileRef = 60A3B210781E295AF3DE6934 /* GitCheckoutB.swift */; };
		4F9CF983AB5272F9A762945B /* CommitDetailView.swift in Sources */ = {isa = PBXBuildFile; fileRef = E778AC07B2B1FA30149361EA /* CommitDetailView.swift */; };
		520A3B7DABCBD69F21CF9F4C /* BranchTests.swift in Sources */ = {isa = PBXBuildFile; fileRef = 02B06AFB731B8317E545A910 /* BranchTests.swift */; };
		5258A8B25576EC746E17293E /* StagingChangesProperties.swift in Sources */ = {isa = PBXBuildFile; fileRef = A009DB3440FF185738B3CA11 /* StagingChangesProperties.swift */; };
		52AA54FB912A8C1CFEA23E80 /* Log.swift in Sources */ = {isa = PBXBuildFile; fileRef = 59B7DD1FD01ABB317C29C9DD /* Log.swift */; };
		53D0B68C298CE7A27796EA36 /* GitStatusTests.swift in Sources */ = {isa = PBXBuildFile; fileRef = CBC29B91CE3DB58836D08E82 /* GitStatusTests.swift */; };
		55B9408A3ECF848F7BAC0DB1 /* DefaultsKeys.swift in Sources */ = {isa = PBXBuildFile; fileRef = FD6BEF85CC9BF41FD879CA73 /* DefaultsKeys.swift */; };
		58B8BD9E58692A45DBBC45DF /* GitShow.swift in Sources */ = {isa = PBXBuildFile; fileRef = C129F671A7AB1983C97CFB84 /* GitShow.swift */; };
		5B152C0ACDB3DE43CE602603 /* AdvancedSettingsView.swift in Sources */ = {isa = PBXBuildFile; fileRef = 8215E39BF7F8B435BFFDEE7A /* AdvancedSettingsView.swift */; };
		5B3664AB94302A9C70086F04 /* GitDiffNumStatTests.swift in Sources */ = {isa = PBXBuildFile; fileRef = 115E0ADC7F6CB118A22D15F5 /* GitDiffNumStatTests.swift */; };
		5BE29F16733B874B2429A18F /* Defaults in Frameworks */ = {isa = PBXBuildFile; productRef = 91BCB0428E32B332C4D02F5E /* Defaults */; };
		5C0AE489C71EB68678F8D7E1 /* GitDiffShortStat.swift in Sources */ = {isa = PBXBuildFile; fileRef = 730F5EBC79ACCB5AA101D74C /* GitDiffShortStat.swift */; };
		5C3BD4AC6A38431B5250F397 /* FileNameView.swift in Sources */ = {isa = PBXBuildFile; fileRef = 3FFDE431D840B01A5A88746C /* FileNameView.swift */; };
		5C5D4F03146F521220A5E7C6 /* Branch.swift in Sources */ = {isa = PBXBuildFile; fileRef = 5ACDDC31E92EB9C7637665B3 /* Branch.swift */; };
		5CA9DD139675BE2CDBFF39CC /* DiffView.swift in Sources */ = {isa = PBXBuildFile; fileRef = 9B3D146ECBFBA21B4CE6C043 /* DiffView.swift */; };
		5CE0F5D40B78C1FA19DEDE50 /* CommitDiffView.swift in Sources */ = {isa = PBXBuildFile; fileRef = ABF5C1F4CCB5E85B03BF5656 /* CommitDiffView.swift */; };
		5D61763B723FDB6DB390D1D3 /* DefaultMergeCommitMessageTests.swift in Sources */ = {isa = PBXBuildFile; fileRef = 74D593FECAC29A5C11435832 /* DefaultMergeCommitMessageTests.swift */; };
		5DE06F1DC41DB97CCE60B1D5 /* TerminalSettingsView.swift in Sources */ = {isa = PBXBuildFile; fileRef = 59B2D58F2B54C8506A123D3D /* TerminalSettingsView.swift */; };
		60A2FC6605B3D0F6CE479171 /* GitAddPathspec.swift in Sources */ = {isa = PBXBuildFile; fileRef = 8BDA12FAC18772E2156DBED1 /* GitAddPathspec.swift */; };
		653935FF8C2DE1558EED8D54 /* Notification+.swift in Sources */ = {isa = PBXBuildFile; fileRef = F75196F5AEFAC770EB3A0276 /* Notification+.swift */; };
		6CEA435031AB78ABAE6A8BCF /* GitResetHard.swift in Sources */ = {isa = PBXBuildFile; fileRef = FBAF6888AE82CE4BEF5344D5 /* GitResetHard.swift */; };
		6EA64A131B1EBC0D4B87F34E /* GitRestorePatch.swift in Sources */ = {isa = PBXBuildFile; fileRef = FBD305F31CBD3A7ECFDE42EB /* GitRestorePatch.swift */; };
		6EF079C98867C65475DE36E3 /* GitSwitch.swift in Sources */ = {isa = PBXBuildFile; fileRef = FDE18D9E5970A728D324FA7D /* GitSwitch.swift */; };
		7058DAE4C0817E82192D90C9 /* LogStore.swift in Sources */ = {isa = PBXBuildFile; fileRef = 292598A7D119C67B24819468 /* LogStore.swift */; };
		71BD93175DF26AF72F515A18 /* SyncStateTests.swift in Sources */ = {isa = PBXBuildFile; fileRef = BF33652CB4E9ED2CB06194B7 /* SyncStateTests.swift */; };
		777410319590C853442BA52B /* GitCleanFiles.swift in Sources */ = {isa = PBXBuildFile; fileRef = 13398BE46774FCCA9C967C5B /* GitCleanFiles.swift */; };
		7A045FC75B1E2DC396AC3FB6 /* BranchesView.swift in Sources */ = {isa = PBXBuildFile; fileRef = BAD8A78CC8151A13A9BD2FF6 /* BranchesView.swift */; };
		7A31F5BE92228CFA7A910357 /* GitMerge.swift in Sources */ = {isa = PBXBuildFile; fileRef = 72441AE19651C100A6149747 /* GitMerge.swift */; };
		7B22A0ED00DA3F547D7D8A13 /* TagsContentView.swift in Sources */ = {isa = PBXBuildFile; fileRef = E2F4D1665A0FFB3E071FB140 /* TagsContentView.swift */; };
		7BB8616B2E76A97C8F5A63EF /* Preview Assets.xcassets in Resources */ = {isa = PBXBuildFile; fileRef = 7453A2E4F8EA077FA6B05727 /* Preview Assets.xcassets */; };
		7E1E3152057EDC38FEA25D3C /* CommitMessageSnippetView.swift in Sources */ = {isa = PBXBuildFile; fileRef = F9965E4E4C1FA8A3FDAB3C9D /* CommitMessageSnippetView.swift */; };
		7E5137231C3F2FA0078EA92D /* GitAdd.swift in Sources */ = {isa = PBXBuildFile; fileRef = 52F4404A1D49FAD34F12CE37 /* GitAdd.swift */; };
		7E81623F5ABD76393D72D404 /* SectionHeader.swift in Sources */ = {isa = PBXBuildFile; fileRef = BB4311AFBDB27F06B1727E61 /* SectionHeader.swift */; };
		825A0FBA91F522BE04F5ED74 /* NotesToRepoSettingsView.swift in Sources */ = {isa = PBXBuildFile; fileRef = A757DB737677A60882B270BC /* NotesToRepoSettingsView.swift */; };
		82F86354A8D7BFADFB216B3E /* Commit.swift in Sources */ = {isa = PBXBuildFile; fileRef = 63CBEB18FD18108AC2383AEC /* Commit.swift */; };
		83F966547BC262E6EFD51D61 /* GitShowref.swift in Sources */ = {isa = PBXBuildFile; fileRef = 529A237E4110CFAF29CDD54D /* GitShowref.swift */; };
		848DC8BF8C697D4D8EAF3280 /* ReflogView.swift in Sources */ = {isa = PBXBuildFile; fileRef = D3C7F289516DA95DACFEDD71 /* ReflogView.swift */; };
		8CD466FF4D5F8E5B33B51EA5 /* StagedView.swift in Sources */ = {isa = PBXBuildFile; fileRef = C6BEAE56B5637CE0DDF092BE /* StagedView.swift */; };
		8F5B1904E88966235F4494CA /* ReflogButton.swift in Sources */ = {isa = PBXBuildFile; fileRef = 00E69829D5F3F613B4E83965 /* ReflogButton.swift */; };
		928DA6197D69A85CC940B302 /* StageFileDiffView.swift in Sources */ = {isa = PBXBuildFile; fileRef = 7A6B0E288372FCD1BA9BF61C /* StageFileDiffView.swift */; };
		96BFEFE1967E7FD22FC7353A /* StashChangedDetailContentView.swift in Sources */ = {isa = PBXBuildFile; fileRef = FD68A030030DF68A138B784D /* StashChangedDetailContentView.swift */; };
		982BD3FEA6F6A76D65A51A8B /* GenericError.swift in Sources */ = {isa = PBXBuildFile; fileRef = 24C76FF1C4F533C7ACDC5D0D /* GenericError.swift */; };
		98C6DB68EB7E49304884924F /* Git.swift in Sources */ = {isa = PBXBuildFile; fileRef = 91AD1A57E4D50B1BA6D931B6 /* Git.swift */; };
		997CC32FF74C1FD9CFCFA749 /* GitBranchRename.swift in Sources */ = {isa = PBXBuildFile; fileRef = 327C1E486F482CA6008AACAD /* GitBranchRename.swift */; };
		9A8576E214A113AB7AC9C075 /* GitBranch.swift in Sources */ = {isa = PBXBuildFile; fileRef = A20555503AE0BE60B70A5DFA /* GitBranch.swift */; };
		9AB5C85E4BF446EC075A003C /* CommitCreateView.swift in Sources */ = {isa = PBXBuildFile; fileRef = 7C8CFE6407D14DC110496173 /* CommitCreateView.swift */; };
		9ACF28DA96425CD3B1057E5B /* SearchToken.swift in Sources */ = {isa = PBXBuildFile; fileRef = 098EA7B98A7080E18423D03D /* SearchToken.swift */; };
		9B4D2E92022777664D970012 /* CommitGraph.swift in Sources */ = {isa = PBXBuildFile; fileRef = 22E19FD87A85B7FD4826CF64 /* CommitGraph.swift */; };
		9BAF056A0ADAD1F6C0D42FD7 /* GitRevParseTests.swift in Sources */ = {isa = PBXBuildFile; fileRef = 2EB59BA46FA9E81AF24B7F8B /* GitRevParseTests.swift */; };
		9D365F6FC8FD5BB53E09B357 /* GitClientApp.swift in Sources */ = {isa = PBXBuildFile; fileRef = FC0913C1B9C625CFB39C80B2 /* GitClientApp.swift */; };
		9E55446161C1842BD0BCB580 /* Diff.swift in Sources */ = {isa = PBXBuildFile; fileRef = CCEDDE868C2FC019968B65AF /* Diff.swift */; };
		9ECDF5535426BA18F4464686 /* GitCheckout.swift in Sources */ = {isa = PBXBuildFile; fileRef = B46D9A20FE86DBA88BF4DC66 /* GitCheckout.swift */; };
		A41E744875A060A01C1AF37C /* MergeCommitContentView.swift in Sources */ = {isa = PBXBuildFile; fileRef = 6264D9BAB94292529774DC79 /* MergeCommitContentView.swift */; };
		A4E4E7630702D06D6F44B496 /* GitSwitchDetach.swift in Sources */ = {isa = PBXBuildFile; fileRef = 4F8CEA525D18F860CF19F9FA /* GitSwitchDetach.swift */; };
		A6F5DEFDF1759407C9ED14AD /* GitStashStaged.swift in Sources */ = {isa = PBXBuildFile; fileRef = B60079F833DE6D617EC28528 /* GitStashStaged.swift */; };
		A780CF8C4B902495C9A52416 /* CommitDetail.swift in Sources */ = {isa = PBXBuildFile; fileRef = A595B4EBDA1965667D7EB9EB /* CommitDetail.swift */; };
		AA2A257F9936B3AFFA96EAAA /* GitPull.swift in Sources */ = {isa = PBXBuildFile; fileRef = C1B33E7C0FD07BC1ED1938E9 /* GitPull.swift */; };
		AAF3145E84599C1457CD60E0 /* GitFetch.swift in Sources */ = {isa = PBXBuildFile; fileRef = EEA5584E35799233A5B96705 /* GitFetch.swift */; };
		ACBE37B9DA77C40956167C31 /* NotesToRepoSettings.swift in Sources */ = {isa = PBXBuildFile; fileRef = C7F37F6DF15C336FCCA24AB3 /* NotesToRepoSettings.swift */; };
		B0C6221D532A6658426803C0 /* CommitDetailStackView.swift in Sources */ = {isa = PBXBuildFile; fileRef = 40B322028C6EE455D7C8279B /* CommitDetailStackView.swift */; };
		B1CB3D47800E8B8761CC0E06 /* GitFetchExecutor.swift in Sources */ = {isa = PBXBuildFile; fileRef = 5096F6E6F0ECDD63BEB5A356 /* GitFetchExecutor.swift */; };
		B304FC08B955BFA595623890 /* Process+Run.swift in Sources */ = {isa = PBXBuildFile; fileRef = 08B75A4E41B9E44B74679105 /* Process+Run.swift */; };
		B56AEF0239C0FCDFF60BDCAA /* FileDiffTheme.swift in Sources */ = {isa = PBXBuildFile; fileRef = 2633189AA212836B14958799 /* FileDiffTheme.swift */; };
		B6E750267E302A9AE6076324 /* Icon.swift in Sources */ = {isa = PBXBuildFile; fileRef = F3B44B1705D8E70CA2845C4A /* Icon.swift */; };
		B8026F04CE523C7A18FFF061 /* LogStoreTests.swift in Sources */ = {isa = PBXBuildFile; fileRef = 6DA0602563C2BA8F9436C8F8 /* LogStoreTests.swift */; };
		B80C0570B292975605A47ACF /* CommitMessageSuggestionView.swift in Sources */ = {isa = PBXBuildFile; fileRef = B5ECD46C8F9C49B8EF84B731 /* CommitMessageSuggestionView.swift */; };
		B89146983344A6E01A84B315 /* GitStashList.swift in Sources */ = {isa = PBXBuildFile; fileRef = 0FA6527D018F917AA0CACFE2 /* GitStashList.swift */; };
		B953DB36A45C07511D35AC12 /* RenameBranchSheet.swift in Sources */ = {isa = PBXBuildFile; fileRef = 5974FD71801A57F77F03D26B /* RenameBranchSheet.swift */; };
		BCACEED0117B5BEEC8744169 /* CommitMessageProperties.swift in Sources */ = {isa = PBXBuildFile; fileRef = 45166F5654A3F5E8E8645C4C /* CommitMessageProperties.swift */; };
		BF54BF08641B82AD2605584B /* GitDiffNumStat.swift in Sources */ = {isa = PBXBuildFile; fileRef = B79D1AEBB36C1BBFE380B1A2 /* GitDiffNumStat.swift */; };
		BF5EACF6CFD26858049403B6 /* FileDiffView.swift in Sources */ = {isa = PBXBuildFile; fileRef = 80ED11A4D09A2C39165919C1 /* FileDiffView.swift */; };
		BF6A401492D907E7EABC4CAF /* Collection+.swift in Sources */ = {isa = PBXBuildFile; fileRef = B40F6E8CDBBFEE23962901F0 /* Collection+.swift */; };
		BFA3D2DBFB16658FE91209D7 /* Sourceful in Frameworks */ = {isa = PBXBuildFile; productRef = 8F55295D85BCBD507EF0F4C2 /* Sourceful */; };
		C05ED6CBC5E9A6CAFBC4C682 /* GitRevert.swift in Sources */ = {isa = PBXBuildFile; fileRef = 347C26420414594B75DF317C /* GitRevert.swift */; };
		C2A51E6563568CFBDB4D32D5 /* GitLog.swift in Sources */ = {isa = PBXBuildFile; fileRef = 3400C08A2B0A124F48E22E29 /* GitLog.swift */; };
		C46B63A4C91E749AAE363B81 /* ChunkView.swift in Sources */ = {isa = PBXBuildFile; fileRef = 2CF22CEE6386FEFD08C71734 /* ChunkView.swift */; };
		C64B4E4F17746DD064924855 /* CommitGraphView.swift in Sources */ = {isa = PBXBuildFile; fileRef = 35B90FCEB6C8762097472F35 /* CommitGraphView.swift */; };
		C926CB154726C8A0B70E0E0C /* Status.swift in Sources */ = {isa = PBXBuildFile; fileRef = A5483C5F80BF50D11A7C86B5 /* Status.swift */; };
		CB696999EBCDBD6328BAB2D1 /* GitTagCreate.swift in Sources */ = {isa = PBXBuildFile; fileRef = 0E1E8871FD5E876486FD2FD4 /* GitTagCreate.swift */; };
		CD4EE710D02128B6D0BACD38 /* DiffTests.swift in Sources */ = {isa = PBXBuildFile; fileRef = 3932F0E13880511B226B4144 /* DiffTests.swift */; };
		CD6594B142BAE41FBAA3B0A3 /* GitShowShortstat.swift in Sources */ = {isa = PBXBuildFile; fileRef = 7E298C1A67D78CE571B0C19C /* GitShowShortstat.swift */; };
		D19D91AAECBE4ADE870D2547 /* StageFileDiffHeaderView.swift in Sources */ = {isa = PBXBuildFile; fileRef = 61E5C184CEEAB8E75BAC55B3 /* StageFileDiffHeaderView.swift */; };
		D2817C5B19CCCA6C0DF0811C /* GitTagPointsAt.swift in Sources */ = {isa = PBXBuildFile; fileRef = 033A2C432C6EECA380849EDE /* GitTagPointsAt.swift */; };
		D39D8E6B66D056A0D1E0ADDF /* GitStash.swift in Sources */ = {isa = PBXBuildFile; fileRef = 75C5883AB2BFEABFEC42FA25 /* GitStash.swift */; };
		D3F5AF5E3294D37A1EACF4FD /* GitTag.swift in Sources */ = {isa = PBXBuildFile; fileRef = 6C9DBB10BD2DB2DEE83D4B31 /* GitTag.swift */; };
		D45713E0013E1298E5571138 /* Language.swift in Sources */ = {isa = PBXBuildFile; fileRef = DAE5AE8347230817C2A33BCE /* Language.swift */; };
		D4DDE09D65816E59D245EA51 /* GitTagDelete.swift in Sources */ = {isa = PBXBuildFile; fileRef = 20B1C40F08EFED4297D0EBF4 /* GitTagDelete.swift */; };
		D5E314403575036196D4AB59 /* GitCleanFilesAndDirs.swift in Sources */ = {isa = PBXBuildFile; fileRef = 71128F203CD43A0DDA87D112 /* GitCleanFilesAndDirs.swift */; };
		D6A6C5D05F3D5BD119D1C78A /* ReflogEntry.swift in Sources */ = {isa = PBXBuildFile; fileRef = 4FAF914D60E63C2F7458094D /* ReflogEntry.swift */; };
		D6EE26A7A6EDF39407C60DE7 /* UnstagedView.swift in Sources */ = {isa = PBXBuildFile; fileRef = 00D25C1B43121BAA7A2D927E /* UnstagedView.swift */; };
		DAACDEA28253BCDCE4A39E53 /* Assets.xcassets in Resources */ = {isa = PBXBuildFile; fileRef = 8C91E81622305FBA0976B07D /* Assets.xcassets */; };
		DCD35B24359B232807AD0D78 /* GitRestoreFile.swift in Sources */ = {isa = PBXBuildFile; fileRef = 3FA4AE9EA560FE06D508C23E /* GitRestoreFile.swift */; };
		DDE33FAA34F0BF1E02203DB6 /* GitCommitAmend.swift in Sources */ = {isa = PBXBuildFile; fileRef = B3E0AE7C05C0CD5682474A1B /* GitCommitAmend.swift */; };
		DE569685D4325D7B2977160E /* GitStashApply.swift in Sources */ = {isa = PBXBuildFile; fileRef = 8DDE4C4E8B6D85699D7B3B7D /* GitStashApply.swift */; };
		E23B6E22F457DBF88FDAD0BC /* GitCleanIgnored.swift in Sources */ = {isa = PBXBuildFile; fileRef = 103185AAF5D9BBE8CFD87F11 /* GitCleanIgnored.swift */; };
		E2D453A12F013F81752D6B9D /* GitReflog.swift in Sources */ = {isa = PBXBuildFile; fileRef = D033C145E1604E279970C51A /* GitReflog.swift */; };
		E38DCA49CF8E7F58DB2CC444 /* AuthorInitialIcon.swift in Sources */ = {isa = PBXBuildFile; fileRef = 60F6171F7F2C9C9202E14E14 /* AuthorInitialIcon.swift */; };
		E503B3B1083A8999FEE718E4 /* GitStashClear.swift in Sources */ = {isa = PBXBuildFile; fileRef = A38109DF42AE292586713B6B /* GitStashClear.swift */; };
		E670331F4744FFC1A12018EE /* ReflogStore.swift in Sources */ = {isa = PBXBuildFile; fileRef = 01302746C8B356A3C7549EBD /* ReflogStore.swift */; };
		E8E47204948AD32F09C3C766 /* ExpandableModel.swift in Sources */ = {isa = PBXBuildFile; fileRef = D9C3E46D9F51038C7057A599 /* ExpandableModel.swift */; };
		E93D8FFFB99F452F87B9426D /* SearchTokensHandlerTests.swift in Sources */ = {isa = PBXBuildFile; fileRef = 6F03B86ECBBD5FD15B95B67C /* SearchTokensHandlerTests.swift */; };
		E95F67552F4A8D2ECCCDC111 /* EnviromentValues+.swift in Sources */ = {isa = PBXBuildFile; fileRef = 9D5E068891554665C655F4E0 /* EnviromentValues+.swift */; };
		EA4D6BB2463AD9292370A5CF /* WindowID.swift in Sources */ = {isa = PBXBuildFile; fileRef = D8D061B6F4ADA4A8C13813BD /* WindowID.swift */; };
		EBCBFB102FE141A0598678BC /* StageFileDiffsView.swift in Sources */ = {isa = PBXBuildFile; fileRef = A2453B9AF81651BAAC3E207E /* StageFileDiffsView.swift */; };
		EBFA365F9CF979BFC1105A2F /* GitStatusShort.swift in Sources */ = {isa = PBXBuildFile; fileRef = 5AE6BC264ED68D7407061F84 /* GitStatusShort.swift */; };
		ED4A0FAB24E2D333B03C6236 /* GitCleanAndReset.swift in Sources */ = {isa = PBXBuildFile; fileRef = 7242DCD22473E1CCB5E41074 /* GitCleanAndReset.swift */; };
		F0C05F408769C2640C499453 /* TagsView.swift in Sources */ = {isa = PBXBuildFile; fileRef = E6A653158970792BC5107049 /* TagsView.swift */; };
		F2A999D656B4859BB5503B1B /* TerminalSettings.swift in Sources */ = {isa = PBXBuildFile; fileRef = ABBEF35D7DFCD27ED68F2128 /* TerminalSettings.swift */; };
		F3FF68BA074929DABF23FC86 /* AIService.swift in Sources */ = {isa = PBXBuildFile; fileRef = 4908AC8881AD4B17A1CE5978 /* AIService.swift */; };
		F7A3DA4A8FE415651CD0082D /* GitResetSoft.swift in Sources */ = {isa = PBXBuildFile; fileRef = A976285018454EA431E7331B /* GitResetSoft.swift */; };
		F914E770D2FB2C932889C49E /* GitDiff.swift in Sources */ = {isa = PBXBuildFile; fileRef = 7150EAF12B2B8595D612F5A5 /* GitDiff.swift */; };
		F9A0444A9A50B44F9B6D4E3B /* DefaultMergeCommitMessage.swift in Sources */ = {isa = PBXBuildFile; fileRef = 961A38A9CB4F1D5F94F6C071 /* DefaultMergeCommitMessage.swift */; };
		FA9EE469C4BE1D3F0905D16B /* BarBackButton.swift in Sources */ = {isa = PBXBuildFile; fileRef = F54170C0486A61FFDA180CE1 /* BarBackButton.swift */; };
		FB4DBF908B4DC522A55F1981 /* GitBranchDelete.swift in Sources */ = {isa = PBXBuildFile; fileRef = ABB38B51419E00575340E1CC /* GitBranchDelete.swift */; };
		FDB75950ADF9085F48541823 /* DiffCommitListContentView.swift in Sources */ = {isa = PBXBuildFile; fileRef = E3AC7775E2ED408F46BD5190 /* DiffCommitListContentView.swift */; };
/* End PBXBuildFile section */

/* Begin PBXContainerItemProxy section */
		FC779455D4FF509E1F72E9E1 /* PBXContainerItemProxy */ = {
			isa = PBXContainerItemProxy;
			containerPortal = B5FF4C316376F124281BC395 /* Project object */;
			proxyType = 1;
			remoteGlobalIDString = 27E8DD0C7603E4509EE8D182;
			remoteInfo = GitClient;
		};
/* End PBXContainerItemProxy section */

/* Begin PBXFileReference section */
		00D25C1B43121BAA7A2D927E /* UnstagedView.swift */ = {isa = PBXFileReference; lastKnownFileType = sourcecode.swift; path = UnstagedView.swift; sourceTree = "<group>"; };
		00D541EFFADC36119DB50BE4 /* SettingsView.swift */ = {isa = PBXFileReference; lastKnownFileType = sourcecode.swift; path = SettingsView.swift; sourceTree = "<group>"; };
		00E69829D5F3F613B4E83965 /* ReflogButton.swift */ = {isa = PBXFileReference; lastKnownFileType = sourcecode.swift; path = ReflogButton.swift; sourceTree = "<group>"; };
		01302746C8B356A3C7549EBD /* ReflogStore.swift */ = {isa = PBXFileReference; lastKnownFileType = sourcecode.swift; path = ReflogStore.swift; sourceTree = "<group>"; };
		026C18619D94E4341FC6F775 /* DiffStat.swift */ = {isa = PBXFileReference; lastKnownFileType = sourcecode.swift; path = DiffStat.swift; sourceTree = "<group>"; };
		02B06AFB731B8317E545A910 /* BranchTests.swift */ = {isa = PBXFileReference; lastKnownFileType = sourcecode.swift; path = BranchTests.swift; sourceTree = "<group>"; };
		033A2C432C6EECA380849EDE /* GitTagPointsAt.swift */ = {isa = PBXFileReference; lastKnownFileType = sourcecode.swift; path = GitTagPointsAt.swift; sourceTree = "<group>"; };
		038AC6EA882F19C343FCB5C7 /* GitClientTests.xctest */ = {isa = PBXFileReference; explicitFileType = wrapper.cfbundle; includeInIndex = 0; path = GitClientTests.xctest; sourceTree = BUILT_PRODUCTS_DIR; };
		03E8F0300DCEB2F8599DFE70 /* GitRestore.swift */ = {isa = PBXFileReference; lastKnownFileType = sourcecode.swift; path = GitRestore.swift; sourceTree = "<group>"; };
		0501456E3BE57C4D88E2C64E /* CommitLogView.swift */ = {isa = PBXFileReference; lastKnownFileType = sourcecode.swift; path = CommitLogView.swift; sourceTree = "<group>"; };
		07068EF770E3EAA21716BD1A /* ContentView.swift */ = {isa = PBXFileReference; lastKnownFileType = sourcecode.swift; path = ContentView.swift; sourceTree = "<group>"; };
		08B75A4E41B9E44B74679105 /* Process+Run.swift */ = {isa = PBXFileReference; lastKnownFileType = sourcecode.swift; path = "Process+Run.swift"; sourceTree = "<group>"; };
		098EA7B98A7080E18423D03D /* SearchToken.swift */ = {isa = PBXFileReference; lastKnownFileType = sourcecode.swift; path = SearchToken.swift; sourceTree = "<group>"; };
		0B91396F7D26EEF38A51C4FC /* GitClient.entitlements */ = {isa = PBXFileReference; lastKnownFileType = text.plist.entitlements; path = GitClient.entitlements; sourceTree = "<group>"; };
		0E1E8871FD5E876486FD2FD4 /* GitTagCreate.swift */ = {isa = PBXFileReference; lastKnownFileType = sourcecode.swift; path = GitTagCreate.swift; sourceTree = "<group>"; };
		0FA6527D018F917AA0CACFE2 /* GitStashList.swift */ = {isa = PBXFileReference; lastKnownFileType = sourcecode.swift; path = GitStashList.swift; sourceTree = "<group>"; };
		103185AAF5D9BBE8CFD87F11 /* GitCleanIgnored.swift */ = {isa = PBXFileReference; lastKnownFileType = sourcecode.swift; path = GitCleanIgnored.swift; sourceTree = "<group>"; };
		115E0ADC7F6CB118A22D15F5 /* GitDiffNumStatTests.swift */ = {isa = PBXFileReference; lastKnownFileType = sourcecode.swift; path = GitDiffNumStatTests.swift; sourceTree = "<group>"; };
		13398BE46774FCCA9C967C5B /* GitCleanFiles.swift */ = {isa = PBXFileReference; lastKnownFileType = sourcecode.swift; path = GitCleanFiles.swift; sourceTree = "<group>"; };
		1F0EFC9825493B7C54C588E8 /* GitRepoSettingsView.swift */ = {isa = PBXFileReference; lastKnownFileType = sourcecode.swift; path = GitRepoSettingsView.swift; sourceTree = "<group>"; };
		20B1C40F08EFED4297D0EBF4 /* GitTagDelete.swift */ = {isa = PBXFileReference; lastKnownFileType = sourcecode.swift; path = GitTagDelete.swift; sourceTree = "<group>"; };
		22E19FD87A85B7FD4826CF64 /* CommitGraph.swift */ = {isa = PBXFileReference; lastKnownFileType = sourcecode.swift; path = CommitGraph.swift; sourceTree = "<group>"; };
		24C76FF1C4F533C7ACDC5D0D /* GenericError.swift */ = {isa = PBXFileReference; lastKnownFileType = sourcecode.swift; path = GenericError.swift; sourceTree = "<group>"; };
		250C728D5417F509259AA07B /* FolderViewShowing.swift */ = {isa = PBXFileReference; lastKnownFileType = sourcecode.swift; path = FolderViewShowing.swift; sourceTree = "<group>"; };
		2633189AA212836B14958799 /* FileDiffTheme.swift */ = {isa = PBXFileReference; lastKnownFileType = sourcecode.swift; path = FileDiffTheme.swift; sourceTree = "<group>"; };
		28A10EA6C2F3D1B07FEAEA1B /* FolderView.swift */ = {isa = PBXFileReference; lastKnownFileType = sourcecode.swift; path = FolderView.swift; sourceTree = "<group>"; };
		292598A7D119C67B24819468 /* LogStore.swift */ = {isa = PBXFileReference; lastKnownFileType = sourcecode.swift; path = LogStore.swift; sourceTree = "<group>"; };
		29DB7D42B9ACD40B5E34BBA2 /* GitResetMixed.swift */ = {isa = PBXFileReference; lastKnownFileType = sourcecode.swift; path = GitResetMixed.swift; sourceTree = "<group>"; };
		2CF22CEE6386FEFD08C71734 /* ChunkView.swift */ = {isa = PBXFileReference; lastKnownFileType = sourcecode.swift; path = ChunkView.swift; sourceTree = "<group>"; };
		2E2EEF0DEFF478675963B1FE /* DiffTabView.swift */ = {isa = PBXFileReference; lastKnownFileType = sourcecode.swift; path = DiffTabView.swift; sourceTree = "<group>"; };
		2EB59BA46FA9E81AF24B7F8B /* GitRevParseTests.swift */ = {isa = PBXFileReference; lastKnownFileType = sourcecode.swift; path = GitRevParseTests.swift; sourceTree = "<group>"; };
		327C1E486F482CA6008AACAD /* GitBranchRename.swift */ = {isa = PBXFileReference; lastKnownFileType = sourcecode.swift; path = GitBranchRename.swift; sourceTree = "<group>"; };
		3400C08A2B0A124F48E22E29 /* GitLog.swift */ = {isa = PBXFileReference; lastKnownFileType = sourcecode.swift; path = GitLog.swift; sourceTree = "<group>"; };
		347C26420414594B75DF317C /* GitRevert.swift */ = {isa = PBXFileReference; lastKnownFileType = sourcecode.swift; path = GitRevert.swift; sourceTree = "<group>"; };
		35B90FCEB6C8762097472F35 /* CommitGraphView.swift */ = {isa = PBXFileReference; lastKnownFileType = sourcecode.swift; path = CommitGraphView.swift; sourceTree = "<group>"; };
		3795D9CB0FB3F79ECEF15D7D /* ErrorTextSheet.swift */ = {isa = PBXFileReference; lastKnownFileType = sourcecode.swift; path = ErrorTextSheet.swift; sourceTree = "<group>"; };
		38781129B30B7095238C34F2 /* CreateNewTagSheet.swift */ = {isa = PBXFileReference; lastKnownFileType = sourcecode.swift; path = CreateNewTagSheet.swift; sourceTree = "<group>"; };
		3905C1FB697D68A93AFCADD5 /* GitStashDrop.swift */ = {isa = PBXFileReference; lastKnownFileType = sourcecode.swift; path = GitStashDrop.swift; sourceTree = "<group>"; };
		3932F0E13880511B226B4144 /* DiffTests.swift */ = {isa = PBXFileReference; lastKnownFileType = sourcecode.swift; path = DiffTests.swift; sourceTree = "<group>"; };
		3EF637D1B9612036D938DED7 /* StashChangedView.swift */ = {isa = PBXFileReference; lastKnownFileType = sourcecode.swift; path = StashChangedView.swift; sourceTree = "<group>"; };
		3FA4AE9EA560FE06D508C23E /* GitRestoreFile.swift */ = {isa = PBXFileReference; lastKnownFileType = sourcecode.swift; path = GitRestoreFile.swift; sourceTree = "<group>"; };
		3FFDE431D840B01A5A88746C /* FileNameView.swift */ = {isa = PBXFileReference; lastKnownFileType = sourcecode.swift; path = FileNameView.swift; sourceTree = "<group>"; };
		40B322028C6EE455D7C8279B /* CommitDetailStackView.swift */ = {isa = PBXFileReference; lastKnownFileType = sourcecode.swift; path = CommitDetailStackView.swift; sourceTree = "<group>"; };
		43FD8882FE43DC44E725E404 /* NotesToRepoPopupView.swift */ = {isa = PBXFileReference; lastKnownFileType = sourcecode.swift; path = NotesToRepoPopupView.swift; sourceTree = "<group>"; };
		45166F5654A3F5E8E8645C4C /* CommitMessageProperties.swift */ = {isa = PBXFileReference; lastKnownFileType = sourcecode.swift; path = CommitMessageProperties.swift; sourceTree = "<group>"; };
		45C51603E695382F41281162 /* GitStashShowDiff.swift */ = {isa = PBXFileReference; lastKnownFileType = sourcecode.swift; path = GitStashShowDiff.swift; sourceTree = "<group>"; };
		45CDB14D994AD6316721BA13 /* SearchKind.swift */ = {isa = PBXFileReference; lastKnownFileType = sourcecode.swift; path = SearchKind.swift; sourceTree = "<group>"; };
		4908AC8881AD4B17A1CE5978 /* AIService.swift */ = {isa = PBXFileReference; lastKnownFileType = sourcecode.swift; path = AIService.swift; sourceTree = "<group>"; };
		4BC6BF979B38CC6A1F5C12B6 /* Stash.swift */ = {isa = PBXFileReference; lastKnownFileType = sourcecode.swift; path = Stash.swift; sourceTree = "<group>"; };
		4E78C3AFBB8415F9066F65CE /* GitCommit.swift */ = {isa = PBXFileReference; lastKnownFileType = sourcecode.swift; path = GitCommit.swift; sourceTree = "<group>"; };
		4F8CEA525D18F860CF19F9FA /* GitSwitchDetach.swift */ = {isa = PBXFileReference; lastKnownFileType = sourcecode.swift; path = GitSwitchDetach.swift; sourceTree = "<group>"; };
		4FAF914D60E63C2F7458094D /* ReflogEntry.swift */ = {isa = PBXFileReference; lastKnownFileType = sourcecode.swift; path = ReflogEntry.swift; sourceTree = "<group>"; };
		5096F6E6F0ECDD63BEB5A356 /* GitFetchExecutor.swift */ = {isa = PBXFileReference; lastKnownFileType = sourcecode.swift; path = GitFetchExecutor.swift; sourceTree = "<group>"; };
		529A237E4110CFAF29CDD54D /* GitShowref.swift */ = {isa = PBXFileReference; lastKnownFileType = sourcecode.swift; path = GitShowref.swift; sourceTree = "<group>"; };
		52F4404A1D49FAD34F12CE37 /* GitAdd.swift */ = {isa = PBXFileReference; lastKnownFileType = sourcecode.swift; path = GitAdd.swift; sourceTree = "<group>"; };
		5974FD71801A57F77F03D26B /* RenameBranchSheet.swift */ = {isa = PBXFileReference; lastKnownFileType = sourcecode.swift; path = RenameBranchSheet.swift; sourceTree = "<group>"; };
		59B2D58F2B54C8506A123D3D /* TerminalSettingsView.swift */ = {isa = PBXFileReference; lastKnownFileType = sourcecode.swift; path = TerminalSettingsView.swift; sourceTree = "<group>"; };
		59B7DD1FD01ABB317C29C9DD /* Log.swift */ = {isa = PBXFileReference; lastKnownFileType = sourcecode.swift; path = Log.swift; sourceTree = "<group>"; };
		5ACDDC31E92EB9C7637665B3 /* Branch.swift */ = {isa = PBXFileReference; lastKnownFileType = sourcecode.swift; path = Branch.swift; sourceTree = "<group>"; };
		5AE6BC264ED68D7407061F84 /* GitStatusShort.swift */ = {isa = PBXFileReference; lastKnownFileType = sourcecode.swift; path = GitStatusShort.swift; sourceTree = "<group>"; };
		60A3B210781E295AF3DE6934 /* GitCheckoutB.swift */ = {isa = PBXFileReference; lastKnownFileType = sourcecode.swift; path = GitCheckoutB.swift; sourceTree = "<group>"; };
		60F6171F7F2C9C9202E14E14 /* AuthorInitialIcon.swift */ = {isa = PBXFileReference; lastKnownFileType = sourcecode.swift; path = AuthorInitialIcon.swift; sourceTree = "<group>"; };
		61E5C184CEEAB8E75BAC55B3 /* StageFileDiffHeaderView.swift */ = {isa = PBXFileReference; lastKnownFileType = sourcecode.swift; path = StageFileDiffHeaderView.swift; sourceTree = "<group>"; };
		6264D9BAB94292529774DC79 /* MergeCommitContentView.swift */ = {isa = PBXFileReference; lastKnownFileType = sourcecode.swift; path = MergeCommitContentView.swift; sourceTree = "<group>"; };
		634A496E30217AF06C29093B /* GitRepoSettings.swift */ = {isa = PBXFileReference; lastKnownFileType = sourcecode.swift; path = GitRepoSettings.swift; sourceTree = "<group>"; };
		63CBEB18FD18108AC2383AEC /* Commit.swift */ = {isa = PBXFileReference; lastKnownFileType = sourcecode.swift; path = Commit.swift; sourceTree = "<group>"; };
		6C9DBB10BD2DB2DEE83D4B31 /* GitTag.swift */ = {isa = PBXFileReference; lastKnownFileType = sourcecode.swift; path = GitTag.swift; sourceTree = "<group>"; };
		6DA0602563C2BA8F9436C8F8 /* LogStoreTests.swift */ = {isa = PBXFileReference; lastKnownFileType = sourcecode.swift; path = LogStoreTests.swift; sourceTree = "<group>"; };
		6F03B86ECBBD5FD15B95B67C /* SearchTokensHandlerTests.swift */ = {isa = PBXFileReference; lastKnownFileType = sourcecode.swift; path = SearchTokensHandlerTests.swift; sourceTree = "<group>"; };
		71128F203CD43A0DDA87D112 /* GitCleanFilesAndDirs.swift */ = {isa = PBXFileReference; lastKnownFileType = sourcecode.swift; path = GitCleanFilesAndDirs.swift; sourceTree = "<group>"; };
		7150EAF12B2B8595D612F5A5 /* GitDiff.swift */ = {isa = PBXFileReference; lastKnownFileType = sourcecode.swift; path = GitDiff.swift; sourceTree = "<group>"; };
		7242DCD22473E1CCB5E41074 /* GitCleanAndReset.swift */ = {isa = PBXFileReference; lastKnownFileType = sourcecode.swift; path = GitCleanAndReset.swift; sourceTree = "<group>"; };
		72441AE19651C100A6149747 /* GitMerge.swift */ = {isa = PBXFileReference; lastKnownFileType = sourcecode.swift; path = GitMerge.swift; sourceTree = "<group>"; };
		72A9092928A8366949DB584F /* DiffCommitListView.swift */ = {isa = PBXFileReference; lastKnownFileType = sourcecode.swift; path = DiffCommitListView.swift; sourceTree = "<group>"; };
		730F5EBC79ACCB5AA101D74C /* GitDiffShortStat.swift */ = {isa = PBXFileReference; lastKnownFileType = sourcecode.swift; path = GitDiffShortStat.swift; sourceTree = "<group>"; };
		7453A2E4F8EA077FA6B05727 /* Preview Assets.xcassets */ = {isa = PBXFileReference; lastKnownFileType = folder.assetcatalog; path = "Preview Assets.xcassets"; sourceTree = "<group>"; };
		74D593FECAC29A5C11435832 /* DefaultMergeCommitMessageTests.swift */ = {isa = PBXFileReference; lastKnownFileType = sourcecode.swift; path = DefaultMergeCommitMessageTests.swift; sourceTree = "<group>"; };
		75C5883AB2BFEABFEC42FA25 /* GitStash.swift */ = {isa = PBXFileReference; lastKnownFileType = sourcecode.swift; path = GitStash.swift; sourceTree = "<group>"; };
		77DB3213925207ED50266A4E /* SearchTokensHandler.swift */ = {isa = PBXFileReference; lastKnownFileType = sourcecode.swift; path = SearchTokensHandler.swift; sourceTree = "<group>"; };
		7A6B0E288372FCD1BA9BF61C /* StageFileDiffView.swift */ = {isa = PBXFileReference; lastKnownFileType = sourcecode.swift; path = StageFileDiffView.swift; sourceTree = "<group>"; };
		7C8CFE6407D14DC110496173 /* CommitCreateView.swift */ = {isa = PBXFileReference; lastKnownFileType = sourcecode.swift; path = CommitCreateView.swift; sourceTree = "<group>"; };
		7E298C1A67D78CE571B0C19C /* GitShowShortstat.swift */ = {isa = PBXFileReference; lastKnownFileType = sourcecode.swift; path = GitShowShortstat.swift; sourceTree = "<group>"; };
		80ED11A4D09A2C39165919C1 /* FileDiffView.swift */ = {isa = PBXFileReference; lastKnownFileType = sourcecode.swift; path = FileDiffView.swift; sourceTree = "<group>"; };
		817360A125E077CB4DCD206F /* View+.swift */ = {isa = PBXFileReference; lastKnownFileType = sourcecode.swift; path = "View+.swift"; sourceTree = "<group>"; };
		8215E39BF7F8B435BFFDEE7A /* AdvancedSettingsView.swift */ = {isa = PBXFileReference; lastKnownFileType = sourcecode.swift; path = AdvancedSettingsView.swift; sourceTree = "<group>"; };
		8BDA12FAC18772E2156DBED1 /* GitAddPathspec.swift */ = {isa = PBXFileReference; lastKnownFileType = sourcecode.swift; path = GitAddPathspec.swift; sourceTree = "<group>"; };
		8C91E81622305FBA0976B07D /* Assets.xcassets */ = {isa = PBXFileReference; lastKnownFileType = folder.assetcatalog; path = Assets.xcassets; sourceTree = "<group>"; };
		8DDE4C4E8B6D85699D7B3B7D /* GitStashApply.swift */ = {isa = PBXFileReference; lastKnownFileType = sourcecode.swift; path = GitStashApply.swift; sourceTree = "<group>"; };
		8DF6F8C505D4707019137A5E /* Info.plist */ = {isa = PBXFileReference; lastKnownFileType = text.plist; path = Info.plist; sourceTree = "<group>"; };
		91AD1A57E4D50B1BA6D931B6 /* Git.swift */ = {isa = PBXFileReference; lastKnownFileType = sourcecode.swift; path = Git.swift; sourceTree = "<group>"; };
		9293B45D1D630F8A39191F74 /* String+.swift */ = {isa = PBXFileReference; lastKnownFileType = sourcecode.swift; path = "String+.swift"; sourceTree = "<group>"; };
		93F600C38BDAE257C3AEAEB5 /* CommitRowView.swift */ = {isa = PBXFileReference; lastKnownFileType = sourcecode.swift; path = CommitRowView.swift; sourceTree = "<group>"; };
		961A38A9CB4F1D5F94F6C071 /* DefaultMergeCommitMessage.swift */ = {isa = PBXFileReference; lastKnownFileType = sourcecode.swift; path = DefaultMergeCommitMessage.swift; sourceTree = "<group>"; };
		971D64853BB950EAD14966BC /* GitDiffCached.swift */ = {isa = PBXFileReference; lastKnownFileType = sourcecode.swift; path = GitDiffCached.swift; sourceTree = "<group>"; };
		9B3D146ECBFBA21B4CE6C043 /* DiffView.swift */ = {isa = PBXFileReference; lastKnownFileType = sourcecode.swift; path = DiffView.swift; sourceTree = "<group>"; };
		9C2ECE3A827FA78B58F6A7B1 /* GitBranchPointsAt.swift */ = {isa = PBXFileReference; lastKnownFileType = sourcecode.swift; path = GitBranchPointsAt.swift; sourceTree = "<group>"; };
		9D5E068891554665C655F4E0 /* EnviromentValues+.swift */ = {isa = PBXFileReference; lastKnownFileType = sourcecode.swift; path = "EnviromentValues+.swift"; sourceTree = "<group>"; };
		9DA29FCCC65DF2137D393896 /* GitShowShortstatTests.swift */ = {isa = PBXFileReference; lastKnownFileType = sourcecode.swift; path = GitShowShortstatTests.swift; sourceTree = "<group>"; };
		A009DB3440FF185738B3CA11 /* StagingChangesProperties.swift */ = {isa = PBXFileReference; lastKnownFileType = sourcecode.swift; path = StagingChangesProperties.swift; sourceTree = "<group>"; };
		A20555503AE0BE60B70A5DFA /* GitBranch.swift */ = {isa = PBXFileReference; lastKnownFileType = sourcecode.swift; path = GitBranch.swift; sourceTree = "<group>"; };
		A2453B9AF81651BAAC3E207E /* StageFileDiffsView.swift */ = {isa = PBXFileReference; lastKnownFileType = sourcecode.swift; path = StageFileDiffsView.swift; sourceTree = "<group>"; };
		A38109DF42AE292586713B6B /* GitStashClear.swift */ = {isa = PBXFileReference; lastKnownFileType = sourcecode.swift; path = GitStashClear.swift; sourceTree = "<group>"; };
		A5483C5F80BF50D11A7C86B5 /* Status.swift */ = {isa = PBXFileReference; lastKnownFileType = sourcecode.swift; path = Status.swift; sourceTree = "<group>"; };
		A595B4EBDA1965667D7EB9EB /* CommitDetail.swift */ = {isa = PBXFileReference; lastKnownFileType = sourcecode.swift; path = CommitDetail.swift; sourceTree = "<group>"; };
		A757DB737677A60882B270BC /* NotesToRepoSettingsView.swift */ = {isa = PBXFileReference; lastKnownFileType = sourcecode.swift; path = NotesToRepoSettingsView.swift; sourceTree = "<group>"; };
		A92FFDF42BB93B59C5DEB0EC /* GitPush.swift */ = {isa = PBXFileReference; lastKnownFileType = sourcecode.swift; path = GitPush.swift; sourceTree = "<group>"; };
		A976285018454EA431E7331B /* GitResetSoft.swift */ = {isa = PBXFileReference; lastKnownFileType = sourcecode.swift; path = GitResetSoft.swift; sourceTree = "<group>"; };
		ABB38B51419E00575340E1CC /* GitBranchDelete.swift */ = {isa = PBXFileReference; lastKnownFileType = sourcecode.swift; path = GitBranchDelete.swift; sourceTree = "<group>"; };
		ABBEF35D7DFCD27ED68F2128 /* TerminalSettings.swift */ = {isa = PBXFileReference; lastKnownFileType = sourcecode.swift; path = TerminalSettings.swift; sourceTree = "<group>"; };
		ABF5C1F4CCB5E85B03BF5656 /* CommitDiffView.swift */ = {isa = PBXFileReference; lastKnownFileType = sourcecode.swift; path = CommitDiffView.swift; sourceTree = "<group>"; };
		AC44104A68C3D9CF2351091D /* CommitDetailContentView.swift */ = {isa = PBXFileReference; lastKnownFileType = sourcecode.swift; path = CommitDetailContentView.swift; sourceTree = "<group>"; };
		B1A8983372AE5C482D760AC5 /* Folder.swift */ = {isa = PBXFileReference; lastKnownFileType = sourcecode.swift; path = Folder.swift; sourceTree = "<group>"; };
		B3E0AE7C05C0CD5682474A1B /* GitCommitAmend.swift */ = {isa = PBXFileReference; lastKnownFileType = sourcecode.swift; path = GitCommitAmend.swift; sourceTree = "<group>"; };
		B3FB7E1FC9B8974CA8CA8097 /* GitLogTests.swift */ = {isa = PBXFileReference; lastKnownFileType = sourcecode.swift; path = GitLogTests.swift; sourceTree = "<group>"; };
		B40F6E8CDBBFEE23962901F0 /* Collection+.swift */ = {isa = PBXFileReference; lastKnownFileType = sourcecode.swift; path = "Collection+.swift"; sourceTree = "<group>"; };
		B46D9A20FE86DBA88BF4DC66 /* GitCheckout.swift */ = {isa = PBXFileReference; lastKnownFileType = sourcecode.swift; path = GitCheckout.swift; sourceTree = "<group>"; };
		B5ECD46C8F9C49B8EF84B731 /* CommitMessageSuggestionView.swift */ = {isa = PBXFileReference; lastKnownFileType = sourcecode.swift; path = CommitMessageSuggestionView.swift; sourceTree = "<group>"; };
		B60079F833DE6D617EC28528 /* GitStashStaged.swift */ = {isa = PBXFileReference; lastKnownFileType = sourcecode.swift; path = GitStashStaged.swift; sourceTree = "<group>"; };
		B79D1AEBB36C1BBFE380B1A2 /* GitDiffNumStat.swift */ = {isa = PBXFileReference; lastKnownFileType = sourcecode.swift; path = GitDiffNumStat.swift; sourceTree = "<group>"; };
		B961C6B6ECBEE271F988AFC2 /* ReflogStoreManager.swift */ = {isa = PBXFileReference; lastKnownFileType = sourcecode.swift; path = ReflogStoreManager.swift; sourceTree = "<group>"; };
		BAD8A78CC8151A13A9BD2FF6 /* BranchesView.swift */ = {isa = PBXFileReference; lastKnownFileType = sourcecode.swift; path = BranchesView.swift; sourceTree = "<group>"; };
		BB4311AFBDB27F06B1727E61 /* SectionHeader.swift */ = {isa = PBXFileReference; lastKnownFileType = sourcecode.swift; path = SectionHeader.swift; sourceTree = "<group>"; };
		BF33652CB4E9ED2CB06194B7 /* SyncStateTests.swift */ = {isa = PBXFileReference; lastKnownFileType = sourcecode.swift; path = SyncStateTests.swift; sourceTree = "<group>"; };
		C129F671A7AB1983C97CFB84 /* GitShow.swift */ = {isa = PBXFileReference; lastKnownFileType = sourcecode.swift; path = GitShow.swift; sourceTree = "<group>"; };
		C1704E4869BB3C09DADA910A /* CreateNewBranchSheet.swift */ = {isa = PBXFileReference; lastKnownFileType = sourcecode.swift; path = CreateNewBranchSheet.swift; sourceTree = "<group>"; };
		C19E63B6C0627DFE1F7A999F /* URL+.swift */ = {isa = PBXFileReference; lastKnownFileType = sourcecode.swift; path = "URL+.swift"; sourceTree = "<group>"; };
		C1B33E7C0FD07BC1ED1938E9 /* GitPull.swift */ = {isa = PBXFileReference; lastKnownFileType = sourcecode.swift; path = GitPull.swift; sourceTree = "<group>"; };
		C248B2CA92BF581DA60533EA /* GitAddPatch.swift */ = {isa = PBXFileReference; lastKnownFileType = sourcecode.swift; path = GitAddPatch.swift; sourceTree = "<group>"; };
		C6BEAE56B5637CE0DDF092BE /* StagedView.swift */ = {isa = PBXFileReference; lastKnownFileType = sourcecode.swift; path = StagedView.swift; sourceTree = "<group>"; };
		C7F37F6DF15C336FCCA24AB3 /* NotesToRepoSettings.swift */ = {isa = PBXFileReference; lastKnownFileType = sourcecode.swift; path = NotesToRepoSettings.swift; sourceTree = "<group>"; };
		CBC29B91CE3DB58836D08E82 /* GitStatusTests.swift */ = {isa = PBXFileReference; lastKnownFileType = sourcecode.swift; path = GitStatusTests.swift; sourceTree = "<group>"; };
		CC82B4E765C5A16DFC70D63E /* SyncState.swift */ = {isa = PBXFileReference; lastKnownFileType = sourcecode.swift; path = SyncState.swift; sourceTree = "<group>"; };
		CCEDDE868C2FC019968B65AF /* Diff.swift */ = {isa = PBXFileReference; lastKnownFileType = sourcecode.swift; path = Diff.swift; sourceTree = "<group>"; };
		D033C145E1604E279970C51A /* GitReflog.swift */ = {isa = PBXFileReference; lastKnownFileType = sourcecode.swift; path = GitReflog.swift; sourceTree = "<group>"; };
		D3C7F289516DA95DACFEDD71 /* ReflogView.swift */ = {isa = PBXFileReference; lastKnownFileType = sourcecode.swift; path = ReflogView.swift; sourceTree = "<group>"; };
		D45A55B0C82C2D5F2077839D /* StashChangedContentView.swift */ = {isa = PBXFileReference; lastKnownFileType = sourcecode.swift; path = StashChangedContentView.swift; sourceTree = "<group>"; };
		D5CC17CA7793C05D7DD1353C /* ExpandableModelTests.swift */ = {isa = PBXFileReference; lastKnownFileType = sourcecode.swift; path = ExpandableModelTests.swift; sourceTree = "<group>"; };
		D8D061B6F4ADA4A8C13813BD /* WindowID.swift */ = {isa = PBXFileReference; lastKnownFileType = sourcecode.swift; path = WindowID.swift; sourceTree = "<group>"; };
		D9C3E46D9F51038C7057A599 /* ExpandableModel.swift */ = {isa = PBXFileReference; lastKnownFileType = sourcecode.swift; path = ExpandableModel.swift; sourceTree = "<group>"; };
		DAE5AE8347230817C2A33BCE /* Language.swift */ = {isa = PBXFileReference; lastKnownFileType = sourcecode.swift; path = Language.swift; sourceTree = "<group>"; };
		DE1BF4990AA2C03D1770F069 /* GitRevListCount.swift */ = {isa = PBXFileReference; lastKnownFileType = sourcecode.swift; path = GitRevListCount.swift; sourceTree = "<group>"; };
		E2F4D1665A0FFB3E071FB140 /* TagsContentView.swift */ = {isa = PBXFileReference; lastKnownFileType = sourcecode.swift; path = TagsContentView.swift; sourceTree = "<group>"; };
		E3AC7775E2ED408F46BD5190 /* DiffCommitListContentView.swift */ = {isa = PBXFileReference; lastKnownFileType = sourcecode.swift; path = DiffCommitListContentView.swift; sourceTree = "<group>"; };
		E6A653158970792BC5107049 /* TagsView.swift */ = {isa = PBXFileReference; lastKnownFileType = sourcecode.swift; path = TagsView.swift; sourceTree = "<group>"; };
		E778AC07B2B1FA30149361EA /* CommitDetailView.swift */ = {isa = PBXFileReference; lastKnownFileType = sourcecode.swift; path = CommitDetailView.swift; sourceTree = "<group>"; };
		EDC3A2C8C202FF6138504807 /* AmendCommitSheet.swift */ = {isa = PBXFileReference; lastKnownFileType = sourcecode.swift; path = AmendCommitSheet.swift; sourceTree = "<group>"; };
		EEA5584E35799233A5B96705 /* GitFetch.swift */ = {isa = PBXFileReference; lastKnownFileType = sourcecode.swift; path = GitFetch.swift; sourceTree = "<group>"; };
		EF2067518A685DB1AEF85298 /* GitClient.app */ = {isa = PBXFileReference; explicitFileType = wrapper.application; includeInIndex = 0; path = GitClient.app; sourceTree = BUILT_PRODUCTS_DIR; };
		F3B44B1705D8E70CA2845C4A /* Icon.swift */ = {isa = PBXFileReference; lastKnownFileType = sourcecode.swift; path = Icon.swift; sourceTree = "<group>"; };
		F54170C0486A61FFDA180CE1 /* BarBackButton.swift */ = {isa = PBXFileReference; lastKnownFileType = sourcecode.swift; path = BarBackButton.swift; sourceTree = "<group>"; };
		F75196F5AEFAC770EB3A0276 /* Notification+.swift */ = {isa = PBXFileReference; lastKnownFileType = sourcecode.swift; path = "Notification+.swift"; sourceTree = "<group>"; };
		F81B72ECDDF7ADDE0D0F8479 /* GitRevParse.swift */ = {isa = PBXFileReference; lastKnownFileType = sourcecode.swift; path = GitRevParse.swift; sourceTree = "<group>"; };
		F9965E4E4C1FA8A3FDAB3C9D /* CommitMessageSnippetView.swift */ = {isa = PBXFileReference; lastKnownFileType = sourcecode.swift; path = CommitMessageSnippetView.swift; sourceTree = "<group>"; };
		FA30B8D10279BAA488C92CF7 /* FileDiffsView.swift */ = {isa = PBXFileReference; lastKnownFileType = sourcecode.swift; path = FileDiffsView.swift; sourceTree = "<group>"; };
		FBAF6888AE82CE4BEF5344D5 /* GitResetHard.swift */ = {isa = PBXFileReference; lastKnownFileType = sourcecode.swift; path = GitResetHard.swift; sourceTree = "<group>"; };
		FBD305F31CBD3A7ECFDE42EB /* GitRestorePatch.swift */ = {isa = PBXFileReference; lastKnownFileType = sourcecode.swift; path = GitRestorePatch.swift; sourceTree = "<group>"; };
		FC0913C1B9C625CFB39C80B2 /* GitClientApp.swift */ = {isa = PBXFileReference; lastKnownFileType = sourcecode.swift; path = GitClientApp.swift; sourceTree = "<group>"; };
		FD68A030030DF68A138B784D /* StashChangedDetailContentView.swift */ = {isa = PBXFileReference; lastKnownFileType = sourcecode.swift; path = StashChangedDetailContentView.swift; sourceTree = "<group>"; };
		FD6BEF85CC9BF41FD879CA73 /* DefaultsKeys.swift */ = {isa = PBXFileReference; lastKnownFileType = sourcecode.swift; path = DefaultsKeys.swift; sourceTree = "<group>"; };
		FDE18D9E5970A728D324FA7D /* GitSwitch.swift */ = {isa = PBXFileReference; lastKnownFileType = sourcecode.swift; path = GitSwitch.swift; sourceTree = "<group>"; };
/* End PBXFileReference section */

/* Begin PBXFrameworksBuildPhase section */
		125566DE25B79F7C2A79D7DC /* Frameworks */ = {
			isa = PBXFrameworksBuildPhase;
			buildActionMask = 2147483647;
			files = (
				BFA3D2DBFB16658FE91209D7 /* Sourceful in Frameworks */,
				5BE29F16733B874B2429A18F /* Defaults in Frameworks */,
			);
			runOnlyForDeploymentPostprocessing = 0;
		};
/* End PBXFrameworksBuildPhase section */

/* Begin PBXGroup section */
		0AF8F6CEC069A8EDCB4BB502 /* GitStash */ = {
			isa = PBXGroup;
			children = (
				75C5883AB2BFEABFEC42FA25 /* GitStash.swift */,
				8DDE4C4E8B6D85699D7B3B7D /* GitStashApply.swift */,
				A38109DF42AE292586713B6B /* GitStashClear.swift */,
				3905C1FB697D68A93AFCADD5 /* GitStashDrop.swift */,
				0FA6527D018F917AA0CACFE2 /* GitStashList.swift */,
				45C51603E695382F41281162 /* GitStashShowDiff.swift */,
				B60079F833DE6D617EC28528 /* GitStashStaged.swift */,
			);
			path = GitStash;
			sourceTree = "<group>";
		};
		15D264B2D03E0B35DA1EC5A9 = {
			isa = PBXGroup;
			children = (
				D1CFA3CB1E8CED38F88BB410 /* GitClient */,
				CDE7CFF5CE90001E2BA0D0D0 /* GitClientTests */,
				869D2381FC42B035C298363E /* Products */,
			);
			sourceTree = "<group>";
		};
		19386203E3A053B2DCFD4466 /* Commit */ = {
			isa = PBXGroup;
			children = (
				F54170C0486A61FFDA180CE1 /* BarBackButton.swift */,
				2CF22CEE6386FEFD08C71734 /* ChunkView.swift */,
				7C8CFE6407D14DC110496173 /* CommitCreateView.swift */,
				AC44104A68C3D9CF2351091D /* CommitDetailContentView.swift */,
				40B322028C6EE455D7C8279B /* CommitDetailStackView.swift */,
				E778AC07B2B1FA30149361EA /* CommitDetailView.swift */,
				ABF5C1F4CCB5E85B03BF5656 /* CommitDiffView.swift */,
				F9965E4E4C1FA8A3FDAB3C9D /* CommitMessageSnippetView.swift */,
				B5ECD46C8F9C49B8EF84B731 /* CommitMessageSuggestionView.swift */,
				E3AC7775E2ED408F46BD5190 /* DiffCommitListContentView.swift */,
				72A9092928A8366949DB584F /* DiffCommitListView.swift */,
				2E2EEF0DEFF478675963B1FE /* DiffTabView.swift */,
				9B3D146ECBFBA21B4CE6C043 /* DiffView.swift */,
				FA30B8D10279BAA488C92CF7 /* FileDiffsView.swift */,
				2633189AA212836B14958799 /* FileDiffTheme.swift */,
				80ED11A4D09A2C39165919C1 /* FileDiffView.swift */,
				3FFDE431D840B01A5A88746C /* FileNameView.swift */,
				6264D9BAB94292529774DC79 /* MergeCommitContentView.swift */,
				BB4311AFBDB27F06B1727E61 /* SectionHeader.swift */,
				C6BEAE56B5637CE0DDF092BE /* StagedView.swift */,
				61E5C184CEEAB8E75BAC55B3 /* StageFileDiffHeaderView.swift */,
				A2453B9AF81651BAAC3E207E /* StageFileDiffsView.swift */,
				7A6B0E288372FCD1BA9BF61C /* StageFileDiffView.swift */,
				00D25C1B43121BAA7A2D927E /* UnstagedView.swift */,
			);
			path = Commit;
			sourceTree = "<group>";
		};
		213F0A8CE3E16EC84609F787 /* Preview Content */ = {
			isa = PBXGroup;
			children = (
				7453A2E4F8EA077FA6B05727 /* Preview Assets.xcassets */,
			);
			path = "Preview Content";
			sourceTree = "<group>";
		};
		31C7F4C7644DB6C55C264CC1 /* Sheets */ = {
			isa = PBXGroup;
			children = (
				EDC3A2C8C202FF6138504807 /* AmendCommitSheet.swift */,
				C1704E4869BB3C09DADA910A /* CreateNewBranchSheet.swift */,
				38781129B30B7095238C34F2 /* CreateNewTagSheet.swift */,
				5974FD71801A57F77F03D26B /* RenameBranchSheet.swift */,
			);
			path = Sheets;
			sourceTree = "<group>";
		};
		3A454F91D0D6339CED644DFD /* Extensions */ = {
			isa = PBXGroup;
			children = (
				9D5E068891554665C655F4E0 /* EnviromentValues+.swift */,
				817360A125E077CB4DCD206F /* View+.swift */,
			);
			path = Extensions;
			sourceTree = "<group>";
		};
		4C7F6280DEC751F803B92EAA /* Views */ = {
			isa = PBXGroup;
			children = (
				8215E39BF7F8B435BFFDEE7A /* AdvancedSettingsView.swift */,
				BAD8A78CC8151A13A9BD2FF6 /* BranchesView.swift */,
				07068EF770E3EAA21716BD1A /* ContentView.swift */,
				3795D9CB0FB3F79ECEF15D7D /* ErrorTextSheet.swift */,
				1F0EFC9825493B7C54C588E8 /* GitRepoSettingsView.swift */,
				43FD8882FE43DC44E725E404 /* NotesToRepoPopupView.swift */,
				A757DB737677A60882B270BC /* NotesToRepoSettingsView.swift */,
				00D541EFFADC36119DB50BE4 /* SettingsView.swift */,
				59B2D58F2B54C8506A123D3D /* TerminalSettingsView.swift */,
				19386203E3A053B2DCFD4466 /* Commit */,
				3A454F91D0D6339CED644DFD /* Extensions */,
				651F3A4820780A3B3F4E00BD /* Folder */,
				95CA839E1FFF15E41FE0E651 /* Reflog */,
				DC513FF13096CAC86A443942 /* StashChanged */,
				C2D31CB260EDA87440D33BCC /* Tags */,
			);
			path = Views;
			sourceTree = "<group>";
		};
		53157C2896E27E2CC56BF233 /* Extensions */ = {
			isa = PBXGroup;
			children = (
				B40F6E8CDBBFEE23962901F0 /* Collection+.swift */,
				F75196F5AEFAC770EB3A0276 /* Notification+.swift */,
				08B75A4E41B9E44B74679105 /* Process+Run.swift */,
				9293B45D1D630F8A39191F74 /* String+.swift */,
				C19E63B6C0627DFE1F7A999F /* URL+.swift */,
			);
			path = Extensions;
			sourceTree = "<group>";
		};
		5BB713AD2CEACA0D717B4B34 /* Models */ = {
			isa = PBXGroup;
			children = (
				5ACDDC31E92EB9C7637665B3 /* Branch.swift */,
				63CBEB18FD18108AC2383AEC /* Commit.swift */,
				A595B4EBDA1965667D7EB9EB /* CommitDetail.swift */,
				22E19FD87A85B7FD4826CF64 /* CommitGraph.swift */,
				961A38A9CB4F1D5F94F6C071 /* DefaultMergeCommitMessage.swift */,
				FD6BEF85CC9BF41FD879CA73 /* DefaultsKeys.swift */,
				CCEDDE868C2FC019968B65AF /* Diff.swift */,
				026C18619D94E4341FC6F775 /* DiffStat.swift */,
				D9C3E46D9F51038C7057A599 /* ExpandableModel.swift */,
				B1A8983372AE5C482D760AC5 /* Folder.swift */,
				250C728D5417F509259AA07B /* FolderViewShowing.swift */,
				24C76FF1C4F533C7ACDC5D0D /* GenericError.swift */,
				5096F6E6F0ECDD63BEB5A356 /* GitFetchExecutor.swift */,
				634A496E30217AF06C29093B /* GitRepoSettings.swift */,
				DAE5AE8347230817C2A33BCE /* Language.swift */,
				59B7DD1FD01ABB317C29C9DD /* Log.swift */,
				C7F37F6DF15C336FCCA24AB3 /* NotesToRepoSettings.swift */,
				4FAF914D60E63C2F7458094D /* ReflogEntry.swift */,
				45CDB14D994AD6316721BA13 /* SearchKind.swift */,
				098EA7B98A7080E18423D03D /* SearchToken.swift */,
				77DB3213925207ED50266A4E /* SearchTokensHandler.swift */,
				4BC6BF979B38CC6A1F5C12B6 /* Stash.swift */,
				A5483C5F80BF50D11A7C86B5 /* Status.swift */,
				ABBEF35D7DFCD27ED68F2128 /* TerminalSettings.swift */,
				D8D061B6F4ADA4A8C13813BD /* WindowID.swift */,
				7D18819DFE037AED94E8AE6E /* AIService */,
				EF70F8F2394682DD847BA5A6 /* Commands */,
				BE844DB378F3DFCBDC2EEF55 /* Observables */,
			);
			path = Models;
			sourceTree = "<group>";
		};
		651F3A4820780A3B3F4E00BD /* Folder */ = {
			isa = PBXGroup;
			children = (
				60F6171F7F2C9C9202E14E14 /* AuthorInitialIcon.swift */,
				35B90FCEB6C8762097472F35 /* CommitGraphView.swift */,
				0501456E3BE57C4D88E2C64E /* CommitLogView.swift */,
				93F600C38BDAE257C3AEAEB5 /* CommitRowView.swift */,
				28A10EA6C2F3D1B07FEAEA1B /* FolderView.swift */,
				F3B44B1705D8E70CA2845C4A /* Icon.swift */,
				31C7F4C7644DB6C55C264CC1 /* Sheets */,
			);
			path = Folder;
			sourceTree = "<group>";
		};
		7D18819DFE037AED94E8AE6E /* AIService */ = {
			isa = PBXGroup;
			children = (
				4908AC8881AD4B17A1CE5978 /* AIService.swift */,
				45166F5654A3F5E8E8645C4C /* CommitMessageProperties.swift */,
				A009DB3440FF185738B3CA11 /* StagingChangesProperties.swift */,
			);
			path = AIService;
			sourceTree = "<group>";
		};
		869D2381FC42B035C298363E /* Products */ = {
			isa = PBXGroup;
			children = (
				EF2067518A685DB1AEF85298 /* GitClient.app */,
				038AC6EA882F19C343FCB5C7 /* GitClientTests.xctest */,
			);
			name = Products;
			sourceTree = "<group>";
		};
		95CA839E1FFF15E41FE0E651 /* Reflog */ = {
			isa = PBXGroup;
			children = (
				00E69829D5F3F613B4E83965 /* ReflogButton.swift */,
				D3C7F289516DA95DACFEDD71 /* ReflogView.swift */,
			);
			path = Reflog;
			sourceTree = "<group>";
		};
		BE844DB378F3DFCBDC2EEF55 /* Observables */ = {
			isa = PBXGroup;
			children = (
				292598A7D119C67B24819468 /* LogStore.swift */,
				01302746C8B356A3C7549EBD /* ReflogStore.swift */,
				B961C6B6ECBEE271F988AFC2 /* ReflogStoreManager.swift */,
				CC82B4E765C5A16DFC70D63E /* SyncState.swift */,
			);
			path = Observables;
			sourceTree = "<group>";
		};
		C2D31CB260EDA87440D33BCC /* Tags */ = {
			isa = PBXGroup;
			children = (
				E2F4D1665A0FFB3E071FB140 /* TagsContentView.swift */,
				E6A653158970792BC5107049 /* TagsView.swift */,
			);
			path = Tags;
			sourceTree = "<group>";
		};
		CDE7CFF5CE90001E2BA0D0D0 /* GitClientTests */ = {
			isa = PBXGroup;
			children = (
				02B06AFB731B8317E545A910 /* BranchTests.swift */,
				74D593FECAC29A5C11435832 /* DefaultMergeCommitMessageTests.swift */,
				3932F0E13880511B226B4144 /* DiffTests.swift */,
				D5CC17CA7793C05D7DD1353C /* ExpandableModelTests.swift */,
				115E0ADC7F6CB118A22D15F5 /* GitDiffNumStatTests.swift */,
				B3FB7E1FC9B8974CA8CA8097 /* GitLogTests.swift */,
				2EB59BA46FA9E81AF24B7F8B /* GitRevParseTests.swift */,
				9DA29FCCC65DF2137D393896 /* GitShowShortstatTests.swift */,
				CBC29B91CE3DB58836D08E82 /* GitStatusTests.swift */,
				6DA0602563C2BA8F9436C8F8 /* LogStoreTests.swift */,
				6F03B86ECBBD5FD15B95B67C /* SearchTokensHandlerTests.swift */,
				BF33652CB4E9ED2CB06194B7 /* SyncStateTests.swift */,
			);
			path = GitClientTests;
			sourceTree = "<group>";
		};
		D1CFA3CB1E8CED38F88BB410 /* GitClient */ = {
			isa = PBXGroup;
			children = (
				8C91E81622305FBA0976B07D /* Assets.xcassets */,
				0B91396F7D26EEF38A51C4FC /* GitClient.entitlements */,
				FC0913C1B9C625CFB39C80B2 /* GitClientApp.swift */,
				8DF6F8C505D4707019137A5E /* Info.plist */,
				53157C2896E27E2CC56BF233 /* Extensions */,
				5BB713AD2CEACA0D717B4B34 /* Models */,
				213F0A8CE3E16EC84609F787 /* Preview Content */,
				4C7F6280DEC751F803B92EAA /* Views */,
			);
			path = GitClient;
			sourceTree = "<group>";
		};
		DC513FF13096CAC86A443942 /* StashChanged */ = {
			isa = PBXGroup;
			children = (
				D45A55B0C82C2D5F2077839D /* StashChangedContentView.swift */,
				FD68A030030DF68A138B784D /* StashChangedDetailContentView.swift */,
				3EF637D1B9612036D938DED7 /* StashChangedView.swift */,
			);
			path = StashChanged;
			sourceTree = "<group>";
		};
		EF70F8F2394682DD847BA5A6 /* Commands */ = {
			isa = PBXGroup;
			children = (
				91AD1A57E4D50B1BA6D931B6 /* Git.swift */,
				52F4404A1D49FAD34F12CE37 /* GitAdd.swift */,
				C248B2CA92BF581DA60533EA /* GitAddPatch.swift */,
				8BDA12FAC18772E2156DBED1 /* GitAddPathspec.swift */,
				A20555503AE0BE60B70A5DFA /* GitBranch.swift */,
				ABB38B51419E00575340E1CC /* GitBranchDelete.swift */,
				9C2ECE3A827FA78B58F6A7B1 /* GitBranchPointsAt.swift */,
				327C1E486F482CA6008AACAD /* GitBranchRename.swift */,
				B46D9A20FE86DBA88BF4DC66 /* GitCheckout.swift */,
				60A3B210781E295AF3DE6934 /* GitCheckoutB.swift */,
				7242DCD22473E1CCB5E41074 /* GitCleanAndReset.swift */,
				13398BE46774FCCA9C967C5B /* GitCleanFiles.swift */,
				71128F203CD43A0DDA87D112 /* GitCleanFilesAndDirs.swift */,
				103185AAF5D9BBE8CFD87F11 /* GitCleanIgnored.swift */,
				4E78C3AFBB8415F9066F65CE /* GitCommit.swift */,
				B3E0AE7C05C0CD5682474A1B /* GitCommitAmend.swift */,
				7150EAF12B2B8595D612F5A5 /* GitDiff.swift */,
				971D64853BB950EAD14966BC /* GitDiffCached.swift */,
				B79D1AEBB36C1BBFE380B1A2 /* GitDiffNumStat.swift */,
				730F5EBC79ACCB5AA101D74C /* GitDiffShortStat.swift */,
				EEA5584E35799233A5B96705 /* GitFetch.swift */,
				3400C08A2B0A124F48E22E29 /* GitLog.swift */,
				72441AE19651C100A6149747 /* GitMerge.swift */,
				C1B33E7C0FD07BC1ED1938E9 /* GitPull.swift */,
				A92FFDF42BB93B59C5DEB0EC /* GitPush.swift */,
				D033C145E1604E279970C51A /* GitReflog.swift */,
				FBAF6888AE82CE4BEF5344D5 /* GitResetHard.swift */,
				29DB7D42B9ACD40B5E34BBA2 /* GitResetMixed.swift */,
				A976285018454EA431E7331B /* GitResetSoft.swift */,
				03E8F0300DCEB2F8599DFE70 /* GitRestore.swift */,
				3FA4AE9EA560FE06D508C23E /* GitRestoreFile.swift */,
				FBD305F31CBD3A7ECFDE42EB /* GitRestorePatch.swift */,
				347C26420414594B75DF317C /* GitRevert.swift */,
				DE1BF4990AA2C03D1770F069 /* GitRevListCount.swift */,
				F81B72ECDDF7ADDE0D0F8479 /* GitRevParse.swift */,
				C129F671A7AB1983C97CFB84 /* GitShow.swift */,
				529A237E4110CFAF29CDD54D /* GitShowref.swift */,
				7E298C1A67D78CE571B0C19C /* GitShowShortstat.swift */,
				5AE6BC264ED68D7407061F84 /* GitStatusShort.swift */,
				FDE18D9E5970A728D324FA7D /* GitSwitch.swift */,
				4F8CEA525D18F860CF19F9FA /* GitSwitchDetach.swift */,
				6C9DBB10BD2DB2DEE83D4B31 /* GitTag.swift */,
				0E1E8871FD5E876486FD2FD4 /* GitTagCreate.swift */,
				20B1C40F08EFED4297D0EBF4 /* GitTagDelete.swift */,
				033A2C432C6EECA380849EDE /* GitTagPointsAt.swift */,
				0AF8F6CEC069A8EDCB4BB502 /* GitStash */,
			);
			path = Commands;
			sourceTree = "<group>";
		};
/* End PBXGroup section */

/* Begin PBXNativeTarget section */
		27E8DD0C7603E4509EE8D182 /* GitClient */ = {
			isa = PBXNativeTarget;
			buildConfigurationList = BDA9D220A75F34E0C9B0FF46 /* Build configuration list for PBXNativeTarget "GitClient" */;
			buildPhases = (
				3F24BC4CE24D094F394B74CB /* Sources */,
				C6429084EE7D0E0EBA1AAC11 /* Resources */,
				125566DE25B79F7C2A79D7DC /* Frameworks */,
			);
			buildRules = (
			);
			dependencies = (
			);
			name = GitClient;
			packageProductDependencies = (
				8F55295D85BCBD507EF0F4C2 /* Sourceful */,
				91BCB0428E32B332C4D02F5E /* Defaults */,
			);
			productName = GitClient;
			productReference = EF2067518A685DB1AEF85298 /* GitClient.app */;
			productType = "com.apple.product-type.application";
		};
		A9C6861D3262D6DB8195C78B /* GitClientTests */ = {
			isa = PBXNativeTarget;
			buildConfigurationList = 542CD55463ED97A012933862 /* Build configuration list for PBXNativeTarget "GitClientTests" */;
			buildPhases = (
				526C32BC06FE116603D649F7 /* Sources */,
			);
			buildRules = (
			);
			dependencies = (
				A0D176D59DCACA51FB05C489 /* PBXTargetDependency */,
			);
			name = GitClientTests;
			packageProductDependencies = (
			);
			productName = GitClientTests;
			productReference = 038AC6EA882F19C343FCB5C7 /* GitClientTests.xctest */;
			productType = "com.apple.product-type.bundle.unit-test";
		};
/* End PBXNativeTarget section */

/* Begin PBXProject section */
		B5FF4C316376F124281BC395 /* Project object */ = {
			isa = PBXProject;
			attributes = {
				BuildIndependentTargetsInParallel = YES;
				LastUpgradeCheck = 1500;
			};
			buildConfigurationList = EB3CBC185B83723E1662C798 /* Build configuration list for PBXProject "GitClient" */;
			compatibilityVersion = "Xcode 14.0";
			developmentRegion = en;
			hasScannedForEncodings = 0;
			knownRegions = (
				Base,
				en,
			);
			mainGroup = 15D264B2D03E0B35DA1EC5A9;
			minimizedProjectReferenceProxies = 1;
			packageReferences = (
				C6C4B9254DCD7D48D4549F7A /* XCRemoteSwiftPackageReference "Defaults" */,
				608208D71698C88906E68E56 /* XCRemoteSwiftPackageReference "Sourceful" */,
			);
			preferredProjectObjectVersion = 77;
			projectDirPath = "";
			projectRoot = "";
			targets = (
				27E8DD0C7603E4509EE8D182 /* GitClient */,
				A9C6861D3262D6DB8195C78B /* GitClientTests */,
			);
		};
/* End PBXProject section */

/* Begin PBXResourcesBuildPhase section */
		C6429084EE7D0E0EBA1AAC11 /* Resources */ = {
			isa = PBXResourcesBuildPhase;
			buildActionMask = 2147483647;
			files = (
				DAACDEA28253BCDCE4A39E53 /* Assets.xcassets in Resources */,
				7BB8616B2E76A97C8F5A63EF /* Preview Assets.xcassets in Resources */,
			);
			runOnlyForDeploymentPostprocessing = 0;
		};
/* End PBXResourcesBuildPhase section */

/* Begin PBXSourcesBuildPhase section */
		3F24BC4CE24D094F394B74CB /* Sources */ = {
			isa = PBXSourcesBuildPhase;
			buildActionMask = 2147483647;
			files = (
				F3FF68BA074929DABF23FC86 /* AIService.swift in Sources */,
				5B152C0ACDB3DE43CE602603 /* AdvancedSettingsView.swift in Sources */,
				174324A4F2056357093A4C47 /* AmendCommitSheet.swift in Sources */,
				E38DCA49CF8E7F58DB2CC444 /* AuthorInitialIcon.swift in Sources */,
				FA9EE469C4BE1D3F0905D16B /* BarBackButton.swift in Sources */,
				5C5D4F03146F521220A5E7C6 /* Branch.swift in Sources */,
				7A045FC75B1E2DC396AC3FB6 /* BranchesView.swift in Sources */,
				C46B63A4C91E749AAE363B81 /* ChunkView.swift in Sources */,
				BF6A401492D907E7EABC4CAF /* Collection+.swift in Sources */,
				82F86354A8D7BFADFB216B3E /* Commit.swift in Sources */,
				9AB5C85E4BF446EC075A003C /* CommitCreateView.swift in Sources */,
				A780CF8C4B902495C9A52416 /* CommitDetail.swift in Sources */,
				2CAE6B751D09E5E0066212E6 /* CommitDetailContentView.swift in Sources */,
				B0C6221D532A6658426803C0 /* CommitDetailStackView.swift in Sources */,
				4F9CF983AB5272F9A762945B /* CommitDetailView.swift in Sources */,
				5CE0F5D40B78C1FA19DEDE50 /* CommitDiffView.swift in Sources */,
				9B4D2E92022777664D970012 /* CommitGraph.swift in Sources */,
				C64B4E4F17746DD064924855 /* CommitGraphView.swift in Sources */,
				011F7D89D679742ED5A0FB5B /* CommitLogView.swift in Sources */,
				BCACEED0117B5BEEC8744169 /* CommitMessageProperties.swift in Sources */,
				7E1E3152057EDC38FEA25D3C /* CommitMessageSnippetView.swift in Sources */,
				B80C0570B292975605A47ACF /* CommitMessageSuggestionView.swift in Sources */,
				0DD99E227F6F05543A1AFF93 /* CommitRowView.swift in Sources */,
				17FC02B4295D2CA5288EC5AF /* ContentView.swift in Sources */,
				2EB46F8CEB7795521451DB0B /* CreateNewBranchSheet.swift in Sources */,
				0E7D6B9A0F301ACB88B00F6C /* CreateNewTagSheet.swift in Sources */,
				F9A0444A9A50B44F9B6D4E3B /* DefaultMergeCommitMessage.swift in Sources */,
				55B9408A3ECF848F7BAC0DB1 /* DefaultsKeys.swift in Sources */,
				9E55446161C1842BD0BCB580 /* Diff.swift in Sources */,
				FDB75950ADF9085F48541823 /* DiffCommitListContentView.swift in Sources */,
				0C46F8021E323515A42B52E2 /* DiffCommitListView.swift in Sources */,
				3402C4C1218DC77F92754C8F /* DiffStat.swift in Sources */,
				1DF01DBFB8DD87A5E088E48B /* DiffTabView.swift in Sources */,
				5CA9DD139675BE2CDBFF39CC /* DiffView.swift in Sources */,
				E95F67552F4A8D2ECCCDC111 /* EnviromentValues+.swift in Sources */,
				27F1D9A19BA03DA71C220EEE /* ErrorTextSheet.swift in Sources */,
				E8E47204948AD32F09C3C766 /* ExpandableModel.swift in Sources */,
				B56AEF0239C0FCDFF60BDCAA /* FileDiffTheme.swift in Sources */,
				BF5EACF6CFD26858049403B6 /* FileDiffView.swift in Sources */,
				11B4A43963D6E2B9749A9308 /* FileDiffsView.swift in Sources */,
				5C3BD4AC6A38431B5250F397 /* FileNameView.swift in Sources */,
				302F6B4F741C8B4DED07067F /* Folder.swift in Sources */,
				252510584F93E9D978CFAD09 /* FolderView.swift in Sources */,
				000B9F51336248D8493CBF86 /* FolderViewShowing.swift in Sources */,
				982BD3FEA6F6A76D65A51A8B /* GenericError.swift in Sources */,
				98C6DB68EB7E49304884924F /* Git.swift in Sources */,
				7E5137231C3F2FA0078EA92D /* GitAdd.swift in Sources */,
				15469C482A9FCA16536F26D0 /* GitAddPatch.swift in Sources */,
				60A2FC6605B3D0F6CE479171 /* GitAddPathspec.swift in Sources */,
				9A8576E214A113AB7AC9C075 /* GitBranch.swift in Sources */,
				FB4DBF908B4DC522A55F1981 /* GitBranchDelete.swift in Sources */,
				4CFCE4808B936A7C94C15069 /* GitBranchPointsAt.swift in Sources */,
				997CC32FF74C1FD9CFCFA749 /* GitBranchRename.swift in Sources */,
				9ECDF5535426BA18F4464686 /* GitCheckout.swift in Sources */,
				4F342ADE0240667DFA0E493A /* GitCheckoutB.swift in Sources */,
				ED4A0FAB24E2D333B03C6236 /* GitCleanAndReset.swift in Sources */,
				777410319590C853442BA52B /* GitCleanFiles.swift in Sources */,
				D5E314403575036196D4AB59 /* GitCleanFilesAndDirs.swift in Sources */,
				E23B6E22F457DBF88FDAD0BC /* GitCleanIgnored.swift in Sources */,
				9D365F6FC8FD5BB53E09B357 /* GitClientApp.swift in Sources */,
				07CAF3A02B2C3063F4DCEC46 /* GitCommit.swift in Sources */,
				DDE33FAA34F0BF1E02203DB6 /* GitCommitAmend.swift in Sources */,
				F914E770D2FB2C932889C49E /* GitDiff.swift in Sources */,
				3FDE41DFA5258B9FEF08B223 /* GitDiffCached.swift in Sources */,
				BF54BF08641B82AD2605584B /* GitDiffNumStat.swift in Sources */,
				5C0AE489C71EB68678F8D7E1 /* GitDiffShortStat.swift in Sources */,
				AAF3145E84599C1457CD60E0 /* GitFetch.swift in Sources */,
				B1CB3D47800E8B8761CC0E06 /* GitFetchExecutor.swift in Sources */,
				C2A51E6563568CFBDB4D32D5 /* GitLog.swift in Sources */,
				7A31F5BE92228CFA7A910357 /* GitMerge.swift in Sources */,
				AA2A257F9936B3AFFA96EAAA /* GitPull.swift in Sources */,
				48892FD66C0D7C92AB02947B /* GitPush.swift in Sources */,
				E2D453A12F013F81752D6B9D /* GitReflog.swift in Sources */,
				2B6BECAD6AE49714C4BCCF13 /* GitRepoSettings.swift in Sources */,
				44CE641F71FE4A5665257771 /* GitRepoSettingsView.swift in Sources */,
				6CEA435031AB78ABAE6A8BCF /* GitResetHard.swift in Sources */,
				41D024E7C0705BF21F80C34D /* GitResetMixed.swift in Sources */,
				F7A3DA4A8FE415651CD0082D /* GitResetSoft.swift in Sources */,
				260FDCA31460E9BB026DE11D /* GitRestore.swift in Sources */,
				DCD35B24359B232807AD0D78 /* GitRestoreFile.swift in Sources */,
				6EA64A131B1EBC0D4B87F34E /* GitRestorePatch.swift in Sources */,
				08977CF3C069733F67FEB3C1 /* GitRevListCount.swift in Sources */,
				3413A5C82425281EC7227D1A /* GitRevParse.swift in Sources */,
				C05ED6CBC5E9A6CAFBC4C682 /* GitRevert.swift in Sources */,
				58B8BD9E58692A45DBBC45DF /* GitShow.swift in Sources */,
				CD6594B142BAE41FBAA3B0A3 /* GitShowShortstat.swift in Sources */,
				83F966547BC262E6EFD51D61 /* GitShowref.swift in Sources */,
				D39D8E6B66D056A0D1E0ADDF /* GitStash.swift in Sources */,
				DE569685D4325D7B2977160E /* GitStashApply.swift in Sources */,
				E503B3B1083A8999FEE718E4 /* GitStashClear.swift in Sources */,
				3D0C4958AF80BF3632C12FF2 /* GitStashDrop.swift in Sources */,
				B89146983344A6E01A84B315 /* GitStashList.swift in Sources */,
				1B28DE222387A11531548FEF /* GitStashShowDiff.swift in Sources */,
				A6F5DEFDF1759407C9ED14AD /* GitStashStaged.swift in Sources */,
				EBFA365F9CF979BFC1105A2F /* GitStatusShort.swift in Sources */,
				6EF079C98867C65475DE36E3 /* GitSwitch.swift in Sources */,
				A4E4E7630702D06D6F44B496 /* GitSwitchDetach.swift in Sources */,
				D3F5AF5E3294D37A1EACF4FD /* GitTag.swift in Sources */,
				CB696999EBCDBD6328BAB2D1 /* GitTagCreate.swift in Sources */,
				D4DDE09D65816E59D245EA51 /* GitTagDelete.swift in Sources */,
				D2817C5B19CCCA6C0DF0811C /* GitTagPointsAt.swift in Sources */,
				B6E750267E302A9AE6076324 /* Icon.swift in Sources */,
				D45713E0013E1298E5571138 /* Language.swift in Sources */,
				52AA54FB912A8C1CFEA23E80 /* Log.swift in Sources */,
				7058DAE4C0817E82192D90C9 /* LogStore.swift in Sources */,
				A41E744875A060A01C1AF37C /* MergeCommitContentView.swift in Sources */,
				28130EF963428A3CD5D4494A /* NotesToRepoPopupView.swift in Sources */,
				ACBE37B9DA77C40956167C31 /* NotesToRepoSettings.swift in Sources */,
				825A0FBA91F522BE04F5ED74 /* NotesToRepoSettingsView.swift in Sources */,
				653935FF8C2DE1558EED8D54 /* Notification+.swift in Sources */,
				B304FC08B955BFA595623890 /* Process+Run.swift in Sources */,
				8F5B1904E88966235F4494CA /* ReflogButton.swift in Sources */,
				D6A6C5D05F3D5BD119D1C78A /* ReflogEntry.swift in Sources */,
				E670331F4744FFC1A12018EE /* ReflogStore.swift in Sources */,
				185D2790E25F819D015507B7 /* ReflogStoreManager.swift in Sources */,
				848DC8BF8C697D4D8EAF3280 /* ReflogView.swift in Sources */,
				B953DB36A45C07511D35AC12 /* RenameBranchSheet.swift in Sources */,
				42DE569A61EEB4E4F259216D /* SearchKind.swift in Sources */,
				9ACF28DA96425CD3B1057E5B /* SearchToken.swift in Sources */,
				2B8DBF70CA0F30157D043C06 /* SearchTokensHandler.swift in Sources */,
				7E81623F5ABD76393D72D404 /* SectionHeader.swift in Sources */,
				46719BA747D411B04646E72F /* SettingsView.swift in Sources */,
				D19D91AAECBE4ADE870D2547 /* StageFileDiffHeaderView.swift in Sources */,
				928DA6197D69A85CC940B302 /* StageFileDiffView.swift in Sources */,
				EBCBFB102FE141A0598678BC /* StageFileDiffsView.swift in Sources */,
				8CD466FF4D5F8E5B33B51EA5 /* StagedView.swift in Sources */,
				5258A8B25576EC746E17293E /* StagingChangesProperties.swift in Sources */,
				2BF2B7018AE586B7A6A30B36 /* Stash.swift in Sources */,
				154E49C07DFD0492D62EF5A2 /* StashChangedContentView.swift in Sources */,
				96BFEFE1967E7FD22FC7353A /* StashChangedDetailContentView.swift in Sources */,
				3079A990FD1A0D000BEE7D49 /* StashChangedView.swift in Sources */,
				C926CB154726C8A0B70E0E0C /* Status.swift in Sources */,
				1D7F74168513984B5E03BBDD /* String+.swift in Sources */,
				0DFD91BFE657C383D0C191FC /* SyncState.swift in Sources */,
				7B22A0ED00DA3F547D7D8A13 /* TagsContentView.swift in Sources */,
				F0C05F408769C2640C499453 /* TagsView.swift in Sources */,
				F2A999D656B4859BB5503B1B /* TerminalSettings.swift in Sources */,
				5DE06F1DC41DB97CCE60B1D5 /* TerminalSettingsView.swift in Sources */,
				47AC33423C45ACEE0D2A2277 /* URL+.swift in Sources */,
				D6EE26A7A6EDF39407C60DE7 /* UnstagedView.swift in Sources */,
				232BDC711A870EE4A0B56964 /* View+.swift in Sources */,
				EA4D6BB2463AD9292370A5CF /* WindowID.swift in Sources */,
			);
			runOnlyForDeploymentPostprocessing = 0;
		};
		526C32BC06FE116603D649F7 /* Sources */ = {
			isa = PBXSourcesBuildPhase;
			buildActionMask = 2147483647;
			files = (
				520A3B7DABCBD69F21CF9F4C /* BranchTests.swift in Sources */,
				5D61763B723FDB6DB390D1D3 /* DefaultMergeCommitMessageTests.swift in Sources */,
				CD4EE710D02128B6D0BACD38 /* DiffTests.swift in Sources */,
				408BC035FAD3060DB0924417 /* ExpandableModelTests.swift in Sources */,
				5B3664AB94302A9C70086F04 /* GitDiffNumStatTests.swift in Sources */,
				3220730B105D8D4EDF5805FA /* GitLogTests.swift in Sources */,
				9BAF056A0ADAD1F6C0D42FD7 /* GitRevParseTests.swift in Sources */,
				336EB2D1D04FFA8B191A2424 /* GitShowShortstatTests.swift in Sources */,
				53D0B68C298CE7A27796EA36 /* GitStatusTests.swift in Sources */,
				B8026F04CE523C7A18FFF061 /* LogStoreTests.swift in Sources */,
				E93D8FFFB99F452F87B9426D /* SearchTokensHandlerTests.swift in Sources */,
				71BD93175DF26AF72F515A18 /* SyncStateTests.swift in Sources */,
			);
			runOnlyForDeploymentPostprocessing = 0;
		};
/* End PBXSourcesBuildPhase section */

/* Begin PBXTargetDependency section */
		A0D176D59DCACA51FB05C489 /* PBXTargetDependency */ = {
			isa = PBXTargetDependency;
			target = 27E8DD0C7603E4509EE8D182 /* GitClient */;
			targetProxy = FC779455D4FF509E1F72E9E1 /* PBXContainerItemProxy */;
		};
/* End PBXTargetDependency section */

/* Begin XCBuildConfiguration section */
		00E68CCF7A40C92D5BBCFBB3 /* Debug */ = {
			isa = XCBuildConfiguration;
			buildSettings = {
				BUNDLE_LOADER = "$(TEST_HOST)";
				COMBINE_HIDPI_IMAGES = YES;
				LD_RUNPATH_SEARCH_PATHS = (
					"$(inherited)",
					"@executable_path/../Frameworks",
					"@loader_path/../Frameworks",
				);
				PRODUCT_BUNDLE_IDENTIFIER = com.maoyama.GitClientTests;
				SDKROOT = macosx;
				TEST_HOST = "$(BUILT_PRODUCTS_DIR)/GitClient.app/Contents/MacOS/GitClient";
			};
			name = Debug;
		};
		1D74AD28BAC430C7F5C0B6BD /* Release */ = {
			isa = XCBuildConfiguration;
			buildSettings = {
				ALWAYS_SEARCH_USER_PATHS = NO;
				ASSETCATALOG_COMPILER_GENERATE_ASSET_SYMBOLS = YES;
				CLANG_ANALYZER_NONNULL = YES;
				CLANG_ANALYZER_NUMBER_OBJECT_CONVERSION = YES_AGGRESSIVE;
				CLANG_CXX_LANGUAGE_STANDARD = "gnu++14";
				CLANG_CXX_LIBRARY = "libc++";
				CLANG_ENABLE_MODULES = YES;
				CLANG_ENABLE_OBJC_ARC = YES;
				CLANG_ENABLE_OBJC_WEAK = YES;
				CLANG_WARN_BLOCK_CAPTURE_AUTORELEASING = YES;
				CLANG_WARN_BOOL_CONVERSION = YES;
				CLANG_WARN_COMMA = YES;
				CLANG_WARN_CONSTANT_CONVERSION = YES;
				CLANG_WARN_DEPRECATED_OBJC_IMPLEMENTATIONS = YES;
				CLANG_WARN_DIRECT_OBJC_ISA_USAGE = YES_ERROR;
				CLANG_WARN_DOCUMENTATION_COMMENTS = YES;
				CLANG_WARN_EMPTY_BODY = YES;
				CLANG_WARN_ENUM_CONVERSION = YES;
				CLANG_WARN_INFINITE_RECURSION = YES;
				CLANG_WARN_INT_CONVERSION = YES;
				CLANG_WARN_NON_LITERAL_NULL_CONVERSION = YES;
				CLANG_WARN_OBJC_IMPLICIT_RETAIN_SELF = YES;
				CLANG_WARN_OBJC_LITERAL_CONVERSION = YES;
				CLANG_WARN_OBJC_ROOT_CLASS = YES_ERROR;
				CLANG_WARN_QUOTED_INCLUDE_IN_FRAMEWORK_HEADER = YES;
				CLANG_WARN_RANGE_LOOP_ANALYSIS = YES;
				CLANG_WARN_STRICT_PROTOTYPES = YES;
				CLANG_WARN_SUSPICIOUS_MOVE = YES;
				CLANG_WARN_UNGUARDED_AVAILABILITY = YES_AGGRESSIVE;
				CLANG_WARN_UNREACHABLE_CODE = YES;
				CLANG_WARN__DUPLICATE_METHOD_MATCH = YES;
				COPY_PHASE_STRIP = NO;
				DEAD_CODE_STRIPPING = YES;
				DEBUG_INFORMATION_FORMAT = "dwarf-with-dsym";
				ENABLE_NS_ASSERTIONS = NO;
				ENABLE_STRICT_OBJC_MSGSEND = YES;
				ENABLE_USER_SCRIPT_SANDBOXING = YES;
				GCC_C_LANGUAGE_STANDARD = gnu11;
				GCC_NO_COMMON_BLOCKS = YES;
				GCC_WARN_64_TO_32_BIT_CONVERSION = YES;
				GCC_WARN_ABOUT_RETURN_TYPE = YES_ERROR;
				GCC_WARN_UNDECLARED_SELECTOR = YES;
				GCC_WARN_UNINITIALIZED_AUTOS = YES_AGGRESSIVE;
				GCC_WARN_UNUSED_FUNCTION = YES;
				GCC_WARN_UNUSED_VARIABLE = YES;
				MACOSX_DEPLOYMENT_TARGET = 14.6;
				MTL_ENABLE_DEBUG_INFO = NO;
				MTL_FAST_MATH = YES;
				PRODUCT_NAME = "$(TARGET_NAME)";
				SDKROOT = macosx;
				SWIFT_COMPILATION_MODE = wholemodule;
				SWIFT_OPTIMIZATION_LEVEL = "-O";
				SWIFT_VERSION = 5.0;
			};
			name = Release;
		};
		302DC4462EB121CA425A8E33 /* Debug */ = {
			isa = XCBuildConfiguration;
			buildSettings = {
				ASSETCATALOG_COMPILER_APPICON_NAME = AppIcon;
				COMBINE_HIDPI_IMAGES = YES;
				INFOPLIST_FILE = GitClient/Info.plist;
				LD_RUNPATH_SEARCH_PATHS = (
					"$(inherited)",
					"@executable_path/../Frameworks",
				);
				PRODUCT_BUNDLE_IDENTIFIER = com.maoyama.GitClient;
				SDKROOT = macosx;
			};
			name = Debug;
		};
		5B0462657EB1B4D8547D0CB8 /* Release */ = {
			isa = XCBuildConfiguration;
			buildSettings = {
				BUNDLE_LOADER = "$(TEST_HOST)";
				COMBINE_HIDPI_IMAGES = YES;
				LD_RUNPATH_SEARCH_PATHS = (
					"$(inherited)",
					"@executable_path/../Frameworks",
					"@loader_path/../Frameworks",
				);
				PRODUCT_BUNDLE_IDENTIFIER = com.maoyama.GitClientTests;
				SDKROOT = macosx;
				TEST_HOST = "$(BUILT_PRODUCTS_DIR)/GitClient.app/Contents/MacOS/GitClient";
			};
			name = Release;
		};
		BED20BD25CC5DD2C78681B8E /* Release */ = {
			isa = XCBuildConfiguration;
			buildSettings = {
				ASSETCATALOG_COMPILER_APPICON_NAME = AppIcon;
				COMBINE_HIDPI_IMAGES = YES;
				INFOPLIST_FILE = GitClient/Info.plist;
				LD_RUNPATH_SEARCH_PATHS = (
					"$(inherited)",
					"@executable_path/../Frameworks",
				);
				PRODUCT_BUNDLE_IDENTIFIER = com.maoyama.GitClient;
				SDKROOT = macosx;
			};
			name = Release;
		};
		FA787125B0DB8A20C0BBB561 /* Debug */ = {
			isa = XCBuildConfiguration;
			buildSettings = {
				ALWAYS_SEARCH_USER_PATHS = NO;
				ASSETCATALOG_COMPILER_GENERATE_ASSET_SYMBOLS = YES;
				CLANG_ANALYZER_NONNULL = YES;
				CLANG_ANALYZER_NUMBER_OBJECT_CONVERSION = YES_AGGRESSIVE;
				CLANG_CXX_LANGUAGE_STANDARD = "gnu++14";
				CLANG_CXX_LIBRARY = "libc++";
				CLANG_ENABLE_MODULES = YES;
				CLANG_ENABLE_OBJC_ARC = YES;
				CLANG_ENABLE_OBJC_WEAK = YES;
				CLANG_WARN_BLOCK_CAPTURE_AUTORELEASING = YES;
				CLANG_WARN_BOOL_CONVERSION = YES;
				CLANG_WARN_COMMA = YES;
				CLANG_WARN_CONSTANT_CONVERSION = YES;
				CLANG_WARN_DEPRECATED_OBJC_IMPLEMENTATIONS = YES;
				CLANG_WARN_DIRECT_OBJC_ISA_USAGE = YES_ERROR;
				CLANG_WARN_DOCUMENTATION_COMMENTS = YES;
				CLANG_WARN_EMPTY_BODY = YES;
				CLANG_WARN_ENUM_CONVERSION = YES;
				CLANG_WARN_INFINITE_RECURSION = YES;
				CLANG_WARN_INT_CONVERSION = YES;
				CLANG_WARN_NON_LITERAL_NULL_CONVERSION = YES;
				CLANG_WARN_OBJC_IMPLICIT_RETAIN_SELF = YES;
				CLANG_WARN_OBJC_LITERAL_CONVERSION = YES;
				CLANG_WARN_OBJC_ROOT_CLASS = YES_ERROR;
				CLANG_WARN_QUOTED_INCLUDE_IN_FRAMEWORK_HEADER = YES;
				CLANG_WARN_RANGE_LOOP_ANALYSIS = YES;
				CLANG_WARN_STRICT_PROTOTYPES = YES;
				CLANG_WARN_SUSPICIOUS_MOVE = YES;
				CLANG_WARN_UNGUARDED_AVAILABILITY = YES_AGGRESSIVE;
				CLANG_WARN_UNREACHABLE_CODE = YES;
				CLANG_WARN__DUPLICATE_METHOD_MATCH = YES;
				COPY_PHASE_STRIP = NO;
				DEAD_CODE_STRIPPING = YES;
				DEBUG_INFORMATION_FORMAT = dwarf;
				ENABLE_STRICT_OBJC_MSGSEND = YES;
				ENABLE_TESTABILITY = YES;
				ENABLE_USER_SCRIPT_SANDBOXING = YES;
				GCC_C_LANGUAGE_STANDARD = gnu11;
				GCC_DYNAMIC_NO_PIC = NO;
				GCC_NO_COMMON_BLOCKS = YES;
				GCC_OPTIMIZATION_LEVEL = 0;
				GCC_PREPROCESSOR_DEFINITIONS = (
					"$(inherited)",
					"DEBUG=1",
				);
				GCC_WARN_64_TO_32_BIT_CONVERSION = YES;
				GCC_WARN_ABOUT_RETURN_TYPE = YES_ERROR;
				GCC_WARN_UNDECLARED_SELECTOR = YES;
				GCC_WARN_UNINITIALIZED_AUTOS = YES_AGGRESSIVE;
				GCC_WARN_UNUSED_FUNCTION = YES;
				GCC_WARN_UNUSED_VARIABLE = YES;
				MACOSX_DEPLOYMENT_TARGET = 14.6;
				MTL_ENABLE_DEBUG_INFO = INCLUDE_SOURCE;
				MTL_FAST_MATH = YES;
				ONLY_ACTIVE_ARCH = YES;
				PRODUCT_NAME = "$(TARGET_NAME)";
				SDKROOT = macosx;
				SWIFT_ACTIVE_COMPILATION_CONDITIONS = DEBUG;
				SWIFT_OPTIMIZATION_LEVEL = "-Onone";
				SWIFT_VERSION = 5.0;
			};
			name = Debug;
		};
/* End XCBuildConfiguration section */

/* Begin XCConfigurationList section */
		542CD55463ED97A012933862 /* Build configuration list for PBXNativeTarget "GitClientTests" */ = {
			isa = XCConfigurationList;
			buildConfigurations = (
				00E68CCF7A40C92D5BBCFBB3 /* Debug */,
				5B0462657EB1B4D8547D0CB8 /* Release */,
			);
			defaultConfigurationIsVisible = 0;
			defaultConfigurationName = Debug;
		};
		BDA9D220A75F34E0C9B0FF46 /* Build configuration list for PBXNativeTarget "GitClient" */ = {
			isa = XCConfigurationList;
			buildConfigurations = (
				302DC4462EB121CA425A8E33 /* Debug */,
				BED20BD25CC5DD2C78681B8E /* Release */,
			);
			defaultConfigurationIsVisible = 0;
			defaultConfigurationName = Debug;
		};
		EB3CBC185B83723E1662C798 /* Build configuration list for PBXProject "GitClient" */ = {
			isa = XCConfigurationList;
			buildConfigurations = (
				FA787125B0DB8A20C0BBB561 /* Debug */,
				1D74AD28BAC430C7F5C0B6BD /* Release */,
			);
			defaultConfigurationIsVisible = 0;
			defaultConfigurationName = Debug;
		};
/* End XCConfigurationList section */

/* Begin XCRemoteSwiftPackageReference section */
		608208D71698C88906E68E56 /* XCRemoteSwiftPackageReference "Sourceful" */ = {
			isa = XCRemoteSwiftPackageReference;
			repositoryURL = "https://github.com/maoyama/Sourceful";
			requirement = {
				kind = upToNextMajorVersion;
				minimumVersion = 1.0.0;
			};
		};
		C6C4B9254DCD7D48D4549F7A /* XCRemoteSwiftPackageReference "Defaults" */ = {
			isa = XCRemoteSwiftPackageReference;
			repositoryURL = "https://github.com/sindresorhus/Defaults";
			requirement = {
				kind = upToNextMajorVersion;
				minimumVersion = 8.2.0;
			};
		};
/* End XCRemoteSwiftPackageReference section */

/* Begin XCSwiftPackageProductDependency section */
		8F55295D85BCBD507EF0F4C2 /* Sourceful */ = {
			isa = XCSwiftPackageProductDependency;
			package = 608208D71698C88906E68E56 /* XCRemoteSwiftPackageReference "Sourceful" */;
			productName = Sourceful;
		};
		91BCB0428E32B332C4D02F5E /* Defaults */ = {
			isa = XCSwiftPackageProductDependency;
			package = C6C4B9254DCD7D48D4549F7A /* XCRemoteSwiftPackageReference "Defaults" */;
			productName = Defaults;
		};
/* End XCSwiftPackageProductDependency section */
	};
	rootObject = B5FF4C316376F124281BC395 /* Project object */;
}
