{
  "originHash" : "e1dd0d2dea9847dcb776e4a5120c89390c001d0553606690bb57dbc7e196d5de",
  "pins" : [
    {
      "identity" : "keychainaccess",
      "kind" : "remoteSourceControl",
      "location" : "https://github.com/kishikawakatsumi/KeychainAccess",
      "state" : {
        "revision" : "84e546727d66f1adc5439debad16270d0fdd04e7",
        "version" : "4.2.2"
      }
    },
    {
      "identity" : "sourceful",
      "kind" : "remoteSourceControl",
      "location" : "https://github.com/maoyama/Sourceful",
      "state" : {
        "revision" : "d3c59eee624e55969648b0e88dc4bd60c0e83363",
        "version" : "1.0.0"
      }
    }
  ],
  "version" : 3
}
