{
  "originHash" : "7e8c9c18dad0d0f081701a2a1f9b0dc04b2fbe3651de6ecb0d5fdbd6329be445",
  "pins" : [
    {
      "identity" : "defaults",
      "kind" : "remoteSourceControl",
      "location" : "https://github.com/sindresorhus/Defaults",
      "state" : {
        "revision" : "38925e3cfacf3fb89a81a35b1cd44fd5a5b7e0fa",
        "version" : "8.2.0"
      }
    },
    {
      "identity" : "sourceful",
      "kind" : "remoteSourceControl",
      "location" : "https://github.com/maoyama/Sourceful",
      "state" : {
        "revision" : "78e6a1ba197cf1c409d739633e3bec8084c87723",
        "version" : "1.1.0"
      }
    }
  ],
  "version" : 3
}
